{
  "pins" : [
    {
      "identity" : "keychainaccess",
      "kind" : "remoteSourceControl",
      "location" : "https://github.com/kishikawakatsumi/KeychainAccess.git",
      "state" : {
        "revision" : "8d33ffd6f74b3bcfc99af759d4204c6395a3f918",
        "version" : "3.2.1"
      }
    },
    {
      "identity" : "navajo-swift",
      "kind" : "remoteSourceControl",
      "location" : "https://github.com/Wistas23/Navajo-Swift.git",
      "state" : {
        "revision" : "2ae2a9beb8165284b0bf2ace69b0be1ce2661ad4",
        "version" : "2.1.2"
      }
    }
  ],
  "version" : 2
}
