// !$*UTF8*$!
{
	archiveVersion = 1;
	classes = {
	};
	objectVersion = 56;
	objects = {

/* Begin PBXBuildFile section */
		5C0A8518289E4A4400914746 /* SidebarView.swift in Sources */ = {isa = PBXBuildFile; fileRef = 5C0A8516289E4A4400914746 /* SidebarView.swift */; };
		5C0A8519289E4A4400914746 /* SidebarView.swift in Sources */ = {isa = PBXBuildFile; fileRef = 5C0A8516289E4A4400914746 /* SidebarView.swift */; };
		5C0A8524289E4C6200914746 /* MainContentView.swift in Sources */ = {isa = PBXBuildFile; fileRef = 5C0A8522289E4C6200914746 /* MainContentView.swift */; };
		5C0A8525289E4C6200914746 /* MainContentView.swift in Sources */ = {isa = PBXBuildFile; fileRef = 5C0A8522289E4C6200914746 /* MainContentView.swift */; };
		5C1A22E8286960D000AA2636 /* ContentView.swift in Sources */ = {isa = PBXBuildFile; fileRef = 5C75827428695DA1001D0C93 /* ContentView.swift */; };
		5C1A22E9286960D000AA2636 /* RemoteProctoringApp.swift in Sources */ = {isa = PBXBuildFile; fileRef = 5C75827228695DA1001D0C93 /* RemoteProctoringApp.swift */; };
		5C1A22EC286960D000AA2636 /* Preview Assets.xcassets in Resources */ = {isa = PBXBuildFile; fileRef = 5C75827A28695DA6001D0C93 /* Preview Assets.xcassets */; };
		5C1A22ED286960D000AA2636 /* Assets.xcassets in Resources */ = {isa = PBXBuildFile; fileRef = 5C75827628695DA6001D0C93 /* Assets.xcassets */; };
		5C24AE0428AC590D00493E9E /* LiveKit in Frameworks */ = {isa = PBXBuildFile; productRef = 5C24AE0328AC590D00493E9E /* LiveKit */; };
		5C24AE0628AC595E00493E9E /* LiveKit in Frameworks */ = {isa = PBXBuildFile; productRef = 5C24AE0528AC595E00493E9E /* LiveKit */; };
		5C2545A528A7F5AB00BF2FC4 /* RecentActivityView.swift in Sources */ = {isa = PBXBuildFile; fileRef = 5C2545A328A7F5AB00BF2FC4 /* RecentActivityView.swift */; };
		5C2545A628A7F5AB00BF2FC4 /* RecentActivityView.swift in Sources */ = {isa = PBXBuildFile; fileRef = 5C2545A328A7F5AB00BF2FC4 /* RecentActivityView.swift */; };
		5C2545A928A7F7D100BF2FC4 /* Activity.swift in Sources */ = {isa = PBXBuildFile; fileRef = 5C2545A728A7F7D100BF2FC4 /* Activity.swift */; };
		5C2545AA28A7F7D100BF2FC4 /* Activity.swift in Sources */ = {isa = PBXBuildFile; fileRef = 5C2545A728A7F7D100BF2FC4 /* Activity.swift */; };
		5C2545AD28A7F81D00BF2FC4 /* ActivityType.swift in Sources */ = {isa = PBXBuildFile; fileRef = 5C2545AB28A7F81D00BF2FC4 /* ActivityType.swift */; };
		5C2545AE28A7F81D00BF2FC4 /* ActivityType.swift in Sources */ = {isa = PBXBuildFile; fileRef = 5C2545AB28A7F81D00BF2FC4 /* ActivityType.swift */; };
		5C523C0928AE835D00A181FB /* UserItemView.swift in Sources */ = {isa = PBXBuildFile; fileRef = 5C523C0828AE835D00A181FB /* UserItemView.swift */; };
		5C523C0A28AE835D00A181FB /* UserItemView.swift in Sources */ = {isa = PBXBuildFile; fileRef = 5C523C0828AE835D00A181FB /* UserItemView.swift */; };
		5C523C0C28AE8F7900A181FB /* ActivityItemView.swift in Sources */ = {isa = PBXBuildFile; fileRef = 5C523C0B28AE8F7900A181FB /* ActivityItemView.swift */; };
		5C523C0D28AE8F7900A181FB /* ActivityItemView.swift in Sources */ = {isa = PBXBuildFile; fileRef = 5C523C0B28AE8F7900A181FB /* ActivityItemView.swift */; };
		5C523C0F28AE914400A181FB /* SuggestionsView.swift in Sources */ = {isa = PBXBuildFile; fileRef = 5C523C0E28AE914400A181FB /* SuggestionsView.swift */; };
		5C523C1028AE914400A181FB /* SuggestionsView.swift in Sources */ = {isa = PBXBuildFile; fileRef = 5C523C0E28AE914400A181FB /* SuggestionsView.swift */; };
		5C523C1228AE916900A181FB /* UsersListView.swift in Sources */ = {isa = PBXBuildFile; fileRef = 5C523C1128AE916900A181FB /* UsersListView.swift */; };
		5C523C1328AE916900A181FB /* UsersListView.swift in Sources */ = {isa = PBXBuildFile; fileRef = 5C523C1128AE916900A181FB /* UsersListView.swift */; };
		5C5DDD60289A91EC00A98073 /* loginEmail.graphql in Resources */ = {isa = PBXBuildFile; fileRef = 5C5DDD5E289A91EC00A98073 /* loginEmail.graphql */; };
		5C5DDD61289A91EC00A98073 /* loginEmail.graphql in Resources */ = {isa = PBXBuildFile; fileRef = 5C5DDD5E289A91EC00A98073 /* loginEmail.graphql */; };
		5C5DDD64289A921200A98073 /* loginUsername.graphql in Resources */ = {isa = PBXBuildFile; fileRef = 5C5DDD62289A921200A98073 /* loginUsername.graphql */; };
		5C5DDD65289A921200A98073 /* loginUsername.graphql in Resources */ = {isa = PBXBuildFile; fileRef = 5C5DDD62289A921200A98073 /* loginUsername.graphql */; };
		5C60BEB428AAFE87009A949C /* Injectionlll.swift in Sources */ = {isa = PBXBuildFile; fileRef = 5C60BEB228AAFE87009A949C /* Injectionlll.swift */; };
		5C60BEB528AAFE87009A949C /* Injectionlll.swift in Sources */ = {isa = PBXBuildFile; fileRef = 5C60BEB228AAFE87009A949C /* Injectionlll.swift */; };
		5C9BC29B28AAAD1800355D1D /* ExamRoomView.swift in Sources */ = {isa = PBXBuildFile; fileRef = 5C9BC29628AAAD1800355D1D /* ExamRoomView.swift */; };
		5C9BC29C28AAAD1800355D1D /* ExamRoomView.swift in Sources */ = {isa = PBXBuildFile; fileRef = 5C9BC29628AAAD1800355D1D /* ExamRoomView.swift */; };
		5C9BC2A328AAAD2100355D1D /* Preferences.swift in Sources */ = {isa = PBXBuildFile; fileRef = 5C9BC29D28AAAD2100355D1D /* Preferences.swift */; };
		5C9BC2A428AAAD2100355D1D /* Preferences.swift in Sources */ = {isa = PBXBuildFile; fileRef = 5C9BC29D28AAAD2100355D1D /* Preferences.swift */; };
		5C9BC2A628AAAD2100355D1D /* RoomMessage.swift in Sources */ = {isa = PBXBuildFile; fileRef = 5C9BC29E28AAAD2100355D1D /* RoomMessage.swift */; };
		5C9BC2A728AAAD2100355D1D /* RoomMessage.swift in Sources */ = {isa = PBXBuildFile; fileRef = 5C9BC29E28AAAD2100355D1D /* RoomMessage.swift */; };
		5C9BC2A928AAAD2100355D1D /* ObservableParticipant.swift in Sources */ = {isa = PBXBuildFile; fileRef = 5C9BC29F28AAAD2100355D1D /* ObservableParticipant.swift */; };
		5C9BC2AA28AAAD2100355D1D /* ObservableParticipant.swift in Sources */ = {isa = PBXBuildFile; fileRef = 5C9BC29F28AAAD2100355D1D /* ObservableParticipant.swift */; };
		5C9BC2AC28AAAD2100355D1D /* RoomContext.swift in Sources */ = {isa = PBXBuildFile; fileRef = 5C9BC2A028AAAD2100355D1D /* RoomContext.swift */; };
		5C9BC2AD28AAAD2100355D1D /* RoomContext.swift in Sources */ = {isa = PBXBuildFile; fileRef = 5C9BC2A028AAAD2100355D1D /* RoomContext.swift */; };
		5C9BC2AF28AAAD2200355D1D /* ExamObservableRoom.swift in Sources */ = {isa = PBXBuildFile; fileRef = 5C9BC2A128AAAD2100355D1D /* ExamObservableRoom.swift */; };
		5C9BC2B028AAAD2200355D1D /* ExamObservableRoom.swift in Sources */ = {isa = PBXBuildFile; fileRef = 5C9BC2A128AAAD2100355D1D /* ExamObservableRoom.swift */; };
		5C9BC2B328AAAE9A00355D1D /* ExamRoomViewSupporting.swift in Sources */ = {isa = PBXBuildFile; fileRef = 5C9BC2B128AAAE9A00355D1D /* ExamRoomViewSupporting.swift */; };
		5C9BC2B428AAAE9A00355D1D /* ExamRoomViewSupporting.swift in Sources */ = {isa = PBXBuildFile; fileRef = 5C9BC2B128AAAE9A00355D1D /* ExamRoomViewSupporting.swift */; };
		5C9BC2B728AABB5200355D1D /* ExamParticipantView.swift in Sources */ = {isa = PBXBuildFile; fileRef = 5C9BC2B528AABB5100355D1D /* ExamParticipantView.swift */; };
		5C9BC2B828AABB5200355D1D /* ExamParticipantView.swift in Sources */ = {isa = PBXBuildFile; fileRef = 5C9BC2B528AABB5100355D1D /* ExamParticipantView.swift */; };
		5C9BC2BC28AABB7200355D1D /* ProctorViewSupporting+ParticipantLayout.swift in Sources */ = {isa = PBXBuildFile; fileRef = 5C9BC2B928AABB7000355D1D /* ProctorViewSupporting+ParticipantLayout.swift */; };
		5C9BC2BD28AABB7200355D1D /* ProctorViewSupporting+ParticipantLayout.swift in Sources */ = {isa = PBXBuildFile; fileRef = 5C9BC2B928AABB7000355D1D /* ProctorViewSupporting+ParticipantLayout.swift */; };
		5C9BC2BF28AABB7200355D1D /* ProctorViewSupporting.swift in Sources */ = {isa = PBXBuildFile; fileRef = 5C9BC2BA28AABB7100355D1D /* ProctorViewSupporting.swift */; };
		5C9BC2C028AABB7200355D1D /* ProctorViewSupporting.swift in Sources */ = {isa = PBXBuildFile; fileRef = 5C9BC2BA28AABB7100355D1D /* ProctorViewSupporting.swift */; };
		5C9C0A3F286976160040C53C /* Network.swift in Sources */ = {isa = PBXBuildFile; fileRef = 5C9C0A3D286976160040C53C /* Network.swift */; };
		5C9C0A4628697DD50040C53C /* ContentView.swift in Sources */ = {isa = PBXBuildFile; fileRef = 5C75827428695DA1001D0C93 /* ContentView.swift */; };
		5C9C0A4828697DD50040C53C /* Network.swift in Sources */ = {isa = PBXBuildFile; fileRef = 5C9C0A3D286976160040C53C /* Network.swift */; };
		5C9C0A4928697DD50040C53C /* RemoteProctoringApp.swift in Sources */ = {isa = PBXBuildFile; fileRef = 5C75827228695DA1001D0C93 /* RemoteProctoringApp.swift */; };
		5C9C0A5028697DD50040C53C /* Preview Assets.xcassets in Resources */ = {isa = PBXBuildFile; fileRef = 5C75827A28695DA6001D0C93 /* Preview Assets.xcassets */; };
		5C9C0A5128697DD50040C53C /* Assets.xcassets in Resources */ = {isa = PBXBuildFile; fileRef = 5C75827628695DA6001D0C93 /* Assets.xcassets */; };
		5C9C0A59286981010040C53C /* Launch Screen.storyboard in Resources */ = {isa = PBXBuildFile; fileRef = 5C9C0A57286981010040C53C /* Launch Screen.storyboard */; };
		5C9C0A612869DED70040C53C /* MainView.swift in Sources */ = {isa = PBXBuildFile; fileRef = 5C9C0A5F2869DED70040C53C /* MainView.swift */; };
		5C9C0A622869DED70040C53C /* MainView.swift in Sources */ = {isa = PBXBuildFile; fileRef = 5C9C0A5F2869DED70040C53C /* MainView.swift */; };
		5C9C3BB0286D92BD005CCA92 /* RegisterView.swift in Sources */ = {isa = PBXBuildFile; fileRef = 5C9C3BAE286D92BD005CCA92 /* RegisterView.swift */; };
		5C9C3BB1286D92BD005CCA92 /* RegisterView.swift in Sources */ = {isa = PBXBuildFile; fileRef = 5C9C3BAE286D92BD005CCA92 /* RegisterView.swift */; };
		5C9EF59F28CE86760081B26A /* Neumorphic in Frameworks */ = {isa = PBXBuildFile; productRef = 5C9EF59E28CE86760081B26A /* Neumorphic */; };
		5C9EF5A228CE89630081B26A /* AnimatableGradients in Frameworks */ = {isa = PBXBuildFile; productRef = 5C9EF5A128CE89630081B26A /* AnimatableGradients */; };
		5C9EF5A428CE9F4F0081B26A /* ErrorView.swift in Sources */ = {isa = PBXBuildFile; fileRef = 5C9EF5A328CE9F4F0081B26A /* ErrorView.swift */; };
		5C9EF5A528CE9F4F0081B26A /* ErrorView.swift in Sources */ = {isa = PBXBuildFile; fileRef = 5C9EF5A328CE9F4F0081B26A /* ErrorView.swift */; };
		5CA65DE628AD6F0D00624780 /* Apollo in Frameworks */ = {isa = PBXBuildFile; productRef = 5CA65DE528AD6F0D00624780 /* Apollo */; };
		5CA65DE828AD6F0D00624780 /* ApolloSQLite in Frameworks */ = {isa = PBXBuildFile; productRef = 5CA65DE728AD6F0D00624780 /* ApolloSQLite */; };
		5CA65DEA28AD6F0D00624780 /* ApolloWebSocket in Frameworks */ = {isa = PBXBuildFile; productRef = 5CA65DE928AD6F0D00624780 /* ApolloWebSocket */; };
		5CA65DEC28AD6F1E00624780 /* Apollo in Frameworks */ = {isa = PBXBuildFile; productRef = 5CA65DEB28AD6F1E00624780 /* Apollo */; };
		5CA65DEE28AD6F1E00624780 /* ApolloSQLite in Frameworks */ = {isa = PBXBuildFile; productRef = 5CA65DED28AD6F1E00624780 /* ApolloSQLite */; };
		5CA65DF028AD6F1F00624780 /* ApolloWebSocket in Frameworks */ = {isa = PBXBuildFile; productRef = 5CA65DEF28AD6F1F00624780 /* ApolloWebSocket */; };
		5CADAB91289ED8B200120268 /* UsersView.swift in Sources */ = {isa = PBXBuildFile; fileRef = 5CADAB8F289ED8B200120268 /* UsersView.swift */; };
		5CADAB92289ED8B200120268 /* UsersView.swift in Sources */ = {isa = PBXBuildFile; fileRef = 5CADAB8F289ED8B200120268 /* UsersView.swift */; };
		5CAE631828A516E4006B33DF /* Promises in Frameworks */ = {isa = PBXBuildFile; productRef = 5CAE631728A516E4006B33DF /* Promises */; };
		5CAE631A28A51700006B33DF /* Promises in Frameworks */ = {isa = PBXBuildFile; productRef = 5CAE631928A51700006B33DF /* Promises */; };
		5CD6ECA0286F48480059BEB7 /* Navajo-Swift in Frameworks */ = {isa = PBXBuildFile; productRef = 5CD6EC9F286F48480059BEB7 /* Navajo-Swift */; };
		5CD6ECA2286F48540059BEB7 /* Navajo-Swift in Frameworks */ = {isa = PBXBuildFile; productRef = 5CD6ECA1286F48540059BEB7 /* Navajo-Swift */; };
		5CE2D10728AC43F50022DFFE /* Collections in Frameworks */ = {isa = PBXBuildFile; productRef = 5CE2D10628AC43F50022DFFE /* Collections */; };
		5CE2D10928AC43F50022DFFE /* DequeModule in Frameworks */ = {isa = PBXBuildFile; productRef = 5CE2D10828AC43F50022DFFE /* DequeModule */; };
		5CE2D10B28AC43F50022DFFE /* OrderedCollections in Frameworks */ = {isa = PBXBuildFile; productRef = 5CE2D10A28AC43F50022DFFE /* OrderedCollections */; };
		5CE8717C28D08619005DD532 /* Neumorphic in Frameworks */ = {isa = PBXBuildFile; productRef = 5CE8717B28D08619005DD532 /* Neumorphic */; };
		5CE8718428D09120005DD532 /* UserFragment.graphql in Resources */ = {isa = PBXBuildFile; fileRef = 5CE8718328D09120005DD532 /* UserFragment.graphql */; };
		5CE8718528D09120005DD532 /* UserFragment.graphql in Resources */ = {isa = PBXBuildFile; fileRef = 5CE8718328D09120005DD532 /* UserFragment.graphql */; };
		5CE8718728D0912F005DD532 /* LoginResponseFragment.graphql in Resources */ = {isa = PBXBuildFile; fileRef = 5CE8718628D0912E005DD532 /* LoginResponseFragment.graphql */; };
		5CE8718828D0912F005DD532 /* LoginResponseFragment.graphql in Resources */ = {isa = PBXBuildFile; fileRef = 5CE8718628D0912E005DD532 /* LoginResponseFragment.graphql */; };
		5CE8718A28D0913B005DD532 /* QueryResponseFragment.graphql in Resources */ = {isa = PBXBuildFile; fileRef = 5CE8718928D0913A005DD532 /* QueryResponseFragment.graphql */; };
		5CE8718B28D0913B005DD532 /* QueryResponseFragment.graphql in Resources */ = {isa = PBXBuildFile; fileRef = 5CE8718928D0913A005DD532 /* QueryResponseFragment.graphql */; };
		5CE900C2286D655D00045E6E /* KeychainAccess in Frameworks */ = {isa = PBXBuildFile; productRef = 5CE900C1286D655D00045E6E /* KeychainAccess */; };
		5CE900C4286D656300045E6E /* KeychainAccess in Frameworks */ = {isa = PBXBuildFile; productRef = 5CE900C3286D656300045E6E /* KeychainAccess */; };
		5CE95E3E289806700041BBCC /* RegisterViewSupporting.swift in Sources */ = {isa = PBXBuildFile; fileRef = 5CE95E3C2898066E0041BBCC /* RegisterViewSupporting.swift */; };
		5CE95E3F289806710041BBCC /* RegisterViewSupporting.swift in Sources */ = {isa = PBXBuildFile; fileRef = 5CE95E3C2898066E0041BBCC /* RegisterViewSupporting.swift */; };
		5CEC193C28CDBE5300851ECE /* EffectView.swift in Sources */ = {isa = PBXBuildFile; fileRef = 5CEC193B28CDBE5300851ECE /* EffectView.swift */; };
		5CEC193D28CDBE5300851ECE /* EffectView.swift in Sources */ = {isa = PBXBuildFile; fileRef = 5CEC193B28CDBE5300851ECE /* EffectView.swift */; };
		5CEE5A9D287176AC005A259A /* UserManagementInterceptor.swift in Sources */ = {isa = PBXBuildFile; fileRef = 5CEE5A9B287176AC005A259A /* UserManagementInterceptor.swift */; };
		5CEE5A9E287176AC005A259A /* UserManagementInterceptor.swift in Sources */ = {isa = PBXBuildFile; fileRef = 5CEE5A9B287176AC005A259A /* UserManagementInterceptor.swift */; };
		5CEE5AA128717F50005A259A /* RequestLoggingInterceptor.swift in Sources */ = {isa = PBXBuildFile; fileRef = 5CEE5A9F28717F50005A259A /* RequestLoggingInterceptor.swift */; };
		5CEE5AA228717F50005A259A /* RequestLoggingInterceptor.swift in Sources */ = {isa = PBXBuildFile; fileRef = 5CEE5A9F28717F50005A259A /* RequestLoggingInterceptor.swift */; };
		5CEEC18F28968E7D001BD64C /* AuthFormSupporting.swift in Sources */ = {isa = PBXBuildFile; fileRef = 5CEEC18D28968E7D001BD64C /* AuthFormSupporting.swift */; };
		5CEEC19028968E7D001BD64C /* AuthFormSupporting.swift in Sources */ = {isa = PBXBuildFile; fileRef = 5CEEC18D28968E7D001BD64C /* AuthFormSupporting.swift */; };
		5CEEC19328968F1B001BD64C /* SigninView.swift in Sources */ = {isa = PBXBuildFile; fileRef = 5CEEC19128968F1B001BD64C /* SigninView.swift */; };
		5CEEC19428968F1B001BD64C /* SigninView.swift in Sources */ = {isa = PBXBuildFile; fileRef = 5CEEC19128968F1B001BD64C /* SigninView.swift */; };
		5CF2A5C32893B3B50080A8A4 /* User.swift in Sources */ = {isa = PBXBuildFile; fileRef = 5CF2A5C12893B3B50080A8A4 /* User.swift */; };
		5CF2A5C42893B3B50080A8A4 /* User.swift in Sources */ = {isa = PBXBuildFile; fileRef = 5CF2A5C12893B3B50080A8A4 /* User.swift */; };
		5CF2A5C92893BAA60080A8A4 /* UnauthenticatedView.swift in Sources */ = {isa = PBXBuildFile; fileRef = 5CF2A5C72893BAA60080A8A4 /* UnauthenticatedView.swift */; };
		5CF2A5CA2893BAA60080A8A4 /* UnauthenticatedView.swift in Sources */ = {isa = PBXBuildFile; fileRef = 5CF2A5C72893BAA60080A8A4 /* UnauthenticatedView.swift */; };
		5CF2A5CD2893E42C0080A8A4 /* register.graphql in Resources */ = {isa = PBXBuildFile; fileRef = 5CF2A5CB2893E42C0080A8A4 /* register.graphql */; };
		5CF2A5CE2893E42C0080A8A4 /* register.graphql in Resources */ = {isa = PBXBuildFile; fileRef = 5CF2A5CB2893E42C0080A8A4 /* register.graphql */; };
		5CF2A5D12893EDEC0080A8A4 /* API.swift in Sources */ = {isa = PBXBuildFile; fileRef = 5CF2A5CF2893EDEC0080A8A4 /* API.swift */; };
		5CF2A5D22893EDEC0080A8A4 /* API.swift in Sources */ = {isa = PBXBuildFile; fileRef = 5CF2A5CF2893EDEC0080A8A4 /* API.swift */; };
		5CF5017428C48F8C00D521A2 /* UserDetails+Hashable.swift in Sources */ = {isa = PBXBuildFile; fileRef = 5CF5017328C48F8C00D521A2 /* UserDetails+Hashable.swift */; };
		5CF5017528C48F8C00D521A2 /* UserDetails+Hashable.swift in Sources */ = {isa = PBXBuildFile; fileRef = 5CF5017328C48F8C00D521A2 /* UserDetails+Hashable.swift */; };
		5CF5017E28C4BA1100D521A2 /* ExamsView.swift in Sources */ = {isa = PBXBuildFile; fileRef = 5CF5017D28C4BA1100D521A2 /* ExamsView.swift */; };
		5CF5017F28C4BA1100D521A2 /* ExamsView.swift in Sources */ = {isa = PBXBuildFile; fileRef = 5CF5017D28C4BA1100D521A2 /* ExamsView.swift */; };
		5CF5018228C4CF8500D521A2 /* ExamSolutionView.swift in Sources */ = {isa = PBXBuildFile; fileRef = 5CF5018128C4CF8500D521A2 /* ExamSolutionView.swift */; };
		5CF5018328C4CF8500D521A2 /* ExamSolutionView.swift in Sources */ = {isa = PBXBuildFile; fileRef = 5CF5018128C4CF8500D521A2 /* ExamSolutionView.swift */; };
		5CF5018528C4D08E00D521A2 /* MCQView.swift in Sources */ = {isa = PBXBuildFile; fileRef = 5CF5018428C4D08E00D521A2 /* MCQView.swift */; };
		5CF5018628C4D08E00D521A2 /* MCQView.swift in Sources */ = {isa = PBXBuildFile; fileRef = 5CF5018428C4D08E00D521A2 /* MCQView.swift */; };
		5CF5018828C4D0A600D521A2 /* PDFPaperView.swift in Sources */ = {isa = PBXBuildFile; fileRef = 5CF5018728C4D0A600D521A2 /* PDFPaperView.swift */; };
		5CF5018928C4D0A600D521A2 /* PDFPaperView.swift in Sources */ = {isa = PBXBuildFile; fileRef = 5CF5018728C4D0A600D521A2 /* PDFPaperView.swift */; };
		5CF5018B28C4DDE200D521A2 /* ProctorExamView.swift in Sources */ = {isa = PBXBuildFile; fileRef = 5CF5018A28C4DDE200D521A2 /* ProctorExamView.swift */; };
		5CF5018C28C4DDE200D521A2 /* ProctorExamView.swift in Sources */ = {isa = PBXBuildFile; fileRef = 5CF5018A28C4DDE200D521A2 /* ProctorExamView.swift */; };
		5CFF57BC28AAE2EB0060B953 /* Collections in Frameworks */ = {isa = PBXBuildFile; productRef = 5CFF57BB28AAE2EB0060B953 /* Collections */; };
		5CFF57BE28AAE2EB0060B953 /* DequeModule in Frameworks */ = {isa = PBXBuildFile; productRef = 5CFF57BD28AAE2EB0060B953 /* DequeModule */; };
		5CFF57C028AAE2EB0060B953 /* OrderedCollections in Frameworks */ = {isa = PBXBuildFile; productRef = 5CFF57BF28AAE2EB0060B953 /* OrderedCollections */; };
/* End PBXBuildFile section */

/* Begin PBXCopyFilesBuildPhase section */
		5C38DDEF28ACAF270026131A /* Embed Foundation Extensions */ = {
			isa = PBXCopyFilesBuildPhase;
			buildActionMask = 2147483647;
			dstPath = "";
			dstSubfolderSpec = 13;
			files = (
			);
			name = "Embed Foundation Extensions";
			runOnlyForDeploymentPostprocessing = 0;
		};
/* End PBXCopyFilesBuildPhase section */

/* Begin PBXFileReference section */
		5C0A8516289E4A4400914746 /* SidebarView.swift */ = {isa = PBXFileReference; lastKnownFileType = sourcecode.swift; path = SidebarView.swift; sourceTree = "<group>"; };
		5C0A8522289E4C6200914746 /* MainContentView.swift */ = {isa = PBXFileReference; lastKnownFileType = sourcecode.swift; path = MainContentView.swift; sourceTree = "<group>"; };
		5C1A22F1286960D000AA2636 /* RemoteProctoring-macOS.app */ = {isa = PBXFileReference; explicitFileType = wrapper.application; includeInIndex = 0; path = "RemoteProctoring-macOS.app"; sourceTree = BUILT_PRODUCTS_DIR; };
		5C2545A328A7F5AB00BF2FC4 /* RecentActivityView.swift */ = {isa = PBXFileReference; lastKnownFileType = sourcecode.swift; path = RecentActivityView.swift; sourceTree = "<group>"; };
		5C2545A728A7F7D100BF2FC4 /* Activity.swift */ = {isa = PBXFileReference; lastKnownFileType = sourcecode.swift; path = Activity.swift; sourceTree = "<group>"; };
		5C2545AB28A7F81D00BF2FC4 /* ActivityType.swift */ = {isa = PBXFileReference; lastKnownFileType = sourcecode.swift; path = ActivityType.swift; sourceTree = "<group>"; };
		5C38DDDF28ACAF260026131A /* AuthenticationServices.framework */ = {isa = PBXFileReference; lastKnownFileType = wrapper.framework; name = AuthenticationServices.framework; path = System/Library/Frameworks/AuthenticationServices.framework; sourceTree = SDKROOT; };
		5C523C0828AE835D00A181FB /* UserItemView.swift */ = {isa = PBXFileReference; lastKnownFileType = sourcecode.swift; path = UserItemView.swift; sourceTree = "<group>"; };
		5C523C0B28AE8F7900A181FB /* ActivityItemView.swift */ = {isa = PBXFileReference; lastKnownFileType = sourcecode.swift; path = ActivityItemView.swift; sourceTree = "<group>"; };
		5C523C0E28AE914400A181FB /* SuggestionsView.swift */ = {isa = PBXFileReference; lastKnownFileType = sourcecode.swift; path = SuggestionsView.swift; sourceTree = "<group>"; };
		5C523C1128AE916900A181FB /* UsersListView.swift */ = {isa = PBXFileReference; lastKnownFileType = sourcecode.swift; path = UsersListView.swift; sourceTree = "<group>"; };
		5C5DDD5E289A91EC00A98073 /* loginEmail.graphql */ = {isa = PBXFileReference; lastKnownFileType = text; path = loginEmail.graphql; sourceTree = "<group>"; };
		5C5DDD62289A921200A98073 /* loginUsername.graphql */ = {isa = PBXFileReference; lastKnownFileType = text; path = loginUsername.graphql; sourceTree = "<group>"; };
		5C60BEB228AAFE87009A949C /* Injectionlll.swift */ = {isa = PBXFileReference; lastKnownFileType = sourcecode.swift; path = Injectionlll.swift; sourceTree = "<group>"; };
		5C75827228695DA1001D0C93 /* RemoteProctoringApp.swift */ = {isa = PBXFileReference; lastKnownFileType = sourcecode.swift; path = RemoteProctoringApp.swift; sourceTree = "<group>"; };
		5C75827428695DA1001D0C93 /* ContentView.swift */ = {isa = PBXFileReference; lastKnownFileType = sourcecode.swift; path = ContentView.swift; sourceTree = "<group>"; };
		5C75827628695DA6001D0C93 /* Assets.xcassets */ = {isa = PBXFileReference; lastKnownFileType = folder.assetcatalog; path = Assets.xcassets; sourceTree = "<group>"; };
		5C75827828695DA6001D0C93 /* RemoteProctoring.entitlements */ = {isa = PBXFileReference; lastKnownFileType = text.plist.entitlements; path = RemoteProctoring.entitlements; sourceTree = "<group>"; };
		5C75827A28695DA6001D0C93 /* Preview Assets.xcassets */ = {isa = PBXFileReference; lastKnownFileType = folder.assetcatalog; path = "Preview Assets.xcassets"; sourceTree = "<group>"; };
		5C9BC29628AAAD1800355D1D /* ExamRoomView.swift */ = {isa = PBXFileReference; fileEncoding = 4; lastKnownFileType = sourcecode.swift; path = ExamRoomView.swift; sourceTree = "<group>"; };
		5C9BC29D28AAAD2100355D1D /* Preferences.swift */ = {isa = PBXFileReference; fileEncoding = 4; lastKnownFileType = sourcecode.swift; path = Preferences.swift; sourceTree = "<group>"; };
		5C9BC29E28AAAD2100355D1D /* RoomMessage.swift */ = {isa = PBXFileReference; fileEncoding = 4; lastKnownFileType = sourcecode.swift; path = RoomMessage.swift; sourceTree = "<group>"; };
		5C9BC29F28AAAD2100355D1D /* ObservableParticipant.swift */ = {isa = PBXFileReference; fileEncoding = 4; lastKnownFileType = sourcecode.swift; path = ObservableParticipant.swift; sourceTree = "<group>"; };
		5C9BC2A028AAAD2100355D1D /* RoomContext.swift */ = {isa = PBXFileReference; fileEncoding = 4; lastKnownFileType = sourcecode.swift; path = RoomContext.swift; sourceTree = "<group>"; };
		5C9BC2A128AAAD2100355D1D /* ExamObservableRoom.swift */ = {isa = PBXFileReference; fileEncoding = 4; lastKnownFileType = sourcecode.swift; path = ExamObservableRoom.swift; sourceTree = "<group>"; };
		5C9BC2B128AAAE9A00355D1D /* ExamRoomViewSupporting.swift */ = {isa = PBXFileReference; lastKnownFileType = sourcecode.swift; path = ExamRoomViewSupporting.swift; sourceTree = "<group>"; };
		5C9BC2B528AABB5100355D1D /* ExamParticipantView.swift */ = {isa = PBXFileReference; fileEncoding = 4; lastKnownFileType = sourcecode.swift; path = ExamParticipantView.swift; sourceTree = "<group>"; };
		5C9BC2B928AABB7000355D1D /* ProctorViewSupporting+ParticipantLayout.swift */ = {isa = PBXFileReference; fileEncoding = 4; lastKnownFileType = sourcecode.swift; path = "ProctorViewSupporting+ParticipantLayout.swift"; sourceTree = "<group>"; };
		5C9BC2BA28AABB7100355D1D /* ProctorViewSupporting.swift */ = {isa = PBXFileReference; fileEncoding = 4; lastKnownFileType = sourcecode.swift; path = ProctorViewSupporting.swift; sourceTree = "<group>"; };
		5C9C0A3D286976160040C53C /* Network.swift */ = {isa = PBXFileReference; lastKnownFileType = sourcecode.swift; path = Network.swift; sourceTree = "<group>"; };
		5C9C0A5628697DD50040C53C /* RemoteProctoring-iPad.app */ = {isa = PBXFileReference; explicitFileType = wrapper.application; includeInIndex = 0; path = "RemoteProctoring-iPad.app"; sourceTree = BUILT_PRODUCTS_DIR; };
		5C9C0A57286981010040C53C /* Launch Screen.storyboard */ = {isa = PBXFileReference; fileEncoding = 4; lastKnownFileType = file.storyboard; path = "Launch Screen.storyboard"; sourceTree = "<group>"; };
		5C9C0A5F2869DED70040C53C /* MainView.swift */ = {isa = PBXFileReference; lastKnownFileType = sourcecode.swift; path = MainView.swift; sourceTree = "<group>"; };
		5C9C3BAE286D92BD005CCA92 /* RegisterView.swift */ = {isa = PBXFileReference; lastKnownFileType = sourcecode.swift; path = RegisterView.swift; sourceTree = "<group>"; };
		5C9EF5A328CE9F4F0081B26A /* ErrorView.swift */ = {isa = PBXFileReference; fileEncoding = 4; lastKnownFileType = sourcecode.swift; path = ErrorView.swift; sourceTree = "<group>"; };
		5CADAB8F289ED8B200120268 /* UsersView.swift */ = {isa = PBXFileReference; lastKnownFileType = sourcecode.swift; path = UsersView.swift; sourceTree = "<group>"; };
		5CE8718328D09120005DD532 /* UserFragment.graphql */ = {isa = PBXFileReference; fileEncoding = 4; lastKnownFileType = text; path = UserFragment.graphql; sourceTree = "<group>"; };
		5CE8718628D0912E005DD532 /* LoginResponseFragment.graphql */ = {isa = PBXFileReference; fileEncoding = 4; lastKnownFileType = text; path = LoginResponseFragment.graphql; sourceTree = "<group>"; };
		5CE8718928D0913A005DD532 /* QueryResponseFragment.graphql */ = {isa = PBXFileReference; fileEncoding = 4; lastKnownFileType = text; path = QueryResponseFragment.graphql; sourceTree = "<group>"; };
		5CE95E3C2898066E0041BBCC /* RegisterViewSupporting.swift */ = {isa = PBXFileReference; lastKnownFileType = sourcecode.swift; name = RegisterViewSupporting.swift; path = RemoteProctoring/Views/RegisterViewSupporting.swift; sourceTree = SOURCE_ROOT; };
		5CEC193B28CDBE5300851ECE /* EffectView.swift */ = {isa = PBXFileReference; lastKnownFileType = sourcecode.swift; path = EffectView.swift; sourceTree = "<group>"; };
		5CEE5A9B287176AC005A259A /* UserManagementInterceptor.swift */ = {isa = PBXFileReference; lastKnownFileType = sourcecode.swift; path = UserManagementInterceptor.swift; sourceTree = "<group>"; };
		5CEE5A9F28717F50005A259A /* RequestLoggingInterceptor.swift */ = {isa = PBXFileReference; lastKnownFileType = sourcecode.swift; path = RequestLoggingInterceptor.swift; sourceTree = "<group>"; };
		5CEEC18D28968E7D001BD64C /* AuthFormSupporting.swift */ = {isa = PBXFileReference; lastKnownFileType = sourcecode.swift; path = AuthFormSupporting.swift; sourceTree = "<group>"; };
		5CEEC19128968F1B001BD64C /* SigninView.swift */ = {isa = PBXFileReference; lastKnownFileType = sourcecode.swift; path = SigninView.swift; sourceTree = "<group>"; };
		5CF2A5C12893B3B50080A8A4 /* User.swift */ = {isa = PBXFileReference; fileEncoding = 4; lastKnownFileType = sourcecode.swift; path = User.swift; sourceTree = "<group>"; };
		5CF2A5C72893BAA60080A8A4 /* UnauthenticatedView.swift */ = {isa = PBXFileReference; fileEncoding = 4; lastKnownFileType = sourcecode.swift; path = UnauthenticatedView.swift; sourceTree = "<group>"; };
		5CF2A5CB2893E42C0080A8A4 /* register.graphql */ = {isa = PBXFileReference; lastKnownFileType = text; path = register.graphql; sourceTree = "<group>"; };
		5CF2A5CF2893EDEC0080A8A4 /* API.swift */ = {isa = PBXFileReference; fileEncoding = 4; lastKnownFileType = sourcecode.swift; path = API.swift; sourceTree = "<group>"; };
		5CF5017328C48F8C00D521A2 /* UserDetails+Hashable.swift */ = {isa = PBXFileReference; lastKnownFileType = sourcecode.swift; path = "UserDetails+Hashable.swift"; sourceTree = "<group>"; };
		5CF5017D28C4BA1100D521A2 /* ExamsView.swift */ = {isa = PBXFileReference; lastKnownFileType = sourcecode.swift; path = ExamsView.swift; sourceTree = "<group>"; };
		5CF5018128C4CF8500D521A2 /* ExamSolutionView.swift */ = {isa = PBXFileReference; lastKnownFileType = sourcecode.swift; path = ExamSolutionView.swift; sourceTree = "<group>"; };
		5CF5018428C4D08E00D521A2 /* MCQView.swift */ = {isa = PBXFileReference; lastKnownFileType = sourcecode.swift; path = MCQView.swift; sourceTree = "<group>"; };
		5CF5018728C4D0A600D521A2 /* PDFPaperView.swift */ = {isa = PBXFileReference; lastKnownFileType = sourcecode.swift; path = PDFPaperView.swift; sourceTree = "<group>"; };
		5CF5018A28C4DDE200D521A2 /* ProctorExamView.swift */ = {isa = PBXFileReference; lastKnownFileType = sourcecode.swift; path = ProctorExamView.swift; sourceTree = "<group>"; };
/* End PBXFileReference section */

/* Begin PBXFrameworksBuildPhase section */
		5C1A22EA286960D000AA2636 /* Frameworks */ = {
			isa = PBXFrameworksBuildPhase;
			buildActionMask = 2147483647;
			files = (
				5CE2D10B28AC43F50022DFFE /* OrderedCollections in Frameworks */,
				5CE900C4286D656300045E6E /* KeychainAccess in Frameworks */,
				5CA65DEE28AD6F1E00624780 /* ApolloSQLite in Frameworks */,
				5CE8717C28D08619005DD532 /* Neumorphic in Frameworks */,
				5CD6ECA2286F48540059BEB7 /* Navajo-Swift in Frameworks */,
				5CAE631A28A51700006B33DF /* Promises in Frameworks */,
				5CE2D10728AC43F50022DFFE /* Collections in Frameworks */,
				5CA65DEC28AD6F1E00624780 /* Apollo in Frameworks */,
				5CA65DF028AD6F1F00624780 /* ApolloWebSocket in Frameworks */,
				5CE2D10928AC43F50022DFFE /* DequeModule in Frameworks */,
				5C24AE0428AC590D00493E9E /* LiveKit in Frameworks */,
			);
			runOnlyForDeploymentPostprocessing = 0;
		};
		5C9C0A4A28697DD50040C53C /* Frameworks */ = {
			isa = PBXFrameworksBuildPhase;
			buildActionMask = 2147483647;
			files = (
				5CFF57C028AAE2EB0060B953 /* OrderedCollections in Frameworks */,
				5CE900C2286D655D00045E6E /* KeychainAccess in Frameworks */,
				5CA65DE828AD6F0D00624780 /* ApolloSQLite in Frameworks */,
				5C9EF59F28CE86760081B26A /* Neumorphic in Frameworks */,
				5CD6ECA0286F48480059BEB7 /* Navajo-Swift in Frameworks */,
				5CAE631828A516E4006B33DF /* Promises in Frameworks */,
				5CFF57BC28AAE2EB0060B953 /* Collections in Frameworks */,
				5CA65DE628AD6F0D00624780 /* Apollo in Frameworks */,
				5CA65DEA28AD6F0D00624780 /* ApolloWebSocket in Frameworks */,
				5CFF57BE28AAE2EB0060B953 /* DequeModule in Frameworks */,
				5C9EF5A228CE89630081B26A /* AnimatableGradients in Frameworks */,
				5C24AE0628AC595E00493E9E /* LiveKit in Frameworks */,
			);
			runOnlyForDeploymentPostprocessing = 0;
		};
/* End PBXFrameworksBuildPhase section */

/* Begin PBXGroup section */
		5C31BE672870403E00768DDD /* Models */ = {
			isa = PBXGroup;
			children = (
				5C4DBC8E28A4D630007E72D4 /* Livekit */,
				5CF2A5C12893B3B50080A8A4 /* User.swift */,
				5C2545A728A7F7D100BF2FC4 /* Activity.swift */,
				5C2545AB28A7F81D00BF2FC4 /* ActivityType.swift */,
				5CF5017328C48F8C00D521A2 /* UserDetails+Hashable.swift */,
			);
			path = Models;
			sourceTree = "<group>";
		};
		5C31BE682870404B00768DDD /* Views */ = {
			isa = PBXGroup;
			children = (
				5C523C1528AE92C700A181FB /* Auth */,
				5CF2A5C62893B9BD0080A8A4 /* Main */,
				5CF2A5C02893B1AE0080A8A4 /* Supporting */,
			);
			path = Views;
			sourceTree = "<group>";
		};
		5C4DBC8828A4D55E007E72D4 /* ProctorView */ = {
			isa = PBXGroup;
			children = (
				5C9BC29628AAAD1800355D1D /* ExamRoomView.swift */,
				5CF5018A28C4DDE200D521A2 /* ProctorExamView.swift */,
			);
			path = ProctorView;
			sourceTree = "<group>";
		};
		5C4DBC8E28A4D630007E72D4 /* Livekit */ = {
			isa = PBXGroup;
			children = (
				5C9BC2A128AAAD2100355D1D /* ExamObservableRoom.swift */,
				5C9BC29F28AAAD2100355D1D /* ObservableParticipant.swift */,
				5C9BC29D28AAAD2100355D1D /* Preferences.swift */,
				5C9BC2A028AAAD2100355D1D /* RoomContext.swift */,
				5C9BC29E28AAAD2100355D1D /* RoomMessage.swift */,
			);
			path = Livekit;
			sourceTree = "<group>";
		};
		5C4DBC9C28A4D98A007E72D4 /* Livekit */ = {
			isa = PBXGroup;
			children = (
				5C9BC2B528AABB5100355D1D /* ExamParticipantView.swift */,
			);
			path = Livekit;
			sourceTree = "<group>";
		};
		5C523C1428AE923600A181FB /* Elements */ = {
			isa = PBXGroup;
			children = (
				5C523C0828AE835D00A181FB /* UserItemView.swift */,
				5C523C0B28AE8F7900A181FB /* ActivityItemView.swift */,
				5C523C0E28AE914400A181FB /* SuggestionsView.swift */,
				5C523C1128AE916900A181FB /* UsersListView.swift */,
			);
			path = Elements;
			sourceTree = "<group>";
		};
		5C523C1528AE92C700A181FB /* Auth */ = {
			isa = PBXGroup;
			children = (
				5C523C1628AE92DA00A181FB /* Elements */,
				5C9C3BAE286D92BD005CCA92 /* RegisterView.swift */,
				5CF2A5C72893BAA60080A8A4 /* UnauthenticatedView.swift */,
			);
			path = Auth;
			sourceTree = "<group>";
		};
		5C523C1628AE92DA00A181FB /* Elements */ = {
			isa = PBXGroup;
			children = (
				5CEEC19128968F1B001BD64C /* SigninView.swift */,
			);
			path = Elements;
			sourceTree = "<group>";
		};
		5C75826628695DA1001D0C93 = {
			isa = PBXGroup;
			children = (
				5C75827128695DA1001D0C93 /* RemoteProctoring */,
				5C75827028695DA1001D0C93 /* Products */,
				5CE2D10528AC43F50022DFFE /* Frameworks */,
			);
			sourceTree = "<group>";
		};
		5C75827028695DA1001D0C93 /* Products */ = {
			isa = PBXGroup;
			children = (
				5C1A22F1286960D000AA2636 /* RemoteProctoring-macOS.app */,
				5C9C0A5628697DD50040C53C /* RemoteProctoring-iPad.app */,
			);
			name = Products;
			sourceTree = "<group>";
		};
		5C75827128695DA1001D0C93 /* RemoteProctoring */ = {
			isa = PBXGroup;
			children = (
				5CF2A5BB2893B0990080A8A4 /* GraphQL */,
				5CEE5A9828717673005A259A /* Apollo */,
				5C31BE672870403E00768DDD /* Models */,
				5C31BE682870404B00768DDD /* Views */,
				5C75827228695DA1001D0C93 /* RemoteProctoringApp.swift */,
				5C9C0A5F2869DED70040C53C /* MainView.swift */,
				5CF2A5CF2893EDEC0080A8A4 /* API.swift */,
				5C75827428695DA1001D0C93 /* ContentView.swift */,
				5C60BEB228AAFE87009A949C /* Injectionlll.swift */,
				5C9C0A57286981010040C53C /* Launch Screen.storyboard */,
				5C75827628695DA6001D0C93 /* Assets.xcassets */,
				5C75827828695DA6001D0C93 /* RemoteProctoring.entitlements */,
				5C75827928695DA6001D0C93 /* Preview Content */,
			);
			path = RemoteProctoring;
			sourceTree = "<group>";
		};
		5C75827928695DA6001D0C93 /* Preview Content */ = {
			isa = PBXGroup;
			children = (
				5C75827A28695DA6001D0C93 /* Preview Assets.xcassets */,
			);
			path = "Preview Content";
			sourceTree = "<group>";
		};
		5CE2D10528AC43F50022DFFE /* Frameworks */ = {
			isa = PBXGroup;
			children = (
				5C38DDDF28ACAF260026131A /* AuthenticationServices.framework */,
			);
			name = Frameworks;
			sourceTree = "<group>";
		};
		5CEE5A9828717673005A259A /* Apollo */ = {
			isa = PBXGroup;
			children = (
				5C9C0A3D286976160040C53C /* Network.swift */,
				5CEE5A9B287176AC005A259A /* UserManagementInterceptor.swift */,
				5CEE5A9F28717F50005A259A /* RequestLoggingInterceptor.swift */,
			);
			path = Apollo;
			sourceTree = "<group>";
		};
		5CF2A5BB2893B0990080A8A4 /* GraphQL */ = {
			isa = PBXGroup;
			children = (
				5C5DDD62289A921200A98073 /* loginUsername.graphql */,
				5CF2A5CB2893E42C0080A8A4 /* register.graphql */,
				5C5DDD5E289A91EC00A98073 /* loginEmail.graphql */,
				5CE8718328D09120005DD532 /* UserFragment.graphql */,
				5CE8718628D0912E005DD532 /* LoginResponseFragment.graphql */,
				5CE8718928D0913A005DD532 /* QueryResponseFragment.graphql */,
			);
			path = GraphQL;
			sourceTree = "<group>";
		};
		5CF2A5C02893B1AE0080A8A4 /* Supporting */ = {
			isa = PBXGroup;
			children = (
				5C9BC2BA28AABB7100355D1D /* ProctorViewSupporting.swift */,
				5C9BC2B928AABB7000355D1D /* ProctorViewSupporting+ParticipantLayout.swift */,
				5C4DBC9C28A4D98A007E72D4 /* Livekit */,
				5CE95E3C2898066E0041BBCC /* RegisterViewSupporting.swift */,
				5CEEC18D28968E7D001BD64C /* AuthFormSupporting.swift */,
				5C9EF5A328CE9F4F0081B26A /* ErrorView.swift */,
				5C9BC2B128AAAE9A00355D1D /* ExamRoomViewSupporting.swift */,
				5CEC193B28CDBE5300851ECE /* EffectView.swift */,
			);
			path = Supporting;
			sourceTree = "<group>";
		};
		5CF2A5C62893B9BD0080A8A4 /* Main */ = {
			isa = PBXGroup;
			children = (
				5CF5018028C4CF5B00D521A2 /* ExamineeView */,
				5C523C1428AE923600A181FB /* Elements */,
				5C4DBC8828A4D55E007E72D4 /* ProctorView */,
				5C0A8516289E4A4400914746 /* SidebarView.swift */,
				5C0A8522289E4C6200914746 /* MainContentView.swift */,
				5CADAB8F289ED8B200120268 /* UsersView.swift */,
				5C2545A328A7F5AB00BF2FC4 /* RecentActivityView.swift */,
				5CF5017D28C4BA1100D521A2 /* ExamsView.swift */,
			);
			path = Main;
			sourceTree = "<group>";
		};
		5CF5018028C4CF5B00D521A2 /* ExamineeView */ = {
			isa = PBXGroup;
			children = (
				5CF5018128C4CF8500D521A2 /* ExamSolutionView.swift */,
				5CF5018428C4D08E00D521A2 /* MCQView.swift */,
				5CF5018728C4D0A600D521A2 /* PDFPaperView.swift */,
			);
			path = ExamineeView;
			sourceTree = "<group>";
		};
/* End PBXGroup section */

/* Begin PBXNativeTarget section */
		5C1A22E6286960D000AA2636 /* RemoteProctoring-macOS */ = {
			isa = PBXNativeTarget;
			buildConfigurationList = 5C1A22EE286960D000AA2636 /* Build configuration list for PBXNativeTarget "RemoteProctoring-macOS" */;
			buildPhases = (
				5C9C0A672869E7000040C53C /* Apollo */,
				5C1A22E7286960D000AA2636 /* Sources */,
				5C1A22EA286960D000AA2636 /* Frameworks */,
				5C1A22EB286960D000AA2636 /* Resources */,
				5C38DDEF28ACAF270026131A /* Embed Foundation Extensions */,
			);
			buildRules = (
			);
			dependencies = (
			);
			name = "RemoteProctoring-macOS";
			packageProductDependencies = (
				5CE900C3286D656300045E6E /* KeychainAccess */,
				5CD6ECA1286F48540059BEB7 /* Navajo-Swift */,
				5CAE631928A51700006B33DF /* Promises */,
				5CE2D10628AC43F50022DFFE /* Collections */,
				5CE2D10828AC43F50022DFFE /* DequeModule */,
				5CE2D10A28AC43F50022DFFE /* OrderedCollections */,
				5C24AE0328AC590D00493E9E /* LiveKit */,
				5CA65DEB28AD6F1E00624780 /* Apollo */,
				5CA65DED28AD6F1E00624780 /* ApolloSQLite */,
				5CA65DEF28AD6F1F00624780 /* ApolloWebSocket */,
				5CE8717B28D08619005DD532 /* Neumorphic */,
			);
			productName = RemoteProctoring;
			productReference = 5C1A22F1286960D000AA2636 /* RemoteProctoring-macOS.app */;
			productType = "com.apple.product-type.application";
		};
		5C9C0A4028697DD50040C53C /* RemoteProctoring-iPad */ = {
			isa = PBXNativeTarget;
			buildConfigurationList = 5C9C0A5328697DD50040C53C /* Build configuration list for PBXNativeTarget "RemoteProctoring-iPad" */;
			buildPhases = (
				5C9C0A682869E7250040C53C /* Apollo */,
				5C9C0A4528697DD50040C53C /* Sources */,
				5C9C0A4A28697DD50040C53C /* Frameworks */,
				5C9C0A4E28697DD50040C53C /* Resources */,
			);
			buildRules = (
			);
			dependencies = (
			);
			name = "RemoteProctoring-iPad";
			packageProductDependencies = (
				5CE900C1286D655D00045E6E /* KeychainAccess */,
				5CD6EC9F286F48480059BEB7 /* Navajo-Swift */,
				5CAE631728A516E4006B33DF /* Promises */,
				5CFF57BB28AAE2EB0060B953 /* Collections */,
				5CFF57BD28AAE2EB0060B953 /* DequeModule */,
				5CFF57BF28AAE2EB0060B953 /* OrderedCollections */,
				5C24AE0528AC595E00493E9E /* LiveKit */,
				5CA65DE528AD6F0D00624780 /* Apollo */,
				5CA65DE728AD6F0D00624780 /* ApolloSQLite */,
				5CA65DE928AD6F0D00624780 /* ApolloWebSocket */,
				5C9EF59E28CE86760081B26A /* Neumorphic */,
				5C9EF5A128CE89630081B26A /* AnimatableGradients */,
			);
			productName = RemoteProctoring;
			productReference = 5C9C0A5628697DD50040C53C /* RemoteProctoring-iPad.app */;
			productType = "com.apple.product-type.application";
		};
/* End PBXNativeTarget section */

/* Begin PBXProject section */
		5C75826728695DA1001D0C93 /* Project object */ = {
			isa = PBXProject;
			attributes = {
				BuildIndependentTargetsInParallel = 1;
				LastSwiftUpdateCheck = 1400;
				LastUpgradeCheck = 1400;
			};
			buildConfigurationList = 5C75826A28695DA1001D0C93 /* Build configuration list for PBXProject "RemoteProctoring" */;
			compatibilityVersion = "Xcode 14.0";
			developmentRegion = en;
			hasScannedForEncodings = 0;
			knownRegions = (
				en,
				Base,
			);
			mainGroup = 5C75826628695DA1001D0C93;
			packageReferences = (
				5CE900BE286D655300045E6E /* XCRemoteSwiftPackageReference "KeychainAccess" */,
				5CD6EC9C286F47E10059BEB7 /* XCRemoteSwiftPackageReference "Navajo-Swift" */,
				5C4DBCC428A500B5007E72D4 /* XCRemoteSwiftPackageReference "promises" */,
				5CFF57BA28AAE2EB0060B953 /* XCRemoteSwiftPackageReference "swift-collections" */,
				5C24AE0228AC590D00493E9E /* XCRemoteSwiftPackageReference "client-sdk-swift" */,
				5C92651828AD642900BAEA60 /* XCRemoteSwiftPackageReference "apollo-ios" */,
				5CDD84F628CCB44F00862424 /* XCRemoteSwiftPackageReference "fluentui-apple" */,
				5CC5F3C428CE753000398B30 /* XCRemoteSwiftPackageReference "ElegantCalendar" */,
				5C9EF59D28CE86760081B26A /* XCRemoteSwiftPackageReference "neumorphic" */,
				5C9EF5A028CE89630081B26A /* XCRemoteSwiftPackageReference "AnimatableGradients" */,
				5CED70FA28D03A82008ADFCC /* XCRemoteSwiftPackageReference "shiny" */,
				5CED70FB28D03BDD008ADFCC /* XCRemoteSwiftPackageReference "IrregularGradient" */,
				5CED70FC28D03C2B008ADFCC /* XCRemoteSwiftPackageReference "Pow" */,
				5CED70FD28D03C84008ADFCC /* XCRemoteSwiftPackageReference "liquid" */,
				5CED70FE28D03D4A008ADFCC /* XCRemoteSwiftPackageReference "PartialSheet" */,
				5C89815328D0445A00EE734D /* XCRemoteSwiftPackageReference "lottie-ios" */,
			);
			productRefGroup = 5C75827028695DA1001D0C93 /* Products */;
			projectDirPath = "";
			projectRoot = "";
			targets = (
				5C9C0A4028697DD50040C53C /* RemoteProctoring-iPad */,
				5C1A22E6286960D000AA2636 /* RemoteProctoring-macOS */,
			);
		};
/* End PBXProject section */

/* Begin PBXResourcesBuildPhase section */
		5C1A22EB286960D000AA2636 /* Resources */ = {
			isa = PBXResourcesBuildPhase;
			buildActionMask = 2147483647;
			files = (
				5C5DDD64289A921200A98073 /* loginUsername.graphql in Resources */,
				5C5DDD60289A91EC00A98073 /* loginEmail.graphql in Resources */,
				5CF2A5CD2893E42C0080A8A4 /* register.graphql in Resources */,
				5CE8718B28D0913B005DD532 /* QueryResponseFragment.graphql in Resources */,
				5CE8718528D09120005DD532 /* UserFragment.graphql in Resources */,
				5C1A22EC286960D000AA2636 /* Preview Assets.xcassets in Resources */,
				5CE8718828D0912F005DD532 /* LoginResponseFragment.graphql in Resources */,
				5C1A22ED286960D000AA2636 /* Assets.xcassets in Resources */,
			);
			runOnlyForDeploymentPostprocessing = 0;
		};
		5C9C0A4E28697DD50040C53C /* Resources */ = {
			isa = PBXResourcesBuildPhase;
			buildActionMask = 2147483647;
			files = (
				5C5DDD61289A91EC00A98073 /* loginEmail.graphql in Resources */,
				5CE8718728D0912F005DD532 /* LoginResponseFragment.graphql in Resources */,
				5C9C0A59286981010040C53C /* Launch Screen.storyboard in Resources */,
				5C9C0A5028697DD50040C53C /* Preview Assets.xcassets in Resources */,
				5C5DDD65289A921200A98073 /* loginUsername.graphql in Resources */,
				5C9C0A5128697DD50040C53C /* Assets.xcassets in Resources */,
				5CE8718428D09120005DD532 /* UserFragment.graphql in Resources */,
				5CE8718A28D0913B005DD532 /* QueryResponseFragment.graphql in Resources */,
				5CF2A5CE2893E42C0080A8A4 /* register.graphql in Resources */,
			);
			runOnlyForDeploymentPostprocessing = 0;
		};
/* End PBXResourcesBuildPhase section */

/* Begin PBXShellScriptBuildPhase section */
		5C9C0A672869E7000040C53C /* Apollo */ = {
			isa = PBXShellScriptBuildPhase;
			buildActionMask = 2147483647;
			files = (
			);
			inputFileListPaths = (
			);
			inputPaths = (
			);
			name = Apollo;
			outputFileListPaths = (
			);
			outputPaths = (
			);
			runOnlyForDeploymentPostprocessing = 0;
			shellPath = /bin/sh;
			shellScript = "if [ \"${ENABLE_PREVIEWS}\" = \"YES\" ]; then\n  echo \"Previews enabled, quitting to prevent 'preview paused'.\"\n  exit 0;\nfi\n\n# Don't run this during index builds\nif [ $ACTION = \"indexbuild\" ]; then exit 0; fi\n\ncd \"${SRCROOT}\"/ApolloCodegen\n#xcrun -sdk macosx swift run ApolloCodegen all\n# propagate the xcrun call's return code to Xcode\nexit $?\n";
		};
		5C9C0A682869E7250040C53C /* Apollo */ = {
			isa = PBXShellScriptBuildPhase;
			buildActionMask = 2147483647;
			files = (
			);
			inputFileListPaths = (
			);
			inputPaths = (
			);
			name = Apollo;
			outputFileListPaths = (
			);
			outputPaths = (
			);
			runOnlyForDeploymentPostprocessing = 0;
			shellPath = /bin/sh;
			shellScript = "if [ \"${ENABLE_PREVIEWS}\" = \"YES\" ]; then\n  echo \"Previews enabled, quitting to prevent 'preview paused'.\"\n  exit 0;\nfi\n\n# Don't run this during index builds\nif [ $ACTION = \"indexbuild\" ]; then exit 0; fi\n\ncd \"${SRCROOT}\"/ApolloCodegen\n#xcrun -sdk macosx swift run ApolloCodegen all\n# propagate the xcrun call's return code to Xcode\nexit $?\n";
		};
/* End PBXShellScriptBuildPhase section */

/* Begin PBXSourcesBuildPhase section */
		5C1A22E7286960D000AA2636 /* Sources */ = {
			isa = PBXSourcesBuildPhase;
			buildActionMask = 2147483647;
			files = (
				5CF5018628C4D08E00D521A2 /* MCQView.swift in Sources */,
				5CEE5AA128717F50005A259A /* RequestLoggingInterceptor.swift in Sources */,
				5C9BC2A328AAAD2100355D1D /* Preferences.swift in Sources */,
				5C60BEB428AAFE87009A949C /* Injectionlll.swift in Sources */,
				5CF5018328C4CF8500D521A2 /* ExamSolutionView.swift in Sources */,
				5C523C1328AE916900A181FB /* UsersListView.swift in Sources */,
				5C523C0A28AE835D00A181FB /* UserItemView.swift in Sources */,
				5C2545A528A7F5AB00BF2FC4 /* RecentActivityView.swift in Sources */,
				5CEE5A9D287176AC005A259A /* UserManagementInterceptor.swift in Sources */,
				5CEC193D28CDBE5300851ECE /* EffectView.swift in Sources */,
				5C0A8518289E4A4400914746 /* SidebarView.swift in Sources */,
				5CF2A5C92893BAA60080A8A4 /* UnauthenticatedView.swift in Sources */,
				5C9BC2AF28AAAD2200355D1D /* ExamObservableRoom.swift in Sources */,
				5C523C1028AE914400A181FB /* SuggestionsView.swift in Sources */,
				5C9BC2BC28AABB7200355D1D /* ProctorViewSupporting+ParticipantLayout.swift in Sources */,
				5C1A22E8286960D000AA2636 /* ContentView.swift in Sources */,
				5C9BC2B328AAAE9A00355D1D /* ExamRoomViewSupporting.swift in Sources */,
				5CF5018C28C4DDE200D521A2 /* ProctorExamView.swift in Sources */,
				5C2545AD28A7F81D00BF2FC4 /* ActivityType.swift in Sources */,
				5C9BC2AC28AAAD2100355D1D /* RoomContext.swift in Sources */,
				5CADAB91289ED8B200120268 /* UsersView.swift in Sources */,
				5C9BC2BF28AABB7200355D1D /* ProctorViewSupporting.swift in Sources */,
				5C9BC2A628AAAD2100355D1D /* RoomMessage.swift in Sources */,
				5C9C0A3F286976160040C53C /* Network.swift in Sources */,
				5CE95E3E289806700041BBCC /* RegisterViewSupporting.swift in Sources */,
				5C9EF5A528CE9F4F0081B26A /* ErrorView.swift in Sources */,
				5C9BC2B728AABB5200355D1D /* ExamParticipantView.swift in Sources */,
				5CF5018928C4D0A600D521A2 /* PDFPaperView.swift in Sources */,
				5C2545A928A7F7D100BF2FC4 /* Activity.swift in Sources */,
				5CEEC19328968F1B001BD64C /* SigninView.swift in Sources */,
				5CEEC18F28968E7D001BD64C /* AuthFormSupporting.swift in Sources */,
				5CF5017F28C4BA1100D521A2 /* ExamsView.swift in Sources */,
				5CF2A5D12893EDEC0080A8A4 /* API.swift in Sources */,
				5C0A8524289E4C6200914746 /* MainContentView.swift in Sources */,
				5CF2A5C32893B3B50080A8A4 /* User.swift in Sources */,
				5C9C0A612869DED70040C53C /* MainView.swift in Sources */,
				5CF5017528C48F8C00D521A2 /* UserDetails+Hashable.swift in Sources */,
				5C9BC2A928AAAD2100355D1D /* ObservableParticipant.swift in Sources */,
				5C523C0D28AE8F7900A181FB /* ActivityItemView.swift in Sources */,
				5C9BC29B28AAAD1800355D1D /* ExamRoomView.swift in Sources */,
				5C9C3BB0286D92BD005CCA92 /* RegisterView.swift in Sources */,
				5C1A22E9286960D000AA2636 /* RemoteProctoringApp.swift in Sources */,
			);
			runOnlyForDeploymentPostprocessing = 0;
		};
		5C9C0A4528697DD50040C53C /* Sources */ = {
			isa = PBXSourcesBuildPhase;
			buildActionMask = 2147483647;
			files = (
				5CF5018528C4D08E00D521A2 /* MCQView.swift in Sources */,
				5CEE5AA228717F50005A259A /* RequestLoggingInterceptor.swift in Sources */,
				5C2545A628A7F5AB00BF2FC4 /* RecentActivityView.swift in Sources */,
				5C9BC2A428AAAD2100355D1D /* Preferences.swift in Sources */,
				5C60BEB528AAFE87009A949C /* Injectionlll.swift in Sources */,
				5CF5018228C4CF8500D521A2 /* ExamSolutionView.swift in Sources */,
				5C523C1228AE916900A181FB /* UsersListView.swift in Sources */,
				5C523C0928AE835D00A181FB /* UserItemView.swift in Sources */,
				5CEE5A9E287176AC005A259A /* UserManagementInterceptor.swift in Sources */,
				5CEC193C28CDBE5300851ECE /* EffectView.swift in Sources */,
				5C0A8519289E4A4400914746 /* SidebarView.swift in Sources */,
				5CF2A5CA2893BAA60080A8A4 /* UnauthenticatedView.swift in Sources */,
				5C9BC2C028AABB7200355D1D /* ProctorViewSupporting.swift in Sources */,
				5C9BC2AA28AAAD2100355D1D /* ObservableParticipant.swift in Sources */,
				5C523C0F28AE914400A181FB /* SuggestionsView.swift in Sources */,
				5C9BC29C28AAAD1800355D1D /* ExamRoomView.swift in Sources */,
				5C9C0A4628697DD50040C53C /* ContentView.swift in Sources */,
				5C2545AE28A7F81D00BF2FC4 /* ActivityType.swift in Sources */,
				5CF5018B28C4DDE200D521A2 /* ProctorExamView.swift in Sources */,
				5CADAB92289ED8B200120268 /* UsersView.swift in Sources */,
				5C9BC2B028AAAD2200355D1D /* ExamObservableRoom.swift in Sources */,
				5C9C0A4828697DD50040C53C /* Network.swift in Sources */,
				5C9BC2A728AAAD2100355D1D /* RoomMessage.swift in Sources */,
				5CE95E3F289806710041BBCC /* RegisterViewSupporting.swift in Sources */,
				5C9BC2B828AABB5200355D1D /* ExamParticipantView.swift in Sources */,
				5C9EF5A428CE9F4F0081B26A /* ErrorView.swift in Sources */,
				5C2545AA28A7F7D100BF2FC4 /* Activity.swift in Sources */,
				5CF5018828C4D0A600D521A2 /* PDFPaperView.swift in Sources */,
				5CEEC19428968F1B001BD64C /* SigninView.swift in Sources */,
				5CEEC19028968E7D001BD64C /* AuthFormSupporting.swift in Sources */,
				5CF5017E28C4BA1100D521A2 /* ExamsView.swift in Sources */,
				5CF2A5D22893EDEC0080A8A4 /* API.swift in Sources */,
				5C9BC2B428AAAE9A00355D1D /* ExamRoomViewSupporting.swift in Sources */,
				5C9BC2AD28AAAD2100355D1D /* RoomContext.swift in Sources */,
				5C0A8525289E4C6200914746 /* MainContentView.swift in Sources */,
				5CF2A5C42893B3B50080A8A4 /* User.swift in Sources */,
				5CF5017428C48F8C00D521A2 /* UserDetails+Hashable.swift in Sources */,
				5C9BC2BD28AABB7200355D1D /* ProctorViewSupporting+ParticipantLayout.swift in Sources */,
				5C523C0C28AE8F7900A181FB /* ActivityItemView.swift in Sources */,
				5C9C0A622869DED70040C53C /* MainView.swift in Sources */,
				5C9C3BB1286D92BD005CCA92 /* RegisterView.swift in Sources */,
				5C9C0A4928697DD50040C53C /* RemoteProctoringApp.swift in Sources */,
			);
			runOnlyForDeploymentPostprocessing = 0;
		};
/* End PBXSourcesBuildPhase section */

/* Begin XCBuildConfiguration section */
		5C1A22EF286960D000AA2636 /* Debug */ = {
			isa = XCBuildConfiguration;
			buildSettings = {
				ALWAYS_EMBED_SWIFT_STANDARD_LIBRARIES = "$(EMBEDDED_CONTENT_CONTAINS_SWIFT)";
				ASSETCATALOG_COMPILER_APPICON_NAME = AppIcon;
				ASSETCATALOG_COMPILER_GLOBAL_ACCENT_COLOR_NAME = AccentColor;
				ASSETCATALOG_COMPILER_INCLUDE_ALL_APPICON_ASSETS = NO;
				CODE_SIGN_ENTITLEMENTS = RemoteProctoring/RemoteProctoring.entitlements;
				CODE_SIGN_IDENTITY = "Apple Development";
				CODE_SIGN_STYLE = Automatic;
				COMBINE_HIDPI_IMAGES = YES;
				CURRENT_PROJECT_VERSION = 1;
				DEAD_CODE_STRIPPING = YES;
				DEVELOPMENT_ASSET_PATHS = "\"RemoteProctoring/Preview Content\"";
				DEVELOPMENT_TEAM = 2SW8DKHR9M;
				ENABLE_HARDENED_RUNTIME = YES;
				ENABLE_PREVIEWS = YES;
				FRAMEWORK_SEARCH_PATHS = "";
				GENERATE_INFOPLIST_FILE = YES;
				INFOPLIST_KEY_CFBundleDisplayName = Procted;
				INFOPLIST_KEY_LSApplicationCategoryType = "public.app-category.utilities";
				INFOPLIST_KEY_UILaunchStoryboardName = "";
				INFOPLIST_KEY_UISupportedInterfaceOrientations_iPad = "";
				INFOPLIST_KEY_UISupportedInterfaceOrientations_iPhone = "";
				INFOPLIST_KEY_WKRunsIndependentlyOfCompanionApp = NO;
				IPHONEOS_DEPLOYMENT_TARGET = 16.0;
				LD_RUNPATH_SEARCH_PATHS = (
					"$(inherited)",
					"@executable_path/../Frameworks",
				);
				MACOSX_DEPLOYMENT_TARGET = 12.4;
				MARKETING_VERSION = 1.0;
				OTHER_LDFLAGS = (
					"-Xlinker",
					"-interposable",
					"-Xlinker",
					"-undefined",
					"-Xlinker",
					dynamic_lookup,
				);
				PRODUCT_BUNDLE_IDENTIFIER = com.biit.RemoteProctoring;
				PRODUCT_NAME = "$(TARGET_NAME)";
				PROVISIONING_PROFILE_SPECIFIER = "";
				SDKROOT = macosx;
				SUPPORTED_PLATFORMS = macosx;
				SUPPORTS_MACCATALYST = NO;
				SUPPORTS_MAC_DESIGNED_FOR_IPHONE_IPAD = NO;
				SWIFT_EMIT_LOC_STRINGS = YES;
				SWIFT_VERSION = 5.0;
			};
			name = Debug;
		};
		5C1A22F0286960D000AA2636 /* Release */ = {
			isa = XCBuildConfiguration;
			buildSettings = {
				ALWAYS_EMBED_SWIFT_STANDARD_LIBRARIES = "$(EMBEDDED_CONTENT_CONTAINS_SWIFT)";
				ASSETCATALOG_COMPILER_APPICON_NAME = AppIcon;
				ASSETCATALOG_COMPILER_GLOBAL_ACCENT_COLOR_NAME = AccentColor;
				ASSETCATALOG_COMPILER_INCLUDE_ALL_APPICON_ASSETS = NO;
				CODE_SIGN_ENTITLEMENTS = RemoteProctoring/RemoteProctoring.entitlements;
				CODE_SIGN_IDENTITY = "-";
				CODE_SIGN_STYLE = Automatic;
				COMBINE_HIDPI_IMAGES = YES;
				CURRENT_PROJECT_VERSION = 1;
				DEAD_CODE_STRIPPING = YES;
				DEVELOPMENT_ASSET_PATHS = "\"RemoteProctoring/Preview Content\"";
				DEVELOPMENT_TEAM = 9FY49AFFG7;
				ENABLE_HARDENED_RUNTIME = YES;
				ENABLE_PREVIEWS = YES;
				FRAMEWORK_SEARCH_PATHS = "";
				GENERATE_INFOPLIST_FILE = YES;
				INFOPLIST_KEY_CFBundleDisplayName = Procted;
				INFOPLIST_KEY_LSApplicationCategoryType = "public.app-category.utilities";
				INFOPLIST_KEY_UILaunchStoryboardName = "";
				INFOPLIST_KEY_UISupportedInterfaceOrientations_iPad = "";
				INFOPLIST_KEY_UISupportedInterfaceOrientations_iPhone = "";
				INFOPLIST_KEY_WKRunsIndependentlyOfCompanionApp = NO;
				IPHONEOS_DEPLOYMENT_TARGET = 16.0;
				LD_RUNPATH_SEARCH_PATHS = (
					"$(inherited)",
					"@executable_path/../Frameworks",
				);
				MACOSX_DEPLOYMENT_TARGET = 12.4;
				MARKETING_VERSION = 1.0;
				PRODUCT_BUNDLE_IDENTIFIER = com.biit.RemoteProctoring;
				PRODUCT_NAME = "$(TARGET_NAME)";
				SDKROOT = macosx;
				SUPPORTED_PLATFORMS = macosx;
				SUPPORTS_MACCATALYST = NO;
				SUPPORTS_MAC_DESIGNED_FOR_IPHONE_IPAD = NO;
				SWIFT_EMIT_LOC_STRINGS = YES;
				SWIFT_VERSION = 5.0;
			};
			name = Release;
		};
		5C75827C28695DA6001D0C93 /* Debug */ = {
			isa = XCBuildConfiguration;
			buildSettings = {
				ALWAYS_SEARCH_USER_PATHS = NO;
				CLANG_ANALYZER_NONNULL = YES;
				CLANG_ANALYZER_NUMBER_OBJECT_CONVERSION = YES_AGGRESSIVE;
				CLANG_CXX_LANGUAGE_STANDARD = "gnu++17";
				CLANG_ENABLE_MODULES = YES;
				CLANG_ENABLE_OBJC_ARC = YES;
				CLANG_ENABLE_OBJC_WEAK = YES;
				CLANG_WARN_BLOCK_CAPTURE_AUTORELEASING = YES;
				CLANG_WARN_BOOL_CONVERSION = YES;
				CLANG_WARN_COMMA = YES;
				CLANG_WARN_CONSTANT_CONVERSION = YES;
				CLANG_WARN_DEPRECATED_OBJC_IMPLEMENTATIONS = YES;
				CLANG_WARN_DIRECT_OBJC_ISA_USAGE = YES_ERROR;
				CLANG_WARN_DOCUMENTATION_COMMENTS = YES;
				CLANG_WARN_EMPTY_BODY = YES;
				CLANG_WARN_ENUM_CONVERSION = YES;
				CLANG_WARN_INFINITE_RECURSION = YES;
				CLANG_WARN_INT_CONVERSION = YES;
				CLANG_WARN_NON_LITERAL_NULL_CONVERSION = YES;
				CLANG_WARN_OBJC_IMPLICIT_RETAIN_SELF = YES;
				CLANG_WARN_OBJC_LITERAL_CONVERSION = YES;
				CLANG_WARN_OBJC_ROOT_CLASS = YES_ERROR;
				CLANG_WARN_QUOTED_INCLUDE_IN_FRAMEWORK_HEADER = YES;
				CLANG_WARN_RANGE_LOOP_ANALYSIS = YES;
				CLANG_WARN_STRICT_PROTOTYPES = YES;
				CLANG_WARN_SUSPICIOUS_MOVE = YES;
				CLANG_WARN_UNGUARDED_AVAILABILITY = YES_AGGRESSIVE;
				CLANG_WARN_UNREACHABLE_CODE = YES;
				CLANG_WARN__DUPLICATE_METHOD_MATCH = YES;
				COPY_PHASE_STRIP = NO;
				DEAD_CODE_STRIPPING = YES;
				DEBUG_INFORMATION_FORMAT = dwarf;
				ENABLE_STRICT_OBJC_MSGSEND = YES;
				ENABLE_TESTABILITY = YES;
				GCC_C_LANGUAGE_STANDARD = gnu11;
				GCC_DYNAMIC_NO_PIC = NO;
				GCC_NO_COMMON_BLOCKS = YES;
				GCC_OPTIMIZATION_LEVEL = 0;
				GCC_PREPROCESSOR_DEFINITIONS = (
					"DEBUG=1",
					"$(inherited)",
				);
				GCC_WARN_64_TO_32_BIT_CONVERSION = YES;
				GCC_WARN_ABOUT_RETURN_TYPE = YES_ERROR;
				GCC_WARN_UNDECLARED_SELECTOR = YES;
				GCC_WARN_UNINITIALIZED_AUTOS = YES_AGGRESSIVE;
				GCC_WARN_UNUSED_FUNCTION = YES;
				GCC_WARN_UNUSED_VARIABLE = YES;
				IPHONEOS_DEPLOYMENT_TARGET = 16.0;
				MACOSX_DEPLOYMENT_TARGET = 12.4;
				MTL_ENABLE_DEBUG_INFO = INCLUDE_SOURCE;
				MTL_FAST_MATH = YES;
				ONLY_ACTIVE_ARCH = YES;
				OTHER_LDFLAGS = (
					"-Xlinker",
					"-interposable",
					"-Xlinker",
					"-undefined",
					"-Xlinker",
					dynamic_lookup,
				);
				SWIFT_ACTIVE_COMPILATION_CONDITIONS = DEBUG;
				SWIFT_OPTIMIZATION_LEVEL = "-Onone";
			};
			name = Debug;
		};
		5C75827D28695DA6001D0C93 /* Release */ = {
			isa = XCBuildConfiguration;
			buildSettings = {
				ALWAYS_SEARCH_USER_PATHS = NO;
				CLANG_ANALYZER_NONNULL = YES;
				CLANG_ANALYZER_NUMBER_OBJECT_CONVERSION = YES_AGGRESSIVE;
				CLANG_CXX_LANGUAGE_STANDARD = "gnu++17";
				CLANG_ENABLE_MODULES = YES;
				CLANG_ENABLE_OBJC_ARC = YES;
				CLANG_ENABLE_OBJC_WEAK = YES;
				CLANG_WARN_BLOCK_CAPTURE_AUTORELEASING = YES;
				CLANG_WARN_BOOL_CONVERSION = YES;
				CLANG_WARN_COMMA = YES;
				CLANG_WARN_CONSTANT_CONVERSION = YES;
				CLANG_WARN_DEPRECATED_OBJC_IMPLEMENTATIONS = YES;
				CLANG_WARN_DIRECT_OBJC_ISA_USAGE = YES_ERROR;
				CLANG_WARN_DOCUMENTATION_COMMENTS = YES;
				CLANG_WARN_EMPTY_BODY = YES;
				CLANG_WARN_ENUM_CONVERSION = YES;
				CLANG_WARN_INFINITE_RECURSION = YES;
				CLANG_WARN_INT_CONVERSION = YES;
				CLANG_WARN_NON_LITERAL_NULL_CONVERSION = YES;
				CLANG_WARN_OBJC_IMPLICIT_RETAIN_SELF = YES;
				CLANG_WARN_OBJC_LITERAL_CONVERSION = YES;
				CLANG_WARN_OBJC_ROOT_CLASS = YES_ERROR;
				CLANG_WARN_QUOTED_INCLUDE_IN_FRAMEWORK_HEADER = YES;
				CLANG_WARN_RANGE_LOOP_ANALYSIS = YES;
				CLANG_WARN_STRICT_PROTOTYPES = YES;
				CLANG_WARN_SUSPICIOUS_MOVE = YES;
				CLANG_WARN_UNGUARDED_AVAILABILITY = YES_AGGRESSIVE;
				CLANG_WARN_UNREACHABLE_CODE = YES;
				CLANG_WARN__DUPLICATE_METHOD_MATCH = YES;
				COPY_PHASE_STRIP = NO;
				DEAD_CODE_STRIPPING = YES;
				DEBUG_INFORMATION_FORMAT = "dwarf-with-dsym";
				ENABLE_NS_ASSERTIONS = NO;
				ENABLE_STRICT_OBJC_MSGSEND = YES;
				GCC_C_LANGUAGE_STANDARD = gnu11;
				GCC_NO_COMMON_BLOCKS = YES;
				GCC_WARN_64_TO_32_BIT_CONVERSION = YES;
				GCC_WARN_ABOUT_RETURN_TYPE = YES_ERROR;
				GCC_WARN_UNDECLARED_SELECTOR = YES;
				GCC_WARN_UNINITIALIZED_AUTOS = YES_AGGRESSIVE;
				GCC_WARN_UNUSED_FUNCTION = YES;
				GCC_WARN_UNUSED_VARIABLE = YES;
				IPHONEOS_DEPLOYMENT_TARGET = 16.0;
				MACOSX_DEPLOYMENT_TARGET = 12.4;
				MTL_ENABLE_DEBUG_INFO = NO;
				MTL_FAST_MATH = YES;
				OTHER_LDFLAGS = "";
				SWIFT_COMPILATION_MODE = wholemodule;
				SWIFT_OPTIMIZATION_LEVEL = "-O";
			};
			name = Release;
		};
		5C9C0A5428697DD50040C53C /* Debug */ = {
			isa = XCBuildConfiguration;
			buildSettings = {
				ASSETCATALOG_COMPILER_APPICON_NAME = AppIcon;
				ASSETCATALOG_COMPILER_GLOBAL_ACCENT_COLOR_NAME = AccentColor;
				ASSETCATALOG_COMPILER_INCLUDE_ALL_APPICON_ASSETS = NO;
				CODE_SIGN_ENTITLEMENTS = RemoteProctoring/RemoteProctoring.entitlements;
				CODE_SIGN_IDENTITY = "Apple Development";
				CODE_SIGN_STYLE = Automatic;
				CURRENT_PROJECT_VERSION = 1;
				DEAD_CODE_STRIPPING = YES;
				DEVELOPMENT_ASSET_PATHS = "\"RemoteProctoring/Preview Content\"";
				DEVELOPMENT_TEAM = 9FY49AFFG7;
				ENABLE_HARDENED_RUNTIME = YES;
				ENABLE_PREVIEWS = YES;
				FRAMEWORK_SEARCH_PATHS = "$(inherited)";
				GENERATE_INFOPLIST_FILE = YES;
				INFOPLIST_FILE = "RemoteProctoring-iPad-Info.plist";
				INFOPLIST_KEY_CFBundleDisplayName = Procted;
				INFOPLIST_KEY_LSApplicationCategoryType = "public.app-category.utilities";
				"INFOPLIST_KEY_UILaunchScreen_Generation[sdk=iphoneos*]" = YES;
				"INFOPLIST_KEY_UILaunchScreen_Generation[sdk=iphonesimulator*]" = YES;
				INFOPLIST_KEY_UILaunchStoryboardName = "Launch Screen.storyboard";
				INFOPLIST_KEY_UISupportedInterfaceOrientations_iPad = "UIInterfaceOrientationPortrait UIInterfaceOrientationPortraitUpsideDown UIInterfaceOrientationLandscapeLeft UIInterfaceOrientationLandscapeRight";
				INFOPLIST_KEY_UISupportedInterfaceOrientations_iPhone = "UIInterfaceOrientationPortrait UIInterfaceOrientationLandscapeLeft UIInterfaceOrientationLandscapeRight";
				IPHONEOS_DEPLOYMENT_TARGET = 16.0;
				LD_RUNPATH_SEARCH_PATHS = "$(inherited)";
				"LD_RUNPATH_SEARCH_PATHS[arch=*]" = "$(inherited)";
				MACOSX_DEPLOYMENT_TARGET = 12.4;
				MARKETING_VERSION = 1.0;
				OTHER_LDFLAGS = (
					"-Xlinker",
					"-interposable",
				);
				PRODUCT_BUNDLE_IDENTIFIER = biit.RemoteProctoring;
				PRODUCT_NAME = "$(TARGET_NAME)";
				PROVISIONING_PROFILE_SPECIFIER = "";
				SDKROOT = auto;
				SUPPORTED_PLATFORMS = "iphoneos iphonesimulator";
				SUPPORTS_MACCATALYST = NO;
				SUPPORTS_MAC_DESIGNED_FOR_IPHONE_IPAD = NO;
				SWIFT_EMIT_LOC_STRINGS = YES;
				SWIFT_VERSION = 5.0;
				TARGETED_DEVICE_FAMILY = 2;
			};
			name = Debug;
		};
		5C9C0A5528697DD50040C53C /* Release */ = {
			isa = XCBuildConfiguration;
			buildSettings = {
				ASSETCATALOG_COMPILER_APPICON_NAME = AppIcon;
				ASSETCATALOG_COMPILER_GLOBAL_ACCENT_COLOR_NAME = AccentColor;
				ASSETCATALOG_COMPILER_INCLUDE_ALL_APPICON_ASSETS = NO;
				CODE_SIGN_ENTITLEMENTS = RemoteProctoring/RemoteProctoring.entitlements;
				CODE_SIGN_IDENTITY = "Apple Development";
				CODE_SIGN_STYLE = Automatic;
				CURRENT_PROJECT_VERSION = 1;
				DEAD_CODE_STRIPPING = YES;
				DEVELOPMENT_ASSET_PATHS = "\"RemoteProctoring/Preview Content\"";
				DEVELOPMENT_TEAM = 9FY49AFFG7;
				ENABLE_HARDENED_RUNTIME = YES;
				ENABLE_PREVIEWS = YES;
				FRAMEWORK_SEARCH_PATHS = "$(inherited)";
				GENERATE_INFOPLIST_FILE = YES;
				INFOPLIST_FILE = "RemoteProctoring-iPad-Info.plist";
				INFOPLIST_KEY_CFBundleDisplayName = Procted;
				INFOPLIST_KEY_LSApplicationCategoryType = "public.app-category.utilities";
				"INFOPLIST_KEY_UILaunchScreen_Generation[sdk=iphoneos*]" = YES;
				"INFOPLIST_KEY_UILaunchScreen_Generation[sdk=iphonesimulator*]" = YES;
				INFOPLIST_KEY_UILaunchStoryboardName = "Launch Screen.storyboard";
				INFOPLIST_KEY_UISupportedInterfaceOrientations_iPad = "UIInterfaceOrientationPortrait UIInterfaceOrientationPortraitUpsideDown UIInterfaceOrientationLandscapeLeft UIInterfaceOrientationLandscapeRight";
				INFOPLIST_KEY_UISupportedInterfaceOrientations_iPhone = "UIInterfaceOrientationPortrait UIInterfaceOrientationLandscapeLeft UIInterfaceOrientationLandscapeRight";
				IPHONEOS_DEPLOYMENT_TARGET = 16.0;
				LD_RUNPATH_SEARCH_PATHS = "$(inherited)";
				"LD_RUNPATH_SEARCH_PATHS[arch=*]" = "$(inherited)";
				MACOSX_DEPLOYMENT_TARGET = 12.4;
				MARKETING_VERSION = 1.0;
				PRODUCT_BUNDLE_IDENTIFIER = biit.RemoteProctoring;
				PRODUCT_NAME = "$(TARGET_NAME)";
				PROVISIONING_PROFILE_SPECIFIER = "";
				SDKROOT = auto;
				SUPPORTED_PLATFORMS = "iphoneos iphonesimulator";
				SUPPORTS_MACCATALYST = NO;
				SUPPORTS_MAC_DESIGNED_FOR_IPHONE_IPAD = NO;
				SWIFT_EMIT_LOC_STRINGS = YES;
				SWIFT_VERSION = 5.0;
				TARGETED_DEVICE_FAMILY = 2;
			};
			name = Release;
		};
/* End XCBuildConfiguration section */

/* Begin XCConfigurationList section */
		5C1A22EE286960D000AA2636 /* Build configuration list for PBXNativeTarget "RemoteProctoring-macOS" */ = {
			isa = XCConfigurationList;
			buildConfigurations = (
				5C1A22EF286960D000AA2636 /* Debug */,
				5C1A22F0286960D000AA2636 /* Release */,
			);
			defaultConfigurationIsVisible = 0;
			defaultConfigurationName = Debug;
		};
		5C75826A28695DA1001D0C93 /* Build configuration list for PBXProject "RemoteProctoring" */ = {
			isa = XCConfigurationList;
			buildConfigurations = (
				5C75827C28695DA6001D0C93 /* Debug */,
				5C75827D28695DA6001D0C93 /* Release */,
			);
			defaultConfigurationIsVisible = 0;
			defaultConfigurationName = Debug;
		};
		5C9C0A5328697DD50040C53C /* Build configuration list for PBXNativeTarget "RemoteProctoring-iPad" */ = {
			isa = XCConfigurationList;
			buildConfigurations = (
				5C9C0A5428697DD50040C53C /* Debug */,
				5C9C0A5528697DD50040C53C /* Release */,
			);
			defaultConfigurationIsVisible = 0;
			defaultConfigurationName = Debug;
		};
/* End XCConfigurationList section */

/* Begin XCRemoteSwiftPackageReference section */
		5C24AE0228AC590D00493E9E /* XCRemoteSwiftPackageReference "client-sdk-swift" */ = {
			isa = XCRemoteSwiftPackageReference;
			repositoryURL = "https://github.com/livekit/client-sdk-swift.git";
			requirement = {
				kind = upToNextMajorVersion;
				minimumVersion = 1.0.0;
			};
		};
		5C4DBCC428A500B5007E72D4 /* XCRemoteSwiftPackageReference "promises" */ = {
			isa = XCRemoteSwiftPackageReference;
			repositoryURL = "https://github.com/google/promises.git";
			requirement = {
				kind = upToNextMajorVersion;
				minimumVersion = 2.1.0;
			};
		};
		5C89815328D0445A00EE734D /* XCRemoteSwiftPackageReference "lottie-ios" */ = {
			isa = XCRemoteSwiftPackageReference;
			repositoryURL = "https://github.com/airbnb/lottie-ios";
			requirement = {
				kind = upToNextMajorVersion;
				minimumVersion = 3.0.0;
			};
		};
		5C92651828AD642900BAEA60 /* XCRemoteSwiftPackageReference "apollo-ios" */ = {
			isa = XCRemoteSwiftPackageReference;
			repositoryURL = "https://github.com/apollographql/apollo-ios.git";
			requirement = {
				kind = upToNextMajorVersion;
				minimumVersion = 0.9.5;
			};
		};
		5C9EF59D28CE86760081B26A /* XCRemoteSwiftPackageReference "neumorphic" */ = {
			isa = XCRemoteSwiftPackageReference;
			repositoryURL = "https://github.com/costachung/neumorphic/";
			requirement = {
				kind = upToNextMajorVersion;
				minimumVersion = 2.0.5;
			};
		};
		5C9EF5A028CE89630081B26A /* XCRemoteSwiftPackageReference "AnimatableGradients" */ = {
			isa = XCRemoteSwiftPackageReference;
			repositoryURL = "https://github.com/CypherPoet/AnimatableGradients";
			requirement = {
				kind = upToNextMajorVersion;
				minimumVersion = 0.1.1;
			};
		};
		5CC5F3C428CE753000398B30 /* XCRemoteSwiftPackageReference "ElegantCalendar" */ = {
			isa = XCRemoteSwiftPackageReference;
			repositoryURL = "https://github.com/ThasianX/ElegantCalendar";
			requirement = {
				kind = upToNextMajorVersion;
				minimumVersion = 4.2.0;
			};
		};
		5CD6EC9C286F47E10059BEB7 /* XCRemoteSwiftPackageReference "Navajo-Swift" */ = {
			isa = XCRemoteSwiftPackageReference;
			repositoryURL = "https://github.com/Wistas23/Navajo-Swift.git";
			requirement = {
				kind = upToNextMajorVersion;
				minimumVersion = 2.0.0;
			};
		};
		5CDD84F628CCB44F00862424 /* XCRemoteSwiftPackageReference "fluentui-apple" */ = {
			isa = XCRemoteSwiftPackageReference;
			repositoryURL = "https://github.com/microsoft/fluentui-apple.git";
			requirement = {
				kind = upToNextMajorVersion;
				minimumVersion = 0.8.0;
			};
		};
		5CE900BE286D655300045E6E /* XCRemoteSwiftPackageReference "KeychainAccess" */ = {
			isa = XCRemoteSwiftPackageReference;
			repositoryURL = "https://github.com/kishikawakatsumi/KeychainAccess.git";
			requirement = {
				kind = upToNextMajorVersion;
				minimumVersion = 3.0.0;
			};
		};
		5CED70FA28D03A82008ADFCC /* XCRemoteSwiftPackageReference "shiny" */ = {
			isa = XCRemoteSwiftPackageReference;
			repositoryURL = "https://github.com/maustinstar/shiny.git";
			requirement = {
				branch = master;
				kind = branch;
			};
		};
		5CED70FB28D03BDD008ADFCC /* XCRemoteSwiftPackageReference "IrregularGradient" */ = {
			isa = XCRemoteSwiftPackageReference;
			repositoryURL = "https://github.com/joogps/IrregularGradient";
			requirement = {
				branch = main;
				kind = branch;
			};
		};
		5CED70FC28D03C2B008ADFCC /* XCRemoteSwiftPackageReference "Pow" */ = {
			isa = XCRemoteSwiftPackageReference;
			repositoryURL = "https://github.com/movingparts-io/Pow";
			requirement = {
				branch = main;
				kind = branch;
			};
		};
		5CED70FD28D03C84008ADFCC /* XCRemoteSwiftPackageReference "liquid" */ = {
			isa = XCRemoteSwiftPackageReference;
			repositoryURL = "https://github.com/maustinstar/liquid.git";
			requirement = {
				branch = master;
				kind = branch;
			};
		};
		5CED70FE28D03D4A008ADFCC /* XCRemoteSwiftPackageReference "PartialSheet" */ = {
			isa = XCRemoteSwiftPackageReference;
			repositoryURL = "https://github.com/AndreaMiotto/PartialSheet";
			requirement = {
				kind = upToNextMajorVersion;
				minimumVersion = 3.0.0;
			};
		};
		5CFF57BA28AAE2EB0060B953 /* XCRemoteSwiftPackageReference "swift-collections" */ = {
			isa = XCRemoteSwiftPackageReference;
			repositoryURL = "https://github.com/apple/swift-collections.git";
			requirement = {
				kind = exactVersion;
				version = 1.0.2;
			};
		};
/* End XCRemoteSwiftPackageReference section */

/* Begin XCSwiftPackageProductDependency section */
		5C24AE0328AC590D00493E9E /* LiveKit */ = {
			isa = XCSwiftPackageProductDependency;
			package = 5C24AE0228AC590D00493E9E /* XCRemoteSwiftPackageReference "client-sdk-swift" */;
			productName = LiveKit;
		};
		5C24AE0528AC595E00493E9E /* LiveKit */ = {
			isa = XCSwiftPackageProductDependency;
			package = 5C24AE0228AC590D00493E9E /* XCRemoteSwiftPackageReference "client-sdk-swift" */;
			productName = LiveKit;
		};
		5C9EF59E28CE86760081B26A /* Neumorphic */ = {
			isa = XCSwiftPackageProductDependency;
			package = 5C9EF59D28CE86760081B26A /* XCRemoteSwiftPackageReference "neumorphic" */;
			productName = Neumorphic;
		};
		5C9EF5A128CE89630081B26A /* AnimatableGradients */ = {
			isa = XCSwiftPackageProductDependency;
			package = 5C9EF5A028CE89630081B26A /* XCRemoteSwiftPackageReference "AnimatableGradients" */;
			productName = AnimatableGradients;
		};
		5CA65DE528AD6F0D00624780 /* Apollo */ = {
			isa = XCSwiftPackageProductDependency;
			package = 5C92651828AD642900BAEA60 /* XCRemoteSwiftPackageReference "apollo-ios" */;
			productName = Apollo;
		};
		5CA65DE728AD6F0D00624780 /* ApolloSQLite */ = {
			isa = XCSwiftPackageProductDependency;
			package = 5C92651828AD642900BAEA60 /* XCRemoteSwiftPackageReference "apollo-ios" */;
			productName = ApolloSQLite;
		};
		5CA65DE928AD6F0D00624780 /* ApolloWebSocket */ = {
			isa = XCSwiftPackageProductDependency;
			package = 5C92651828AD642900BAEA60 /* XCRemoteSwiftPackageReference "apollo-ios" */;
			productName = ApolloWebSocket;
		};
		5CA65DEB28AD6F1E00624780 /* Apollo */ = {
			isa = XCSwiftPackageProductDependency;
			package = 5C92651828AD642900BAEA60 /* XCRemoteSwiftPackageReference "apollo-ios" */;
			productName = Apollo;
		};
		5CA65DED28AD6F1E00624780 /* ApolloSQLite */ = {
			isa = XCSwiftPackageProductDependency;
			package = 5C92651828AD642900BAEA60 /* XCRemoteSwiftPackageReference "apollo-ios" */;
			productName = ApolloSQLite;
		};
		5CA65DEF28AD6F1F00624780 /* ApolloWebSocket */ = {
			isa = XCSwiftPackageProductDependency;
			package = 5C92651828AD642900BAEA60 /* XCRemoteSwiftPackageReference "apollo-ios" */;
			productName = ApolloWebSocket;
		};
		5CAE631728A516E4006B33DF /* Promises */ = {
			isa = XCSwiftPackageProductDependency;
			package = 5C4DBCC428A500B5007E72D4 /* XCRemoteSwiftPackageReference "promises" */;
			productName = Promises;
		};
		5CAE631928A51700006B33DF /* Promises */ = {
			isa = XCSwiftPackageProductDependency;
			package = 5C4DBCC428A500B5007E72D4 /* XCRemoteSwiftPackageReference "promises" */;
			productName = Promises;
		};
		5CD6EC9F286F48480059BEB7 /* Navajo-Swift */ = {
			isa = XCSwiftPackageProductDependency;
			package = 5CD6EC9C286F47E10059BEB7 /* XCRemoteSwiftPackageReference "Navajo-Swift" */;
			productName = "Navajo-Swift";
		};
		5CD6ECA1286F48540059BEB7 /* Navajo-Swift */ = {
			isa = XCSwiftPackageProductDependency;
			package = 5CD6EC9C286F47E10059BEB7 /* XCRemoteSwiftPackageReference "Navajo-Swift" */;
			productName = "Navajo-Swift";
		};
		5CE2D10628AC43F50022DFFE /* Collections */ = {
			isa = XCSwiftPackageProductDependency;
			package = 5CFF57BA28AAE2EB0060B953 /* XCRemoteSwiftPackageReference "swift-collections" */;
			productName = Collections;
		};
		5CE2D10828AC43F50022DFFE /* DequeModule */ = {
			isa = XCSwiftPackageProductDependency;
			package = 5CFF57BA28AAE2EB0060B953 /* XCRemoteSwiftPackageReference "swift-collections" */;
			productName = DequeModule;
		};
		5CE2D10A28AC43F50022DFFE /* OrderedCollections */ = {
			isa = XCSwiftPackageProductDependency;
			package = 5CFF57BA28AAE2EB0060B953 /* XCRemoteSwiftPackageReference "swift-collections" */;
			productName = OrderedCollections;
		};
		5CE8717B28D08619005DD532 /* Neumorphic */ = {
			isa = XCSwiftPackageProductDependency;
			package = 5C9EF59D28CE86760081B26A /* XCRemoteSwiftPackageReference "neumorphic" */;
			productName = Neumorphic;
		};
		5CE900C1286D655D00045E6E /* KeychainAccess */ = {
			isa = XCSwiftPackageProductDependency;
			package = 5CE900BE286D655300045E6E /* XCRemoteSwiftPackageReference "KeychainAccess" */;
			productName = KeychainAccess;
		};
		5CE900C3286D656300045E6E /* KeychainAccess */ = {
			isa = XCSwiftPackageProductDependency;
			package = 5CE900BE286D655300045E6E /* XCRemoteSwiftPackageReference "KeychainAccess" */;
			productName = KeychainAccess;
		};
		5CFF57BB28AAE2EB0060B953 /* Collections */ = {
			isa = XCSwiftPackageProductDependency;
			package = 5CFF57BA28AAE2EB0060B953 /* XCRemoteSwiftPackageReference "swift-collections" */;
			productName = Collections;
		};
		5CFF57BD28AAE2EB0060B953 /* DequeModule */ = {
			isa = XCSwiftPackageProductDependency;
			package = 5CFF57BA28AAE2EB0060B953 /* XCRemoteSwiftPackageReference "swift-collections" */;
			productName = DequeModule;
		};
		5CFF57BF28AAE2EB0060B953 /* OrderedCollections */ = {
			isa = XCSwiftPackageProductDependency;
			package = 5CFF57BA28AAE2EB0060B953 /* XCRemoteSwiftPackageReference "swift-collections" */;
			productName = OrderedCollections;
		};
/* End XCSwiftPackageProductDependency section */
	};
	rootObject = 5C75826728695DA1001D0C93 /* Project object */;
}
