// !$*UTF8*$!
{
	archiveVersion = 1;
	classes = {
	};
	objectVersion = 56;
	objects = {

/* Begin PBXBuildFile section */
		49A8D3063B4393EB922DF7D1 /* Pods_RemoteProctoring_iPhone.framework in Frameworks */ = {isa = PBXBuildFile; fileRef = EC90275EA5393EFEB9C47077 /* Pods_RemoteProctoring_iPhone.framework */; };
		5C1A22E8286960D000AA2636 /* ContentView.swift in Sources */ = {isa = PBXBuildFile; fileRef = 5C75827428695DA1001D0C93 /* ContentView.swift */; };
		5C1A22E9286960D000AA2636 /* RemoteProctoringApp.swift in Sources */ = {isa = PBXBuildFile; fileRef = 5C75827228695DA1001D0C93 /* RemoteProctoringApp.swift */; };
		5C1A22EC286960D000AA2636 /* Preview Assets.xcassets in Resources */ = {isa = PBXBuildFile; fileRef = 5C75827A28695DA6001D0C93 /* Preview Assets.xcassets */; };
		5C1A22ED286960D000AA2636 /* Assets.xcassets in Resources */ = {isa = PBXBuildFile; fileRef = 5C75827628695DA6001D0C93 /* Assets.xcassets */; };
		5C1A22F5286963BF00AA2636 /* Launch Screen.storyboard in Resources */ = {isa = PBXBuildFile; fileRef = 5C1A22F4286963BF00AA2636 /* Launch Screen.storyboard */; };
		5C1A22F6286963BF00AA2636 /* Launch Screen.storyboard in Resources */ = {isa = PBXBuildFile; fileRef = 5C1A22F4286963BF00AA2636 /* Launch Screen.storyboard */; };
		5C75827328695DA1001D0C93 /* RemoteProctoringApp.swift in Sources */ = {isa = PBXBuildFile; fileRef = 5C75827228695DA1001D0C93 /* RemoteProctoringApp.swift */; };
		5C75827528695DA1001D0C93 /* ContentView.swift in Sources */ = {isa = PBXBuildFile; fileRef = 5C75827428695DA1001D0C93 /* ContentView.swift */; };
		5C75827728695DA6001D0C93 /* Assets.xcassets in Resources */ = {isa = PBXBuildFile; fileRef = 5C75827628695DA6001D0C93 /* Assets.xcassets */; };
		5C75827B28695DA6001D0C93 /* Preview Assets.xcassets in Resources */ = {isa = PBXBuildFile; fileRef = 5C75827A28695DA6001D0C93 /* Preview Assets.xcassets */; };
		5C9C0A322869722E0040C53C /* Apollo in Frameworks */ = {isa = PBXBuildFile; productRef = 5C9C0A312869722E0040C53C /* Apollo */; };
		5C9C0A342869722E0040C53C /* ApolloWebSocket in Frameworks */ = {isa = PBXBuildFile; productRef = 5C9C0A332869722E0040C53C /* ApolloWebSocket */; };
		5C9C0A3B286975BF0040C53C /* API.swift in Sources */ = {isa = PBXBuildFile; fileRef = 5C9C0A3A286975BE0040C53C /* API.swift */; };
		5C9C0A3C286975BF0040C53C /* API.swift in Sources */ = {isa = PBXBuildFile; fileRef = 5C9C0A3A286975BE0040C53C /* API.swift */; };
		5C9C0A3E286976160040C53C /* Network.swift in Sources */ = {isa = PBXBuildFile; fileRef = 5C9C0A3D286976160040C53C /* Network.swift */; };
		5C9C0A3F286976160040C53C /* Network.swift in Sources */ = {isa = PBXBuildFile; fileRef = 5C9C0A3D286976160040C53C /* Network.swift */; };
		C73DFE38FEE1B87BFF112918 /* Pods_RemoteProctoring_macOS_iPad.framework in Frameworks */ = {isa = PBXBuildFile; fileRef = 0881FDF5F47D533CF237F0E4 /* Pods_RemoteProctoring_macOS_iPad.framework */; };
/* End PBXBuildFile section */

/* Begin PBXFileReference section */
		0881FDF5F47D533CF237F0E4 /* Pods_RemoteProctoring_macOS_iPad.framework */ = {isa = PBXFileReference; explicitFileType = wrapper.framework; includeInIndex = 0; path = Pods_RemoteProctoring_macOS_iPad.framework; sourceTree = BUILT_PRODUCTS_DIR; };
		2BED6A88CBA9AD08FAA93F30 /* Pods-RemoteProctoring-iPhone.debug.xcconfig */ = {isa = PBXFileReference; includeInIndex = 1; lastKnownFileType = text.xcconfig; name = "Pods-RemoteProctoring-iPhone.debug.xcconfig"; path = "Target Support Files/Pods-RemoteProctoring-iPhone/Pods-RemoteProctoring-iPhone.debug.xcconfig"; sourceTree = "<group>"; };
		5C1A22F1286960D000AA2636 /* RemoteProctoring-macOS-iPad.app */ = {isa = PBXFileReference; explicitFileType = wrapper.application; includeInIndex = 0; path = "RemoteProctoring-macOS-iPad.app"; sourceTree = BUILT_PRODUCTS_DIR; };
		5C1A22F4286963BF00AA2636 /* Launch Screen.storyboard */ = {isa = PBXFileReference; fileEncoding = 4; lastKnownFileType = file.storyboard; path = "Launch Screen.storyboard"; sourceTree = "<group>"; };
		5C75826F28695DA1001D0C93 /* RemoteProctoring-iPhone.app */ = {isa = PBXFileReference; explicitFileType = wrapper.application; includeInIndex = 0; path = "RemoteProctoring-iPhone.app"; sourceTree = BUILT_PRODUCTS_DIR; };
		5C75827228695DA1001D0C93 /* RemoteProctoringApp.swift */ = {isa = PBXFileReference; lastKnownFileType = sourcecode.swift; path = RemoteProctoringApp.swift; sourceTree = "<group>"; };
		5C75827428695DA1001D0C93 /* ContentView.swift */ = {isa = PBXFileReference; lastKnownFileType = sourcecode.swift; path = ContentView.swift; sourceTree = "<group>"; };
		5C75827628695DA6001D0C93 /* Assets.xcassets */ = {isa = PBXFileReference; lastKnownFileType = folder.assetcatalog; path = Assets.xcassets; sourceTree = "<group>"; };
		5C75827828695DA6001D0C93 /* RemoteProctoring.entitlements */ = {isa = PBXFileReference; lastKnownFileType = text.plist.entitlements; path = RemoteProctoring.entitlements; sourceTree = "<group>"; };
		5C75827A28695DA6001D0C93 /* Preview Assets.xcassets */ = {isa = PBXFileReference; lastKnownFileType = folder.assetcatalog; path = "Preview Assets.xcassets"; sourceTree = "<group>"; };
		5C9C0A39286975950040C53C /* loginUser.graphql */ = {isa = PBXFileReference; lastKnownFileType = text; path = loginUser.graphql; sourceTree = "<group>"; };
		5C9C0A3A286975BE0040C53C /* API.swift */ = {isa = PBXFileReference; fileEncoding = 4; lastKnownFileType = sourcecode.swift; path = API.swift; sourceTree = "<group>"; };
		5C9C0A3D286976160040C53C /* Network.swift */ = {isa = PBXFileReference; lastKnownFileType = sourcecode.swift; path = Network.swift; sourceTree = "<group>"; };
		A56727F05923F7FB4F6FC520 /* Pods-RemoteProctoring-iPhone.release.xcconfig */ = {isa = PBXFileReference; includeInIndex = 1; lastKnownFileType = text.xcconfig; name = "Pods-RemoteProctoring-iPhone.release.xcconfig"; path = "Target Support Files/Pods-RemoteProctoring-iPhone/Pods-RemoteProctoring-iPhone.release.xcconfig"; sourceTree = "<group>"; };
		E1A49785B007BAB252983537 /* Pods-RemoteProctoring-macOS-iPad.release.xcconfig */ = {isa = PBXFileReference; includeInIndex = 1; lastKnownFileType = text.xcconfig; name = "Pods-RemoteProctoring-macOS-iPad.release.xcconfig"; path = "Target Support Files/Pods-RemoteProctoring-macOS-iPad/Pods-RemoteProctoring-macOS-iPad.release.xcconfig"; sourceTree = "<group>"; };
		EC90275EA5393EFEB9C47077 /* Pods_RemoteProctoring_iPhone.framework */ = {isa = PBXFileReference; explicitFileType = wrapper.framework; includeInIndex = 0; path = Pods_RemoteProctoring_iPhone.framework; sourceTree = BUILT_PRODUCTS_DIR; };
		F5BCF2E1CD21A38F7486E535 /* Pods-RemoteProctoring-macOS-iPad.debug.xcconfig */ = {isa = PBXFileReference; includeInIndex = 1; lastKnownFileType = text.xcconfig; name = "Pods-RemoteProctoring-macOS-iPad.debug.xcconfig"; path = "Target Support Files/Pods-RemoteProctoring-macOS-iPad/Pods-RemoteProctoring-macOS-iPad.debug.xcconfig"; sourceTree = "<group>"; };
/* End PBXFileReference section */

/* Begin PBXFrameworksBuildPhase section */
		5C1A22EA286960D000AA2636 /* Frameworks */ = {
			isa = PBXFrameworksBuildPhase;
			buildActionMask = 2147483647;
			files = (
				C73DFE38FEE1B87BFF112918 /* Pods_RemoteProctoring_macOS_iPad.framework in Frameworks */,
				5C9C0A342869722E0040C53C /* ApolloWebSocket in Frameworks */,
				5C9C0A322869722E0040C53C /* Apollo in Frameworks */,
			);
			runOnlyForDeploymentPostprocessing = 0;
		};
		5C75826C28695DA1001D0C93 /* Frameworks */ = {
			isa = PBXFrameworksBuildPhase;
			buildActionMask = 2147483647;
			files = (
				49A8D3063B4393EB922DF7D1 /* Pods_RemoteProctoring_iPhone.framework in Frameworks */,
			);
			runOnlyForDeploymentPostprocessing = 0;
		};
/* End PBXFrameworksBuildPhase section */

/* Begin PBXGroup section */
		5C75826628695DA1001D0C93 = {
			isa = PBXGroup;
			children = (
				5C75827128695DA1001D0C93 /* RemoteProctoring */,
				5C75827028695DA1001D0C93 /* Products */,
				CE57E6B514A7546B7A437F23 /* Pods */,
				686B21DFC64F966058B0601D /* Frameworks */,
			);
			sourceTree = "<group>";
		};
		5C75827028695DA1001D0C93 /* Products */ = {
			isa = PBXGroup;
			children = (
				5C75826F28695DA1001D0C93 /* RemoteProctoring-iPhone.app */,
				5C1A22F1286960D000AA2636 /* RemoteProctoring-macOS-iPad.app */,
			);
			name = Products;
			sourceTree = "<group>";
		};
		5C75827128695DA1001D0C93 /* RemoteProctoring */ = {
			isa = PBXGroup;
			children = (
				5C9C0A3A286975BE0040C53C /* API.swift */,
				5C9C0A39286975950040C53C /* loginUser.graphql */,
				5C75827228695DA1001D0C93 /* RemoteProctoringApp.swift */,
				5C75827428695DA1001D0C93 /* ContentView.swift */,
				5C1A22F4286963BF00AA2636 /* Launch Screen.storyboard */,
				5C75827628695DA6001D0C93 /* Assets.xcassets */,
				5C75827828695DA6001D0C93 /* RemoteProctoring.entitlements */,
				5C75827928695DA6001D0C93 /* Preview Content */,
				5C9C0A3D286976160040C53C /* Network.swift */,
			);
			path = RemoteProctoring;
			sourceTree = "<group>";
		};
		5C75827928695DA6001D0C93 /* Preview Content */ = {
			isa = PBXGroup;
			children = (
				5C75827A28695DA6001D0C93 /* Preview Assets.xcassets */,
			);
			path = "Preview Content";
			sourceTree = "<group>";
		};
		686B21DFC64F966058B0601D /* Frameworks */ = {
			isa = PBXGroup;
			children = (
				EC90275EA5393EFEB9C47077 /* Pods_RemoteProctoring_iPhone.framework */,
				0881FDF5F47D533CF237F0E4 /* Pods_RemoteProctoring_macOS_iPad.framework */,
			);
			name = Frameworks;
			sourceTree = "<group>";
		};
		CE57E6B514A7546B7A437F23 /* Pods */ = {
			isa = PBXGroup;
			children = (
				2BED6A88CBA9AD08FAA93F30 /* Pods-RemoteProctoring-iPhone.debug.xcconfig */,
				A56727F05923F7FB4F6FC520 /* Pods-RemoteProctoring-iPhone.release.xcconfig */,
				F5BCF2E1CD21A38F7486E535 /* Pods-RemoteProctoring-macOS-iPad.debug.xcconfig */,
				E1A49785B007BAB252983537 /* Pods-RemoteProctoring-macOS-iPad.release.xcconfig */,
			);
			path = Pods;
			sourceTree = "<group>";
		};
/* End PBXGroup section */

/* Begin PBXNativeTarget section */
		5C1A22E6286960D000AA2636 /* RemoteProctoring-macOS-iPad */ = {
			isa = PBXNativeTarget;
			buildConfigurationList = 5C1A22EE286960D000AA2636 /* Build configuration list for PBXNativeTarget "RemoteProctoring-macOS-iPad" */;
			buildPhases = (
				3323DDACFB246163DABA9116 /* [CP] Check Pods Manifest.lock */,
				5C1A22E7286960D000AA2636 /* Sources */,
				5C1A22EA286960D000AA2636 /* Frameworks */,
				5C1A22EB286960D000AA2636 /* Resources */,
				8EA947DC69A0AB8C425B063B /* [CP] Embed Pods Frameworks */,
			);
			buildRules = (
			);
			dependencies = (
			);
			name = "RemoteProctoring-macOS-iPad";
			packageProductDependencies = (
				5C9C0A312869722E0040C53C /* Apollo */,
				5C9C0A332869722E0040C53C /* ApolloWebSocket */,
			);
			productName = RemoteProctoring;
			productReference = 5C1A22F1286960D000AA2636 /* RemoteProctoring-macOS-iPad.app */;
			productType = "com.apple.product-type.application";
		};
		5C75826E28695DA1001D0C93 /* RemoteProctoring-iPhone */ = {
			isa = PBXNativeTarget;
			buildConfigurationList = 5C75827E28695DA6001D0C93 /* Build configuration list for PBXNativeTarget "RemoteProctoring-iPhone" */;
			buildPhases = (
				5C1A230E286967B100AA2636 /* Apollo */,
				4DDC7F4DAD4148045F7BA97A /* [CP] Check Pods Manifest.lock */,
				5C75826B28695DA1001D0C93 /* Sources */,
				5C75826C28695DA1001D0C93 /* Frameworks */,
				5C75826D28695DA1001D0C93 /* Resources */,
				2191D4D6BE2A0A3A703B0FEC /* [CP] Embed Pods Frameworks */,
			);
			buildRules = (
			);
			dependencies = (
			);
			name = "RemoteProctoring-iPhone";
			packageProductDependencies = (
			);
			productName = RemoteProctoring;
			productReference = 5C75826F28695DA1001D0C93 /* RemoteProctoring-iPhone.app */;
			productType = "com.apple.product-type.application";
		};
/* End PBXNativeTarget section */

/* Begin PBXProject section */
		5C75826728695DA1001D0C93 /* Project object */ = {
			isa = PBXProject;
			attributes = {
				BuildIndependentTargetsInParallel = 1;
				LastSwiftUpdateCheck = 1400;
				LastUpgradeCheck = 1400;
				TargetAttributes = {
					5C75826E28695DA1001D0C93 = {
						CreatedOnToolsVersion = 14.0;
					};
				};
			};
			buildConfigurationList = 5C75826A28695DA1001D0C93 /* Build configuration list for PBXProject "RemoteProctoring" */;
			compatibilityVersion = "Xcode 14.0";
			developmentRegion = en;
			hasScannedForEncodings = 0;
			knownRegions = (
				en,
				Base,
			);
			mainGroup = 5C75826628695DA1001D0C93;
			packageReferences = (
				5C9C0A302869722E0040C53C /* XCRemoteSwiftPackageReference "apollo-ios" */,
			);
			productRefGroup = 5C75827028695DA1001D0C93 /* Products */;
			projectDirPath = "";
			projectRoot = "";
			targets = (
				5C75826E28695DA1001D0C93 /* RemoteProctoring-iPhone */,
				5C1A22E6286960D000AA2636 /* RemoteProctoring-macOS-iPad */,
			);
		};
/* End PBXProject section */

/* Begin PBXResourcesBuildPhase section */
		5C1A22EB286960D000AA2636 /* Resources */ = {
			isa = PBXResourcesBuildPhase;
			buildActionMask = 2147483647;
			files = (
				5C1A22F6286963BF00AA2636 /* Launch Screen.storyboard in Resources */,
				5C1A22EC286960D000AA2636 /* Preview Assets.xcassets in Resources */,
				5C1A22ED286960D000AA2636 /* Assets.xcassets in Resources */,
			);
			runOnlyForDeploymentPostprocessing = 0;
		};
		5C75826D28695DA1001D0C93 /* Resources */ = {
			isa = PBXResourcesBuildPhase;
			buildActionMask = 2147483647;
			files = (
				5C1A22F5286963BF00AA2636 /* Launch Screen.storyboard in Resources */,
				5C75827B28695DA6001D0C93 /* Preview Assets.xcassets in Resources */,
				5C75827728695DA6001D0C93 /* Assets.xcassets in Resources */,
			);
			runOnlyForDeploymentPostprocessing = 0;
		};
/* End PBXResourcesBuildPhase section */

/* Begin PBXShellScriptBuildPhase section */
		2191D4D6BE2A0A3A703B0FEC /* [CP] Embed Pods Frameworks */ = {
			isa = PBXShellScriptBuildPhase;
			buildActionMask = 2147483647;
			files = (
			);
			inputFileListPaths = (
				"${PODS_ROOT}/Target Support Files/Pods-RemoteProctoring-iPhone/Pods-RemoteProctoring-iPhone-frameworks-${CONFIGURATION}-input-files.xcfilelist",
			);
			name = "[CP] Embed Pods Frameworks";
			outputFileListPaths = (
				"${PODS_ROOT}/Target Support Files/Pods-RemoteProctoring-iPhone/Pods-RemoteProctoring-iPhone-frameworks-${CONFIGURATION}-output-files.xcfilelist",
			);
			runOnlyForDeploymentPostprocessing = 0;
			shellPath = /bin/sh;
			shellScript = "\"${PODS_ROOT}/Target Support Files/Pods-RemoteProctoring-iPhone/Pods-RemoteProctoring-iPhone-frameworks.sh\"\n";
			showEnvVarsInLog = 0;
		};
		3323DDACFB246163DABA9116 /* [CP] Check Pods Manifest.lock */ = {
			isa = PBXShellScriptBuildPhase;
			buildActionMask = 2147483647;
			files = (
			);
			inputFileListPaths = (
			);
			inputPaths = (
				"${PODS_PODFILE_DIR_PATH}/Podfile.lock",
				"${PODS_ROOT}/Manifest.lock",
			);
			name = "[CP] Check Pods Manifest.lock";
			outputFileListPaths = (
			);
			outputPaths = (
				"$(DERIVED_FILE_DIR)/Pods-RemoteProctoring-macOS-iPad-checkManifestLockResult.txt",
			);
			runOnlyForDeploymentPostprocessing = 0;
			shellPath = /bin/sh;
			shellScript = "diff \"${PODS_PODFILE_DIR_PATH}/Podfile.lock\" \"${PODS_ROOT}/Manifest.lock\" > /dev/null\nif [ $? != 0 ] ; then\n    # print error to STDERR\n    echo \"error: The sandbox is not in sync with the Podfile.lock. Run 'pod install' or update your CocoaPods installation.\" >&2\n    exit 1\nfi\n# This output is used by Xcode 'outputs' to avoid re-running this script phase.\necho \"SUCCESS\" > \"${SCRIPT_OUTPUT_FILE_0}\"\n";
			showEnvVarsInLog = 0;
		};
		4DDC7F4DAD4148045F7BA97A /* [CP] Check Pods Manifest.lock */ = {
			isa = PBXShellScriptBuildPhase;
			buildActionMask = 2147483647;
			files = (
			);
			inputFileListPaths = (
			);
			inputPaths = (
				"${PODS_PODFILE_DIR_PATH}/Podfile.lock",
				"${PODS_ROOT}/Manifest.lock",
			);
			name = "[CP] Check Pods Manifest.lock";
			outputFileListPaths = (
			);
			outputPaths = (
				"$(DERIVED_FILE_DIR)/Pods-RemoteProctoring-iPhone-checkManifestLockResult.txt",
			);
			runOnlyForDeploymentPostprocessing = 0;
			shellPath = /bin/sh;
			shellScript = "diff \"${PODS_PODFILE_DIR_PATH}/Podfile.lock\" \"${PODS_ROOT}/Manifest.lock\" > /dev/null\nif [ $? != 0 ] ; then\n    # print error to STDERR\n    echo \"error: The sandbox is not in sync with the Podfile.lock. Run 'pod install' or update your CocoaPods installation.\" >&2\n    exit 1\nfi\n# This output is used by Xcode 'outputs' to avoid re-running this script phase.\necho \"SUCCESS\" > \"${SCRIPT_OUTPUT_FILE_0}\"\n";
			showEnvVarsInLog = 0;
		};
		5C1A230E286967B100AA2636 /* Apollo */ = {
			isa = PBXShellScriptBuildPhase;
			buildActionMask = 2147483647;
			files = (
			);
			inputFileListPaths = (
			);
			inputPaths = (
			);
			name = Apollo;
			outputFileListPaths = (
			);
			outputPaths = (
			);
			runOnlyForDeploymentPostprocessing = 0;
			shellPath = /bin/sh;
			shellScript = "# Don't run this during index builds\nif [ $ACTION = \"indexbuild\" ]; then exit 0; fi\n\ncd \"${SRCROOT}\"/ApolloCodegen\nxcrun -sdk macosx swift run ApolloCodegen generate\n\n# propagate the xcrun call's return code to Xcode\nexit $?\n";
		};
		8EA947DC69A0AB8C425B063B /* [CP] Embed Pods Frameworks */ = {
			isa = PBXShellScriptBuildPhase;
			buildActionMask = 2147483647;
			files = (
			);
			inputFileListPaths = (
				"${PODS_ROOT}/Target Support Files/Pods-RemoteProctoring-macOS-iPad/Pods-RemoteProctoring-macOS-iPad-frameworks-${CONFIGURATION}-input-files.xcfilelist",
			);
			name = "[CP] Embed Pods Frameworks";
			outputFileListPaths = (
				"${PODS_ROOT}/Target Support Files/Pods-RemoteProctoring-macOS-iPad/Pods-RemoteProctoring-macOS-iPad-frameworks-${CONFIGURATION}-output-files.xcfilelist",
			);
			runOnlyForDeploymentPostprocessing = 0;
			shellPath = /bin/sh;
			shellScript = "\"${PODS_ROOT}/Target Support Files/Pods-RemoteProctoring-macOS-iPad/Pods-RemoteProctoring-macOS-iPad-frameworks.sh\"\n";
			showEnvVarsInLog = 0;
		};
/* End PBXShellScriptBuildPhase section */

/* Begin PBXSourcesBuildPhase section */
		5C1A22E7286960D000AA2636 /* Sources */ = {
			isa = PBXSourcesBuildPhase;
			buildActionMask = 2147483647;
			files = (
				5C1A22E8286960D000AA2636 /* ContentView.swift in Sources */,
				5C9C0A3C286975BF0040C53C /* API.swift in Sources */,
				5C9C0A3F286976160040C53C /* Network.swift in Sources */,
				5C1A22E9286960D000AA2636 /* RemoteProctoringApp.swift in Sources */,
			);
			runOnlyForDeploymentPostprocessing = 0;
		};
		5C75826B28695DA1001D0C93 /* Sources */ = {
			isa = PBXSourcesBuildPhase;
			buildActionMask = 2147483647;
			files = (
				5C75827528695DA1001D0C93 /* ContentView.swift in Sources */,
				5C9C0A3B286975BF0040C53C /* API.swift in Sources */,
				5C9C0A3E286976160040C53C /* Network.swift in Sources */,
				5C75827328695DA1001D0C93 /* RemoteProctoringApp.swift in Sources */,
			);
			runOnlyForDeploymentPostprocessing = 0;
		};
/* End PBXSourcesBuildPhase section */

/* Begin XCBuildConfiguration section */
		5C1A22EF286960D000AA2636 /* Debug */ = {
			isa = XCBuildConfiguration;
			baseConfigurationReference = F5BCF2E1CD21A38F7486E535 /* Pods-RemoteProctoring-macOS-iPad.debug.xcconfig */;
			buildSettings = {
				ASSETCATALOG_COMPILER_APPICON_NAME = AppIcon;
				ASSETCATALOG_COMPILER_GLOBAL_ACCENT_COLOR_NAME = AccentColor;
				ASSETCATALOG_COMPILER_INCLUDE_ALL_APPICON_ASSETS = NO;
				CODE_SIGN_ENTITLEMENTS = RemoteProctoring/RemoteProctoring.entitlements;
				CODE_SIGN_STYLE = Automatic;
				CURRENT_PROJECT_VERSION = 1;
				DEVELOPMENT_ASSET_PATHS = "\"RemoteProctoring/Preview Content\"";
				DEVELOPMENT_TEAM = 9FY49AFFG7;
				ENABLE_HARDENED_RUNTIME = YES;
				ENABLE_PREVIEWS = YES;
				GENERATE_INFOPLIST_FILE = YES;
				INFOPLIST_KEY_CFBundleDisplayName = Procted;
				INFOPLIST_KEY_LSApplicationCategoryType = "public.app-category.education";
				"INFOPLIST_KEY_UILaunchScreen_Generation[sdk=iphoneos*]" = YES;
				"INFOPLIST_KEY_UILaunchScreen_Generation[sdk=iphonesimulator*]" = YES;
				INFOPLIST_KEY_UILaunchStoryboardName = "Launch Screen.storyboard";
				INFOPLIST_KEY_UISupportedInterfaceOrientations_iPad = "UIInterfaceOrientationPortrait UIInterfaceOrientationPortraitUpsideDown UIInterfaceOrientationLandscapeLeft UIInterfaceOrientationLandscapeRight";
				INFOPLIST_KEY_UISupportedInterfaceOrientations_iPhone = "UIInterfaceOrientationPortrait UIInterfaceOrientationLandscapeLeft UIInterfaceOrientationLandscapeRight";
				IPHONEOS_DEPLOYMENT_TARGET = 16.0;
				LD_RUNPATH_SEARCH_PATHS = "@executable_path/Frameworks";
				"LD_RUNPATH_SEARCH_PATHS[sdk=macosx*]" = "@executable_path/../Frameworks";
				MACOSX_DEPLOYMENT_TARGET = 12.4;
				MARKETING_VERSION = 1.0;
				PRODUCT_BUNDLE_IDENTIFIER = com.biit.RemoteProctoring;
				PRODUCT_NAME = "$(TARGET_NAME)";
				SDKROOT = auto;
				SUPPORTED_PLATFORMS = "iphoneos iphonesimulator macosx";
				SUPPORTS_MACCATALYST = NO;
				SUPPORTS_MAC_DESIGNED_FOR_IPHONE_IPAD = NO;
				SWIFT_EMIT_LOC_STRINGS = YES;
				SWIFT_VERSION = 5.0;
				TARGETED_DEVICE_FAMILY = 2;
			};
			name = Debug;
		};
		5C1A22F0286960D000AA2636 /* Release */ = {
			isa = XCBuildConfiguration;
			baseConfigurationReference = E1A49785B007BAB252983537 /* Pods-RemoteProctoring-macOS-iPad.release.xcconfig */;
			buildSettings = {
				ASSETCATALOG_COMPILER_APPICON_NAME = AppIcon;
				ASSETCATALOG_COMPILER_GLOBAL_ACCENT_COLOR_NAME = AccentColor;
				ASSETCATALOG_COMPILER_INCLUDE_ALL_APPICON_ASSETS = NO;
				CODE_SIGN_ENTITLEMENTS = RemoteProctoring/RemoteProctoring.entitlements;
				CODE_SIGN_STYLE = Automatic;
				CURRENT_PROJECT_VERSION = 1;
				DEVELOPMENT_ASSET_PATHS = "\"RemoteProctoring/Preview Content\"";
				DEVELOPMENT_TEAM = 9FY49AFFG7;
				ENABLE_HARDENED_RUNTIME = YES;
				ENABLE_PREVIEWS = YES;
				GENERATE_INFOPLIST_FILE = YES;
				INFOPLIST_KEY_CFBundleDisplayName = Procted;
				INFOPLIST_KEY_LSApplicationCategoryType = "public.app-category.education";
				"INFOPLIST_KEY_UILaunchScreen_Generation[sdk=iphoneos*]" = YES;
				"INFOPLIST_KEY_UILaunchScreen_Generation[sdk=iphonesimulator*]" = YES;
				INFOPLIST_KEY_UILaunchStoryboardName = "Launch Screen.storyboard";
				INFOPLIST_KEY_UISupportedInterfaceOrientations_iPad = "UIInterfaceOrientationPortrait UIInterfaceOrientationPortraitUpsideDown UIInterfaceOrientationLandscapeLeft UIInterfaceOrientationLandscapeRight";
				INFOPLIST_KEY_UISupportedInterfaceOrientations_iPhone = "UIInterfaceOrientationPortrait UIInterfaceOrientationLandscapeLeft UIInterfaceOrientationLandscapeRight";
				IPHONEOS_DEPLOYMENT_TARGET = 16.0;
				LD_RUNPATH_SEARCH_PATHS = "@executable_path/Frameworks";
				"LD_RUNPATH_SEARCH_PATHS[sdk=macosx*]" = "@executable_path/../Frameworks";
				MACOSX_DEPLOYMENT_TARGET = 12.4;
				MARKETING_VERSION = 1.0;
				PRODUCT_BUNDLE_IDENTIFIER = com.biit.RemoteProctoring;
				PRODUCT_NAME = "$(TARGET_NAME)";
				SDKROOT = auto;
				SUPPORTED_PLATFORMS = "iphoneos iphonesimulator macosx";
				SUPPORTS_MACCATALYST = NO;
				SUPPORTS_MAC_DESIGNED_FOR_IPHONE_IPAD = NO;
				SWIFT_EMIT_LOC_STRINGS = YES;
				SWIFT_VERSION = 5.0;
				TARGETED_DEVICE_FAMILY = 2;
			};
			name = Release;
		};
		5C75827C28695DA6001D0C93 /* Debug */ = {
			isa = XCBuildConfiguration;
			buildSettings = {
				ALWAYS_SEARCH_USER_PATHS = NO;
				CLANG_ANALYZER_NONNULL = YES;
				CLANG_ANALYZER_NUMBER_OBJECT_CONVERSION = YES_AGGRESSIVE;
				CLANG_CXX_LANGUAGE_STANDARD = "gnu++17";
				CLANG_ENABLE_MODULES = YES;
				CLANG_ENABLE_OBJC_ARC = YES;
				CLANG_ENABLE_OBJC_WEAK = YES;
				CLANG_WARN_BLOCK_CAPTURE_AUTORELEASING = YES;
				CLANG_WARN_BOOL_CONVERSION = YES;
				CLANG_WARN_COMMA = YES;
				CLANG_WARN_CONSTANT_CONVERSION = YES;
				CLANG_WARN_DEPRECATED_OBJC_IMPLEMENTATIONS = YES;
				CLANG_WARN_DIRECT_OBJC_ISA_USAGE = YES_ERROR;
				CLANG_WARN_DOCUMENTATION_COMMENTS = YES;
				CLANG_WARN_EMPTY_BODY = YES;
				CLANG_WARN_ENUM_CONVERSION = YES;
				CLANG_WARN_INFINITE_RECURSION = YES;
				CLANG_WARN_INT_CONVERSION = YES;
				CLANG_WARN_NON_LITERAL_NULL_CONVERSION = YES;
				CLANG_WARN_OBJC_IMPLICIT_RETAIN_SELF = YES;
				CLANG_WARN_OBJC_LITERAL_CONVERSION = YES;
				CLANG_WARN_OBJC_ROOT_CLASS = YES_ERROR;
				CLANG_WARN_QUOTED_INCLUDE_IN_FRAMEWORK_HEADER = YES;
				CLANG_WARN_RANGE_LOOP_ANALYSIS = YES;
				CLANG_WARN_STRICT_PROTOTYPES = YES;
				CLANG_WARN_SUSPICIOUS_MOVE = YES;
				CLANG_WARN_UNGUARDED_AVAILABILITY = YES_AGGRESSIVE;
				CLANG_WARN_UNREACHABLE_CODE = YES;
				CLANG_WARN__DUPLICATE_METHOD_MATCH = YES;
				COPY_PHASE_STRIP = NO;
				DEBUG_INFORMATION_FORMAT = dwarf;
				ENABLE_STRICT_OBJC_MSGSEND = YES;
				ENABLE_TESTABILITY = YES;
				GCC_C_LANGUAGE_STANDARD = gnu11;
				GCC_DYNAMIC_NO_PIC = NO;
				GCC_NO_COMMON_BLOCKS = YES;
				GCC_OPTIMIZATION_LEVEL = 0;
				GCC_PREPROCESSOR_DEFINITIONS = (
					"DEBUG=1",
					"$(inherited)",
				);
				GCC_WARN_64_TO_32_BIT_CONVERSION = YES;
				GCC_WARN_ABOUT_RETURN_TYPE = YES_ERROR;
				GCC_WARN_UNDECLARED_SELECTOR = YES;
				GCC_WARN_UNINITIALIZED_AUTOS = YES_AGGRESSIVE;
				GCC_WARN_UNUSED_FUNCTION = YES;
				GCC_WARN_UNUSED_VARIABLE = YES;
				IPHONEOS_DEPLOYMENT_TARGET = 16.0;
				MACOSX_DEPLOYMENT_TARGET = 12.4;
				MTL_ENABLE_DEBUG_INFO = INCLUDE_SOURCE;
				MTL_FAST_MATH = YES;
				ONLY_ACTIVE_ARCH = YES;
				SWIFT_ACTIVE_COMPILATION_CONDITIONS = DEBUG;
				SWIFT_OPTIMIZATION_LEVEL = "-Onone";
			};
			name = Debug;
		};
		5C75827D28695DA6001D0C93 /* Release */ = {
			isa = XCBuildConfiguration;
			buildSettings = {
				ALWAYS_SEARCH_USER_PATHS = NO;
				CLANG_ANALYZER_NONNULL = YES;
				CLANG_ANALYZER_NUMBER_OBJECT_CONVERSION = YES_AGGRESSIVE;
				CLANG_CXX_LANGUAGE_STANDARD = "gnu++17";
				CLANG_ENABLE_MODULES = YES;
				CLANG_ENABLE_OBJC_ARC = YES;
				CLANG_ENABLE_OBJC_WEAK = YES;
				CLANG_WARN_BLOCK_CAPTURE_AUTORELEASING = YES;
				CLANG_WARN_BOOL_CONVERSION = YES;
				CLANG_WARN_COMMA = YES;
				CLANG_WARN_CONSTANT_CONVERSION = YES;
				CLANG_WARN_DEPRECATED_OBJC_IMPLEMENTATIONS = YES;
				CLANG_WARN_DIRECT_OBJC_ISA_USAGE = YES_ERROR;
				CLANG_WARN_DOCUMENTATION_COMMENTS = YES;
				CLANG_WARN_EMPTY_BODY = YES;
				CLANG_WARN_ENUM_CONVERSION = YES;
				CLANG_WARN_INFINITE_RECURSION = YES;
				CLANG_WARN_INT_CONVERSION = YES;
				CLANG_WARN_NON_LITERAL_NULL_CONVERSION = YES;
				CLANG_WARN_OBJC_IMPLICIT_RETAIN_SELF = YES;
				CLANG_WARN_OBJC_LITERAL_CONVERSION = YES;
				CLANG_WARN_OBJC_ROOT_CLASS = YES_ERROR;
				CLANG_WARN_QUOTED_INCLUDE_IN_FRAMEWORK_HEADER = YES;
				CLANG_WARN_RANGE_LOOP_ANALYSIS = YES;
				CLANG_WARN_STRICT_PROTOTYPES = YES;
				CLANG_WARN_SUSPICIOUS_MOVE = YES;
				CLANG_WARN_UNGUARDED_AVAILABILITY = YES_AGGRESSIVE;
				CLANG_WARN_UNREACHABLE_CODE = YES;
				CLANG_WARN__DUPLICATE_METHOD_MATCH = YES;
				COPY_PHASE_STRIP = NO;
				DEBUG_INFORMATION_FORMAT = "dwarf-with-dsym";
				ENABLE_NS_ASSERTIONS = NO;
				ENABLE_STRICT_OBJC_MSGSEND = YES;
				GCC_C_LANGUAGE_STANDARD = gnu11;
				GCC_NO_COMMON_BLOCKS = YES;
				GCC_WARN_64_TO_32_BIT_CONVERSION = YES;
				GCC_WARN_ABOUT_RETURN_TYPE = YES_ERROR;
				GCC_WARN_UNDECLARED_SELECTOR = YES;
				GCC_WARN_UNINITIALIZED_AUTOS = YES_AGGRESSIVE;
				GCC_WARN_UNUSED_FUNCTION = YES;
				GCC_WARN_UNUSED_VARIABLE = YES;
				IPHONEOS_DEPLOYMENT_TARGET = 16.0;
				MACOSX_DEPLOYMENT_TARGET = 12.4;
				MTL_ENABLE_DEBUG_INFO = NO;
				MTL_FAST_MATH = YES;
				SWIFT_COMPILATION_MODE = wholemodule;
				SWIFT_OPTIMIZATION_LEVEL = "-O";
			};
			name = Release;
		};
		5C75827F28695DA6001D0C93 /* Debug */ = {
			isa = XCBuildConfiguration;
			baseConfigurationReference = 2BED6A88CBA9AD08FAA93F30 /* Pods-RemoteProctoring-iPhone.debug.xcconfig */;
			buildSettings = {
				ASSETCATALOG_COMPILER_APPICON_NAME = AppIcon;
				ASSETCATALOG_COMPILER_GLOBAL_ACCENT_COLOR_NAME = AccentColor;
				CODE_SIGN_ENTITLEMENTS = RemoteProctoring/RemoteProctoring.entitlements;
				CODE_SIGN_STYLE = Automatic;
				CURRENT_PROJECT_VERSION = 1;
				DEVELOPMENT_ASSET_PATHS = "\"RemoteProctoring/Preview Content\"";
				DEVELOPMENT_TEAM = 9FY49AFFG7;
				ENABLE_HARDENED_RUNTIME = YES;
				ENABLE_PREVIEWS = YES;
				GENERATE_INFOPLIST_FILE = YES;
				INFOPLIST_KEY_CFBundleDisplayName = Procted;
				"INFOPLIST_KEY_UILaunchScreen_Generation[sdk=iphoneos*]" = YES;
				"INFOPLIST_KEY_UILaunchScreen_Generation[sdk=iphonesimulator*]" = YES;
				INFOPLIST_KEY_UILaunchStoryboardName = "Launch Screen.storyboard";
				INFOPLIST_KEY_UISupportedInterfaceOrientations_iPad = "UIInterfaceOrientationPortrait UIInterfaceOrientationPortraitUpsideDown UIInterfaceOrientationLandscapeLeft UIInterfaceOrientationLandscapeRight";
				INFOPLIST_KEY_UISupportedInterfaceOrientations_iPhone = "UIInterfaceOrientationPortrait UIInterfaceOrientationLandscapeLeft UIInterfaceOrientationLandscapeRight";
				IPHONEOS_DEPLOYMENT_TARGET = 16.0;
				LD_RUNPATH_SEARCH_PATHS = "@executable_path/Frameworks";
				"LD_RUNPATH_SEARCH_PATHS[sdk=macosx*]" = "@executable_path/../Frameworks";
				MACOSX_DEPLOYMENT_TARGET = 12.4;
				MARKETING_VERSION = 1.0;
				PRODUCT_BUNDLE_IDENTIFIER = com.biit.RemoteProctoring;
				PRODUCT_NAME = "$(TARGET_NAME)";
				SDKROOT = auto;
				SUPPORTED_PLATFORMS = "iphoneos iphonesimulator";
				SUPPORTS_MACCATALYST = NO;
				SUPPORTS_MAC_DESIGNED_FOR_IPHONE_IPAD = NO;
				SWIFT_EMIT_LOC_STRINGS = YES;
				SWIFT_VERSION = 5.0;
				TARGETED_DEVICE_FAMILY = 1;
			};
			name = Debug;
		};
		5C75828028695DA6001D0C93 /* Release */ = {
			isa = XCBuildConfiguration;
			baseConfigurationReference = A56727F05923F7FB4F6FC520 /* Pods-RemoteProctoring-iPhone.release.xcconfig */;
			buildSettings = {
				ASSETCATALOG_COMPILER_APPICON_NAME = AppIcon;
				ASSETCATALOG_COMPILER_GLOBAL_ACCENT_COLOR_NAME = AccentColor;
				CODE_SIGN_ENTITLEMENTS = RemoteProctoring/RemoteProctoring.entitlements;
				CODE_SIGN_STYLE = Automatic;
				CURRENT_PROJECT_VERSION = 1;
				DEVELOPMENT_ASSET_PATHS = "\"RemoteProctoring/Preview Content\"";
				DEVELOPMENT_TEAM = 9FY49AFFG7;
				ENABLE_HARDENED_RUNTIME = YES;
				ENABLE_PREVIEWS = YES;
				GENERATE_INFOPLIST_FILE = YES;
				INFOPLIST_KEY_CFBundleDisplayName = Procted;
				"INFOPLIST_KEY_UILaunchScreen_Generation[sdk=iphoneos*]" = YES;
				"INFOPLIST_KEY_UILaunchScreen_Generation[sdk=iphonesimulator*]" = YES;
				INFOPLIST_KEY_UILaunchStoryboardName = "Launch Screen.storyboard";
				INFOPLIST_KEY_UISupportedInterfaceOrientations_iPad = "UIInterfaceOrientationPortrait UIInterfaceOrientationPortraitUpsideDown UIInterfaceOrientationLandscapeLeft UIInterfaceOrientationLandscapeRight";
				INFOPLIST_KEY_UISupportedInterfaceOrientations_iPhone = "UIInterfaceOrientationPortrait UIInterfaceOrientationLandscapeLeft UIInterfaceOrientationLandscapeRight";
				IPHONEOS_DEPLOYMENT_TARGET = 16.0;
				LD_RUNPATH_SEARCH_PATHS = "@executable_path/Frameworks";
				"LD_RUNPATH_SEARCH_PATHS[sdk=macosx*]" = "@executable_path/../Frameworks";
				MACOSX_DEPLOYMENT_TARGET = 12.4;
				MARKETING_VERSION = 1.0;
				PRODUCT_BUNDLE_IDENTIFIER = com.biit.RemoteProctoring;
				PRODUCT_NAME = "$(TARGET_NAME)";
				SDKROOT = auto;
				SUPPORTED_PLATFORMS = "iphoneos iphonesimulator";
				SUPPORTS_MACCATALYST = NO;
				SUPPORTS_MAC_DESIGNED_FOR_IPHONE_IPAD = NO;
				SWIFT_EMIT_LOC_STRINGS = YES;
				SWIFT_VERSION = 5.0;
				TARGETED_DEVICE_FAMILY = 1;
			};
			name = Release;
		};
/* End XCBuildConfiguration section */

/* Begin XCConfigurationList section */
		5C1A22EE286960D000AA2636 /* Build configuration list for PBXNativeTarget "RemoteProctoring-macOS-iPad" */ = {
			isa = XCConfigurationList;
			buildConfigurations = (
				5C1A22EF286960D000AA2636 /* Debug */,
				5C1A22F0286960D000AA2636 /* Release */,
			);
			defaultConfigurationIsVisible = 0;
			defaultConfigurationName = Release;
		};
		5C75826A28695DA1001D0C93 /* Build configuration list for PBXProject "RemoteProctoring" */ = {
			isa = XCConfigurationList;
			buildConfigurations = (
				5C75827C28695DA6001D0C93 /* Debug */,
				5C75827D28695DA6001D0C93 /* Release */,
			);
			defaultConfigurationIsVisible = 0;
			defaultConfigurationName = Release;
		};
		5C75827E28695DA6001D0C93 /* Build configuration list for PBXNativeTarget "RemoteProctoring-iPhone" */ = {
			isa = XCConfigurationList;
			buildConfigurations = (
				5C75827F28695DA6001D0C93 /* Debug */,
				5C75828028695DA6001D0C93 /* Release */,
			);
			defaultConfigurationIsVisible = 0;
			defaultConfigurationName = Release;
		};
/* End XCConfigurationList section */

/* Begin XCRemoteSwiftPackageReference section */
		5C9C0A302869722E0040C53C /* XCRemoteSwiftPackageReference "apollo-ios" */ = {
			isa = XCRemoteSwiftPackageReference;
			repositoryURL = "https://github.com/apollographql/apollo-ios.git";
			requirement = {
				kind = upToNextMinorVersion;
				minimumVersion = 0.51.2;
			};
		};
/* End XCRemoteSwiftPackageReference section */

/* Begin XCSwiftPackageProductDependency section */
		5C9C0A312869722E0040C53C /* Apollo */ = {
			isa = XCSwiftPackageProductDependency;
			package = 5C9C0A302869722E0040C53C /* XCRemoteSwiftPackageReference "apollo-ios" */;
			productName = Apollo;
		};
		5C9C0A332869722E0040C53C /* ApolloWebSocket */ = {
			isa = XCSwiftPackageProductDependency;
			package = 5C9C0A302869722E0040C53C /* XCRemoteSwiftPackageReference "apollo-ios" */;
			productName = ApolloWebSocket;
		};
/* End XCSwiftPackageProductDependency section */
	};
	rootObject = 5C75826728695DA1001D0C93 /* Project object */;
}
