// !$*UTF8*$!
{
	archiveVersion = 1;
	classes = {
	};
	objectVersion = 56;
	objects = {

/* Begin PBXBuildFile section */
		5C0A8517289E4A4400914746 /* SidebarView.swift in Sources */ = {isa = PBXBuildFile; fileRef = 5C0A8516289E4A4400914746 /* SidebarView.swift */; };
		5C0A8518289E4A4400914746 /* SidebarView.swift in Sources */ = {isa = PBXBuildFile; fileRef = 5C0A8516289E4A4400914746 /* SidebarView.swift */; };
		5C0A8519289E4A4400914746 /* SidebarView.swift in Sources */ = {isa = PBXBuildFile; fileRef = 5C0A8516289E4A4400914746 /* SidebarView.swift */; };
		5C0A8523289E4C6200914746 /* MainContentView.swift in Sources */ = {isa = PBXBuildFile; fileRef = 5C0A8522289E4C6200914746 /* MainContentView.swift */; };
		5C0A8524289E4C6200914746 /* MainContentView.swift in Sources */ = {isa = PBXBuildFile; fileRef = 5C0A8522289E4C6200914746 /* MainContentView.swift */; };
		5C0A8525289E4C6200914746 /* MainContentView.swift in Sources */ = {isa = PBXBuildFile; fileRef = 5C0A8522289E4C6200914746 /* MainContentView.swift */; };
		5C0A8527289E4DC800914746 /* LogoBanner.swift in Sources */ = {isa = PBXBuildFile; fileRef = 5C0A8526289E4DC800914746 /* LogoBanner.swift */; };
		5C0A8528289E4DC800914746 /* LogoBanner.swift in Sources */ = {isa = PBXBuildFile; fileRef = 5C0A8526289E4DC800914746 /* LogoBanner.swift */; };
		5C0A8529289E4DC800914746 /* LogoBanner.swift in Sources */ = {isa = PBXBuildFile; fileRef = 5C0A8526289E4DC800914746 /* LogoBanner.swift */; };
		5C1A22E8286960D000AA2636 /* ContentView.swift in Sources */ = {isa = PBXBuildFile; fileRef = 5C75827428695DA1001D0C93 /* ContentView.swift */; };
		5C1A22E9286960D000AA2636 /* RemoteProctoringApp.swift in Sources */ = {isa = PBXBuildFile; fileRef = 5C75827228695DA1001D0C93 /* RemoteProctoringApp.swift */; };
		5C1A22EC286960D000AA2636 /* Preview Assets.xcassets in Resources */ = {isa = PBXBuildFile; fileRef = 5C75827A28695DA6001D0C93 /* Preview Assets.xcassets */; };
		5C1A22ED286960D000AA2636 /* Assets.xcassets in Resources */ = {isa = PBXBuildFile; fileRef = 5C75827628695DA6001D0C93 /* Assets.xcassets */; };
		5C31BE722870C40800768DDD /* ApolloSQLite in Frameworks */ = {isa = PBXBuildFile; productRef = 5C31BE712870C40800768DDD /* ApolloSQLite */; };
		5C31BE742870C41000768DDD /* ApolloSQLite in Frameworks */ = {isa = PBXBuildFile; productRef = 5C31BE732870C41000768DDD /* ApolloSQLite */; };
		5C31BE762870C41B00768DDD /* ApolloSQLite in Frameworks */ = {isa = PBXBuildFile; productRef = 5C31BE752870C41B00768DDD /* ApolloSQLite */; };
		5C5DDD5F289A91EC00A98073 /* loginEmail.graphql in Resources */ = {isa = PBXBuildFile; fileRef = 5C5DDD5E289A91EC00A98073 /* loginEmail.graphql */; };
		5C5DDD60289A91EC00A98073 /* loginEmail.graphql in Resources */ = {isa = PBXBuildFile; fileRef = 5C5DDD5E289A91EC00A98073 /* loginEmail.graphql */; };
		5C5DDD61289A91EC00A98073 /* loginEmail.graphql in Resources */ = {isa = PBXBuildFile; fileRef = 5C5DDD5E289A91EC00A98073 /* loginEmail.graphql */; };
		5C5DDD63289A921200A98073 /* loginUsername.graphql in Resources */ = {isa = PBXBuildFile; fileRef = 5C5DDD62289A921200A98073 /* loginUsername.graphql */; };
		5C5DDD64289A921200A98073 /* loginUsername.graphql in Resources */ = {isa = PBXBuildFile; fileRef = 5C5DDD62289A921200A98073 /* loginUsername.graphql */; };
		5C5DDD65289A921200A98073 /* loginUsername.graphql in Resources */ = {isa = PBXBuildFile; fileRef = 5C5DDD62289A921200A98073 /* loginUsername.graphql */; };
		5C5DDD67289A923D00A98073 /* loginResponse.graphql in Resources */ = {isa = PBXBuildFile; fileRef = 5C5DDD66289A923D00A98073 /* loginResponse.graphql */; };
		5C5DDD68289A923D00A98073 /* loginResponse.graphql in Resources */ = {isa = PBXBuildFile; fileRef = 5C5DDD66289A923D00A98073 /* loginResponse.graphql */; };
		5C5DDD69289A923D00A98073 /* loginResponse.graphql in Resources */ = {isa = PBXBuildFile; fileRef = 5C5DDD66289A923D00A98073 /* loginResponse.graphql */; };
		5C693FC22869EC9300E75B45 /* Apollo in Frameworks */ = {isa = PBXBuildFile; productRef = 5C693FC12869EC9300E75B45 /* Apollo */; };
		5C693FC42869EC9300E75B45 /* ApolloWebSocket in Frameworks */ = {isa = PBXBuildFile; productRef = 5C693FC32869EC9300E75B45 /* ApolloWebSocket */; };
		5C693FC62869ECAC00E75B45 /* Apollo in Frameworks */ = {isa = PBXBuildFile; productRef = 5C693FC52869ECAC00E75B45 /* Apollo */; };
		5C693FC82869ECAC00E75B45 /* ApolloWebSocket in Frameworks */ = {isa = PBXBuildFile; productRef = 5C693FC72869ECAC00E75B45 /* ApolloWebSocket */; };
		5C75827328695DA1001D0C93 /* RemoteProctoringApp.swift in Sources */ = {isa = PBXBuildFile; fileRef = 5C75827228695DA1001D0C93 /* RemoteProctoringApp.swift */; };
		5C75827528695DA1001D0C93 /* ContentView.swift in Sources */ = {isa = PBXBuildFile; fileRef = 5C75827428695DA1001D0C93 /* ContentView.swift */; };
		5C75827728695DA6001D0C93 /* Assets.xcassets in Resources */ = {isa = PBXBuildFile; fileRef = 5C75827628695DA6001D0C93 /* Assets.xcassets */; };
		5C75827B28695DA6001D0C93 /* Preview Assets.xcassets in Resources */ = {isa = PBXBuildFile; fileRef = 5C75827A28695DA6001D0C93 /* Preview Assets.xcassets */; };
		5C9C0A3E286976160040C53C /* Network.swift in Sources */ = {isa = PBXBuildFile; fileRef = 5C9C0A3D286976160040C53C /* Network.swift */; };
		5C9C0A3F286976160040C53C /* Network.swift in Sources */ = {isa = PBXBuildFile; fileRef = 5C9C0A3D286976160040C53C /* Network.swift */; };
		5C9C0A4628697DD50040C53C /* ContentView.swift in Sources */ = {isa = PBXBuildFile; fileRef = 5C75827428695DA1001D0C93 /* ContentView.swift */; };
		5C9C0A4828697DD50040C53C /* Network.swift in Sources */ = {isa = PBXBuildFile; fileRef = 5C9C0A3D286976160040C53C /* Network.swift */; };
		5C9C0A4928697DD50040C53C /* RemoteProctoringApp.swift in Sources */ = {isa = PBXBuildFile; fileRef = 5C75827228695DA1001D0C93 /* RemoteProctoringApp.swift */; };
		5C9C0A4C28697DD50040C53C /* ApolloWebSocket in Frameworks */ = {isa = PBXBuildFile; productRef = 5C9C0A4328697DD50040C53C /* ApolloWebSocket */; };
		5C9C0A4D28697DD50040C53C /* Apollo in Frameworks */ = {isa = PBXBuildFile; productRef = 5C9C0A4128697DD50040C53C /* Apollo */; };
		5C9C0A5028697DD50040C53C /* Preview Assets.xcassets in Resources */ = {isa = PBXBuildFile; fileRef = 5C75827A28695DA6001D0C93 /* Preview Assets.xcassets */; };
		5C9C0A5128697DD50040C53C /* Assets.xcassets in Resources */ = {isa = PBXBuildFile; fileRef = 5C75827628695DA6001D0C93 /* Assets.xcassets */; };
		5C9C0A58286981010040C53C /* Launch Screen.storyboard in Resources */ = {isa = PBXBuildFile; fileRef = 5C9C0A57286981010040C53C /* Launch Screen.storyboard */; };
		5C9C0A59286981010040C53C /* Launch Screen.storyboard in Resources */ = {isa = PBXBuildFile; fileRef = 5C9C0A57286981010040C53C /* Launch Screen.storyboard */; };
		5C9C0A602869DED70040C53C /* MainView.swift in Sources */ = {isa = PBXBuildFile; fileRef = 5C9C0A5F2869DED70040C53C /* MainView.swift */; };
		5C9C0A612869DED70040C53C /* MainView.swift in Sources */ = {isa = PBXBuildFile; fileRef = 5C9C0A5F2869DED70040C53C /* MainView.swift */; };
		5C9C0A622869DED70040C53C /* MainView.swift in Sources */ = {isa = PBXBuildFile; fileRef = 5C9C0A5F2869DED70040C53C /* MainView.swift */; };
		5C9C3BAF286D92BD005CCA92 /* RegisterView.swift in Sources */ = {isa = PBXBuildFile; fileRef = 5C9C3BAE286D92BD005CCA92 /* RegisterView.swift */; };
		5C9C3BB0286D92BD005CCA92 /* RegisterView.swift in Sources */ = {isa = PBXBuildFile; fileRef = 5C9C3BAE286D92BD005CCA92 /* RegisterView.swift */; };
		5C9C3BB1286D92BD005CCA92 /* RegisterView.swift in Sources */ = {isa = PBXBuildFile; fileRef = 5C9C3BAE286D92BD005CCA92 /* RegisterView.swift */; };
		5CADAB90289ED8B200120268 /* ExamineesView.swift in Sources */ = {isa = PBXBuildFile; fileRef = 5CADAB8F289ED8B200120268 /* ExamineesView.swift */; };
		5CADAB91289ED8B200120268 /* ExamineesView.swift in Sources */ = {isa = PBXBuildFile; fileRef = 5CADAB8F289ED8B200120268 /* ExamineesView.swift */; };
		5CADAB92289ED8B200120268 /* ExamineesView.swift in Sources */ = {isa = PBXBuildFile; fileRef = 5CADAB8F289ED8B200120268 /* ExamineesView.swift */; };
		5CD6EC9E286F47E20059BEB7 /* Navajo-Swift in Frameworks */ = {isa = PBXBuildFile; productRef = 5CD6EC9D286F47E20059BEB7 /* Navajo-Swift */; };
		5CD6ECA0286F48480059BEB7 /* Navajo-Swift in Frameworks */ = {isa = PBXBuildFile; productRef = 5CD6EC9F286F48480059BEB7 /* Navajo-Swift */; };
		5CD6ECA2286F48540059BEB7 /* Navajo-Swift in Frameworks */ = {isa = PBXBuildFile; productRef = 5CD6ECA1286F48540059BEB7 /* Navajo-Swift */; };
		5CE3332E289D9B6C00BD6BA4 /* SwiftUIX in Frameworks */ = {isa = PBXBuildFile; productRef = 5CE3332D289D9B6C00BD6BA4 /* SwiftUIX */; };
		5CE900C2286D655D00045E6E /* KeychainAccess in Frameworks */ = {isa = PBXBuildFile; productRef = 5CE900C1286D655D00045E6E /* KeychainAccess */; };
		5CE900C4286D656300045E6E /* KeychainAccess in Frameworks */ = {isa = PBXBuildFile; productRef = 5CE900C3286D656300045E6E /* KeychainAccess */; };
		5CE900C6286D657700045E6E /* KeychainAccess in Frameworks */ = {isa = PBXBuildFile; productRef = 5CE900C5286D657700045E6E /* KeychainAccess */; };
		5CE95E3D2898066F0041BBCC /* RegisterViewSupporting.swift in Sources */ = {isa = PBXBuildFile; fileRef = 5CE95E3C2898066E0041BBCC /* RegisterViewSupporting.swift */; };
		5CE95E3E289806700041BBCC /* RegisterViewSupporting.swift in Sources */ = {isa = PBXBuildFile; fileRef = 5CE95E3C2898066E0041BBCC /* RegisterViewSupporting.swift */; };
		5CE95E3F289806710041BBCC /* RegisterViewSupporting.swift in Sources */ = {isa = PBXBuildFile; fileRef = 5CE95E3C2898066E0041BBCC /* RegisterViewSupporting.swift */; };
		5CEE5A9C287176AC005A259A /* UserManagementInterceptor.swift in Sources */ = {isa = PBXBuildFile; fileRef = 5CEE5A9B287176AC005A259A /* UserManagementInterceptor.swift */; };
		5CEE5A9D287176AC005A259A /* UserManagementInterceptor.swift in Sources */ = {isa = PBXBuildFile; fileRef = 5CEE5A9B287176AC005A259A /* UserManagementInterceptor.swift */; };
		5CEE5A9E287176AC005A259A /* UserManagementInterceptor.swift in Sources */ = {isa = PBXBuildFile; fileRef = 5CEE5A9B287176AC005A259A /* UserManagementInterceptor.swift */; };
		5CEE5AA028717F50005A259A /* RequestLoggingInterceptor.swift in Sources */ = {isa = PBXBuildFile; fileRef = 5CEE5A9F28717F50005A259A /* RequestLoggingInterceptor.swift */; };
		5CEE5AA128717F50005A259A /* RequestLoggingInterceptor.swift in Sources */ = {isa = PBXBuildFile; fileRef = 5CEE5A9F28717F50005A259A /* RequestLoggingInterceptor.swift */; };
		5CEE5AA228717F50005A259A /* RequestLoggingInterceptor.swift in Sources */ = {isa = PBXBuildFile; fileRef = 5CEE5A9F28717F50005A259A /* RequestLoggingInterceptor.swift */; };
		5CEEC18628968B0A001BD64C /* AuthenticationErrorView.swift in Sources */ = {isa = PBXBuildFile; fileRef = 5CEEC18528968B0A001BD64C /* AuthenticationErrorView.swift */; };
		5CEEC18728968B0A001BD64C /* AuthenticationErrorView.swift in Sources */ = {isa = PBXBuildFile; fileRef = 5CEEC18528968B0A001BD64C /* AuthenticationErrorView.swift */; };
		5CEEC18828968B0A001BD64C /* AuthenticationErrorView.swift in Sources */ = {isa = PBXBuildFile; fileRef = 5CEEC18528968B0A001BD64C /* AuthenticationErrorView.swift */; };
		5CEEC18E28968E7D001BD64C /* AuthFormSupporting.swift in Sources */ = {isa = PBXBuildFile; fileRef = 5CEEC18D28968E7D001BD64C /* AuthFormSupporting.swift */; };
		5CEEC18F28968E7D001BD64C /* AuthFormSupporting.swift in Sources */ = {isa = PBXBuildFile; fileRef = 5CEEC18D28968E7D001BD64C /* AuthFormSupporting.swift */; };
		5CEEC19028968E7D001BD64C /* AuthFormSupporting.swift in Sources */ = {isa = PBXBuildFile; fileRef = 5CEEC18D28968E7D001BD64C /* AuthFormSupporting.swift */; };
		5CEEC19228968F1B001BD64C /* AuthFormView.swift in Sources */ = {isa = PBXBuildFile; fileRef = 5CEEC19128968F1B001BD64C /* AuthFormView.swift */; };
		5CEEC19328968F1B001BD64C /* AuthFormView.swift in Sources */ = {isa = PBXBuildFile; fileRef = 5CEEC19128968F1B001BD64C /* AuthFormView.swift */; };
		5CEEC19428968F1B001BD64C /* AuthFormView.swift in Sources */ = {isa = PBXBuildFile; fileRef = 5CEEC19128968F1B001BD64C /* AuthFormView.swift */; };
		5CEFBD20289DA70B00CD0839 /* Defaults in Frameworks */ = {isa = PBXBuildFile; productRef = 5CEFBD1F289DA70B00CD0839 /* Defaults */; };
		5CEFBD23289DAB8200CD0839 /* CocoaLumberjack in Frameworks */ = {isa = PBXBuildFile; productRef = 5CEFBD22289DAB8200CD0839 /* CocoaLumberjack */; };
		5CEFBD25289DAB8200CD0839 /* CocoaLumberjackSwift in Frameworks */ = {isa = PBXBuildFile; productRef = 5CEFBD24289DAB8200CD0839 /* CocoaLumberjackSwift */; };
		5CEFBD27289DAB8200CD0839 /* CocoaLumberjackSwiftLogBackend in Frameworks */ = {isa = PBXBuildFile; productRef = 5CEFBD26289DAB8200CD0839 /* CocoaLumberjackSwiftLogBackend */; };
		5CEFBD29289DAB9A00CD0839 /* Defaults in Frameworks */ = {isa = PBXBuildFile; productRef = 5CEFBD28289DAB9A00CD0839 /* Defaults */; };
		5CEFBD2B289DABAA00CD0839 /* CocoaLumberjack in Frameworks */ = {isa = PBXBuildFile; productRef = 5CEFBD2A289DABAA00CD0839 /* CocoaLumberjack */; };
		5CEFBD2D289DABAA00CD0839 /* CocoaLumberjackSwift in Frameworks */ = {isa = PBXBuildFile; productRef = 5CEFBD2C289DABAA00CD0839 /* CocoaLumberjackSwift */; };
		5CEFBD2F289DABAA00CD0839 /* CocoaLumberjackSwiftLogBackend in Frameworks */ = {isa = PBXBuildFile; productRef = 5CEFBD2E289DABAA00CD0839 /* CocoaLumberjackSwiftLogBackend */; };
		5CEFBD31289DABB100CD0839 /* SwiftUIX in Frameworks */ = {isa = PBXBuildFile; productRef = 5CEFBD30289DABB100CD0839 /* SwiftUIX */; };
		5CEFBD33289DABE400CD0839 /* CocoaLumberjack in Frameworks */ = {isa = PBXBuildFile; productRef = 5CEFBD32289DABE400CD0839 /* CocoaLumberjack */; };
		5CEFBD35289DABE400CD0839 /* CocoaLumberjackSwift in Frameworks */ = {isa = PBXBuildFile; productRef = 5CEFBD34289DABE400CD0839 /* CocoaLumberjackSwift */; };
		5CEFBD37289DABE400CD0839 /* CocoaLumberjackSwiftLogBackend in Frameworks */ = {isa = PBXBuildFile; productRef = 5CEFBD36289DABE400CD0839 /* CocoaLumberjackSwiftLogBackend */; };
		5CEFBD39289DABEE00CD0839 /* SwiftUIX in Frameworks */ = {isa = PBXBuildFile; productRef = 5CEFBD38289DABEE00CD0839 /* SwiftUIX */; };
		5CEFBD3B289DABEE00CD0839 /* Defaults in Frameworks */ = {isa = PBXBuildFile; productRef = 5CEFBD3A289DABEE00CD0839 /* Defaults */; };
		5CF2526E2895316C00D03358 /* user.graphql in Resources */ = {isa = PBXBuildFile; fileRef = 5CF2526D2895316C00D03358 /* user.graphql */; };
		5CF2526F2895316C00D03358 /* user.graphql in Resources */ = {isa = PBXBuildFile; fileRef = 5CF2526D2895316C00D03358 /* user.graphql */; };
		5CF252702895316C00D03358 /* user.graphql in Resources */ = {isa = PBXBuildFile; fileRef = 5CF2526D2895316C00D03358 /* user.graphql */; };
		5CF2A5C22893B3B50080A8A4 /* User.swift in Sources */ = {isa = PBXBuildFile; fileRef = 5CF2A5C12893B3B50080A8A4 /* User.swift */; };
		5CF2A5C32893B3B50080A8A4 /* User.swift in Sources */ = {isa = PBXBuildFile; fileRef = 5CF2A5C12893B3B50080A8A4 /* User.swift */; };
		5CF2A5C42893B3B50080A8A4 /* User.swift in Sources */ = {isa = PBXBuildFile; fileRef = 5CF2A5C12893B3B50080A8A4 /* User.swift */; };
		5CF2A5C82893BAA60080A8A4 /* StartView.swift in Sources */ = {isa = PBXBuildFile; fileRef = 5CF2A5C72893BAA60080A8A4 /* StartView.swift */; };
		5CF2A5C92893BAA60080A8A4 /* StartView.swift in Sources */ = {isa = PBXBuildFile; fileRef = 5CF2A5C72893BAA60080A8A4 /* StartView.swift */; };
		5CF2A5CA2893BAA60080A8A4 /* StartView.swift in Sources */ = {isa = PBXBuildFile; fileRef = 5CF2A5C72893BAA60080A8A4 /* StartView.swift */; };
		5CF2A5CC2893E42C0080A8A4 /* register.graphql in Resources */ = {isa = PBXBuildFile; fileRef = 5CF2A5CB2893E42C0080A8A4 /* register.graphql */; };
		5CF2A5CD2893E42C0080A8A4 /* register.graphql in Resources */ = {isa = PBXBuildFile; fileRef = 5CF2A5CB2893E42C0080A8A4 /* register.graphql */; };
		5CF2A5CE2893E42C0080A8A4 /* register.graphql in Resources */ = {isa = PBXBuildFile; fileRef = 5CF2A5CB2893E42C0080A8A4 /* register.graphql */; };
		5CF2A5D02893EDEC0080A8A4 /* API.swift in Sources */ = {isa = PBXBuildFile; fileRef = 5CF2A5CF2893EDEC0080A8A4 /* API.swift */; };
		5CF2A5D12893EDEC0080A8A4 /* API.swift in Sources */ = {isa = PBXBuildFile; fileRef = 5CF2A5CF2893EDEC0080A8A4 /* API.swift */; };
		5CF2A5D22893EDEC0080A8A4 /* API.swift in Sources */ = {isa = PBXBuildFile; fileRef = 5CF2A5CF2893EDEC0080A8A4 /* API.swift */; };
/* End PBXBuildFile section */

/* Begin PBXFileReference section */
		5C0A8516289E4A4400914746 /* SidebarView.swift */ = {isa = PBXFileReference; lastKnownFileType = sourcecode.swift; path = SidebarView.swift; sourceTree = "<group>"; };
		5C0A8522289E4C6200914746 /* MainContentView.swift */ = {isa = PBXFileReference; lastKnownFileType = sourcecode.swift; path = MainContentView.swift; sourceTree = "<group>"; };
		5C0A8526289E4DC800914746 /* LogoBanner.swift */ = {isa = PBXFileReference; fileEncoding = 4; lastKnownFileType = sourcecode.swift; path = LogoBanner.swift; sourceTree = "<group>"; };
		5C1A22F1286960D000AA2636 /* RemoteProctoring-macOS.app */ = {isa = PBXFileReference; explicitFileType = wrapper.application; includeInIndex = 0; path = "RemoteProctoring-macOS.app"; sourceTree = BUILT_PRODUCTS_DIR; };
		5C5DDD5E289A91EC00A98073 /* loginEmail.graphql */ = {isa = PBXFileReference; lastKnownFileType = text; path = loginEmail.graphql; sourceTree = "<group>"; };
		5C5DDD62289A921200A98073 /* loginUsername.graphql */ = {isa = PBXFileReference; lastKnownFileType = text; path = loginUsername.graphql; sourceTree = "<group>"; };
		5C5DDD66289A923D00A98073 /* loginResponse.graphql */ = {isa = PBXFileReference; lastKnownFileType = text; path = loginResponse.graphql; sourceTree = "<group>"; };
		5C75826F28695DA1001D0C93 /* RemoteProctoring-iPhone.app */ = {isa = PBXFileReference; explicitFileType = wrapper.application; includeInIndex = 0; path = "RemoteProctoring-iPhone.app"; sourceTree = BUILT_PRODUCTS_DIR; };
		5C75827228695DA1001D0C93 /* RemoteProctoringApp.swift */ = {isa = PBXFileReference; lastKnownFileType = sourcecode.swift; path = RemoteProctoringApp.swift; sourceTree = "<group>"; };
		5C75827428695DA1001D0C93 /* ContentView.swift */ = {isa = PBXFileReference; lastKnownFileType = sourcecode.swift; path = ContentView.swift; sourceTree = "<group>"; };
		5C75827628695DA6001D0C93 /* Assets.xcassets */ = {isa = PBXFileReference; lastKnownFileType = folder.assetcatalog; path = Assets.xcassets; sourceTree = "<group>"; };
		5C75827828695DA6001D0C93 /* RemoteProctoring.entitlements */ = {isa = PBXFileReference; lastKnownFileType = text.plist.entitlements; path = RemoteProctoring.entitlements; sourceTree = "<group>"; };
		5C75827A28695DA6001D0C93 /* Preview Assets.xcassets */ = {isa = PBXFileReference; lastKnownFileType = folder.assetcatalog; path = "Preview Assets.xcassets"; sourceTree = "<group>"; };
		5C9C0A3D286976160040C53C /* Network.swift */ = {isa = PBXFileReference; lastKnownFileType = sourcecode.swift; path = Network.swift; sourceTree = "<group>"; };
		5C9C0A5628697DD50040C53C /* RemoteProctoring-iPad.app */ = {isa = PBXFileReference; explicitFileType = wrapper.application; includeInIndex = 0; path = "RemoteProctoring-iPad.app"; sourceTree = BUILT_PRODUCTS_DIR; };
		5C9C0A57286981010040C53C /* Launch Screen.storyboard */ = {isa = PBXFileReference; fileEncoding = 4; lastKnownFileType = file.storyboard; path = "Launch Screen.storyboard"; sourceTree = "<group>"; };
		5C9C0A5F2869DED70040C53C /* MainView.swift */ = {isa = PBXFileReference; lastKnownFileType = sourcecode.swift; path = MainView.swift; sourceTree = "<group>"; };
		5C9C3BAE286D92BD005CCA92 /* RegisterView.swift */ = {isa = PBXFileReference; lastKnownFileType = sourcecode.swift; path = RegisterView.swift; sourceTree = "<group>"; };
		5CADAB8F289ED8B200120268 /* ExamineesView.swift */ = {isa = PBXFileReference; lastKnownFileType = sourcecode.swift; path = ExamineesView.swift; sourceTree = "<group>"; };
		5CE95E3C2898066E0041BBCC /* RegisterViewSupporting.swift */ = {isa = PBXFileReference; lastKnownFileType = sourcecode.swift; name = RegisterViewSupporting.swift; path = RemoteProctoring/Views/RegisterViewSupporting.swift; sourceTree = SOURCE_ROOT; };
		5CEC11B7286EDE020066CDA3 /* Navajo_Swift.framework */ = {isa = PBXFileReference; explicitFileType = wrapper.framework; path = Navajo_Swift.framework; sourceTree = BUILT_PRODUCTS_DIR; };
		5CEC11BB286EDE100066CDA3 /* Navajo_Swift.framework */ = {isa = PBXFileReference; explicitFileType = wrapper.framework; path = Navajo_Swift.framework; sourceTree = BUILT_PRODUCTS_DIR; };
		5CEC11BF286EDE180066CDA3 /* Navajo_Swift.framework */ = {isa = PBXFileReference; explicitFileType = wrapper.framework; path = Navajo_Swift.framework; sourceTree = BUILT_PRODUCTS_DIR; };
		5CEE5A9B287176AC005A259A /* UserManagementInterceptor.swift */ = {isa = PBXFileReference; lastKnownFileType = sourcecode.swift; path = UserManagementInterceptor.swift; sourceTree = "<group>"; };
		5CEE5A9F28717F50005A259A /* RequestLoggingInterceptor.swift */ = {isa = PBXFileReference; lastKnownFileType = sourcecode.swift; path = RequestLoggingInterceptor.swift; sourceTree = "<group>"; };
		5CEEC18528968B0A001BD64C /* AuthenticationErrorView.swift */ = {isa = PBXFileReference; lastKnownFileType = sourcecode.swift; path = AuthenticationErrorView.swift; sourceTree = SOURCE_ROOT; };
		5CEEC18D28968E7D001BD64C /* AuthFormSupporting.swift */ = {isa = PBXFileReference; lastKnownFileType = sourcecode.swift; path = AuthFormSupporting.swift; sourceTree = "<group>"; };
		5CEEC19128968F1B001BD64C /* AuthFormView.swift */ = {isa = PBXFileReference; lastKnownFileType = sourcecode.swift; path = AuthFormView.swift; sourceTree = "<group>"; };
		5CF2526D2895316C00D03358 /* user.graphql */ = {isa = PBXFileReference; lastKnownFileType = text; path = user.graphql; sourceTree = "<group>"; };
		5CF2A5C12893B3B50080A8A4 /* User.swift */ = {isa = PBXFileReference; fileEncoding = 4; lastKnownFileType = sourcecode.swift; path = User.swift; sourceTree = "<group>"; };
		5CF2A5C72893BAA60080A8A4 /* StartView.swift */ = {isa = PBXFileReference; fileEncoding = 4; lastKnownFileType = sourcecode.swift; path = StartView.swift; sourceTree = "<group>"; };
		5CF2A5CB2893E42C0080A8A4 /* register.graphql */ = {isa = PBXFileReference; lastKnownFileType = text; path = register.graphql; sourceTree = "<group>"; };
		5CF2A5CF2893EDEC0080A8A4 /* API.swift */ = {isa = PBXFileReference; fileEncoding = 4; lastKnownFileType = sourcecode.swift; path = API.swift; sourceTree = "<group>"; };
/* End PBXFileReference section */

/* Begin PBXFrameworksBuildPhase section */
		5C1A22EA286960D000AA2636 /* Frameworks */ = {
			isa = PBXFrameworksBuildPhase;
			buildActionMask = 2147483647;
			files = (
				5CEFBD29289DAB9A00CD0839 /* Defaults in Frameworks */,
				5CE900C4286D656300045E6E /* KeychainAccess in Frameworks */,
				5CEFBD2B289DABAA00CD0839 /* CocoaLumberjack in Frameworks */,
				5CEFBD31289DABB100CD0839 /* SwiftUIX in Frameworks */,
				5CD6ECA2286F48540059BEB7 /* Navajo-Swift in Frameworks */,
				5C31BE742870C41000768DDD /* ApolloSQLite in Frameworks */,
				5C693FC82869ECAC00E75B45 /* ApolloWebSocket in Frameworks */,
				5CEFBD2D289DABAA00CD0839 /* CocoaLumberjackSwift in Frameworks */,
				5CEFBD2F289DABAA00CD0839 /* CocoaLumberjackSwiftLogBackend in Frameworks */,
				5C693FC62869ECAC00E75B45 /* Apollo in Frameworks */,
			);
			runOnlyForDeploymentPostprocessing = 0;
		};
		5C75826C28695DA1001D0C93 /* Frameworks */ = {
			isa = PBXFrameworksBuildPhase;
			buildActionMask = 2147483647;
			files = (
				5CE900C6286D657700045E6E /* KeychainAccess in Frameworks */,
				5CD6EC9E286F47E20059BEB7 /* Navajo-Swift in Frameworks */,
				5CEFBD25289DAB8200CD0839 /* CocoaLumberjackSwift in Frameworks */,
				5C31BE762870C41B00768DDD /* ApolloSQLite in Frameworks */,
				5CE3332E289D9B6C00BD6BA4 /* SwiftUIX in Frameworks */,
				5CEFBD23289DAB8200CD0839 /* CocoaLumberjack in Frameworks */,
				5C693FC42869EC9300E75B45 /* ApolloWebSocket in Frameworks */,
				5C693FC22869EC9300E75B45 /* Apollo in Frameworks */,
				5CEFBD27289DAB8200CD0839 /* CocoaLumberjackSwiftLogBackend in Frameworks */,
				5CEFBD20289DA70B00CD0839 /* Defaults in Frameworks */,
			);
			runOnlyForDeploymentPostprocessing = 0;
		};
		5C9C0A4A28697DD50040C53C /* Frameworks */ = {
			isa = PBXFrameworksBuildPhase;
			buildActionMask = 2147483647;
			files = (
				5CEFBD39289DABEE00CD0839 /* SwiftUIX in Frameworks */,
				5CEFBD33289DABE400CD0839 /* CocoaLumberjack in Frameworks */,
				5CE900C2286D655D00045E6E /* KeychainAccess in Frameworks */,
				5CEFBD37289DABE400CD0839 /* CocoaLumberjackSwiftLogBackend in Frameworks */,
				5CEFBD3B289DABEE00CD0839 /* Defaults in Frameworks */,
				5CD6ECA0286F48480059BEB7 /* Navajo-Swift in Frameworks */,
				5C31BE722870C40800768DDD /* ApolloSQLite in Frameworks */,
				5CEFBD35289DABE400CD0839 /* CocoaLumberjackSwift in Frameworks */,
				5C9C0A4C28697DD50040C53C /* ApolloWebSocket in Frameworks */,
				5C9C0A4D28697DD50040C53C /* Apollo in Frameworks */,
			);
			runOnlyForDeploymentPostprocessing = 0;
		};
/* End PBXFrameworksBuildPhase section */

/* Begin PBXGroup section */
		5C31BE672870403E00768DDD /* Models */ = {
			isa = PBXGroup;
			children = (
				5CF2A5C12893B3B50080A8A4 /* User.swift */,
				5CEE5A9828717673005A259A /* Apollo */,
			);
			path = Models;
			sourceTree = "<group>";
		};
		5C31BE682870404B00768DDD /* Views */ = {
			isa = PBXGroup;
			children = (
				5CF2A5C62893B9BD0080A8A4 /* Main */,
				5CF2A5C02893B1AE0080A8A4 /* Supporting */,
				5C9C0A5F2869DED70040C53C /* MainView.swift */,
				5C9C3BAE286D92BD005CCA92 /* RegisterView.swift */,
				5CF2A5C72893BAA60080A8A4 /* StartView.swift */,
				5CEEC19128968F1B001BD64C /* AuthFormView.swift */,
				5C75827428695DA1001D0C93 /* ContentView.swift */,
			);
			path = Views;
			sourceTree = "<group>";
		};
		5C75826628695DA1001D0C93 = {
			isa = PBXGroup;
			children = (
				5C75827128695DA1001D0C93 /* RemoteProctoring */,
				5C75827028695DA1001D0C93 /* Products */,
				686B21DFC64F966058B0601D /* Frameworks */,
			);
			sourceTree = "<group>";
		};
		5C75827028695DA1001D0C93 /* Products */ = {
			isa = PBXGroup;
			children = (
				5C75826F28695DA1001D0C93 /* RemoteProctoring-iPhone.app */,
				5C1A22F1286960D000AA2636 /* RemoteProctoring-macOS.app */,
				5C9C0A5628697DD50040C53C /* RemoteProctoring-iPad.app */,
			);
			name = Products;
			sourceTree = "<group>";
		};
		5C75827128695DA1001D0C93 /* RemoteProctoring */ = {
			isa = PBXGroup;
			children = (
				5CF2A5CF2893EDEC0080A8A4 /* API.swift */,
				5CF2A5BB2893B0990080A8A4 /* GraphQL */,
				5C31BE682870404B00768DDD /* Views */,
				5C31BE672870403E00768DDD /* Models */,
				5C9C0A57286981010040C53C /* Launch Screen.storyboard */,
				5C75827228695DA1001D0C93 /* RemoteProctoringApp.swift */,
				5C75827628695DA6001D0C93 /* Assets.xcassets */,
				5C75827828695DA6001D0C93 /* RemoteProctoring.entitlements */,
				5C75827928695DA6001D0C93 /* Preview Content */,
			);
			path = RemoteProctoring;
			sourceTree = "<group>";
		};
		5C75827928695DA6001D0C93 /* Preview Content */ = {
			isa = PBXGroup;
			children = (
				5C75827A28695DA6001D0C93 /* Preview Assets.xcassets */,
			);
			path = "Preview Content";
			sourceTree = "<group>";
		};
		5CEE5A9828717673005A259A /* Apollo */ = {
			isa = PBXGroup;
			children = (
				5C9C0A3D286976160040C53C /* Network.swift */,
				5CEE5A9B287176AC005A259A /* UserManagementInterceptor.swift */,
				5CEE5A9F28717F50005A259A /* RequestLoggingInterceptor.swift */,
			);
			path = Apollo;
			sourceTree = "<group>";
		};
		5CF2A5BB2893B0990080A8A4 /* GraphQL */ = {
			isa = PBXGroup;
			children = (
				5C5DDD62289A921200A98073 /* loginUsername.graphql */,
				5CF2A5CB2893E42C0080A8A4 /* register.graphql */,
				5CF2526D2895316C00D03358 /* user.graphql */,
				5C5DDD5E289A91EC00A98073 /* loginEmail.graphql */,
				5C5DDD66289A923D00A98073 /* loginResponse.graphql */,
			);
			path = GraphQL;
			sourceTree = "<group>";
		};
		5CF2A5C02893B1AE0080A8A4 /* Supporting */ = {
			isa = PBXGroup;
			children = (
				5C0A8526289E4DC800914746 /* LogoBanner.swift */,
				5CE95E3C2898066E0041BBCC /* RegisterViewSupporting.swift */,
				5CEEC18D28968E7D001BD64C /* AuthFormSupporting.swift */,
				5CEEC18528968B0A001BD64C /* AuthenticationErrorView.swift */,
			);
			path = Supporting;
			sourceTree = "<group>";
		};
		5CF2A5C62893B9BD0080A8A4 /* Main */ = {
			isa = PBXGroup;
			children = (
				5C0A8516289E4A4400914746 /* SidebarView.swift */,
				5C0A8522289E4C6200914746 /* MainContentView.swift */,
				5CADAB8F289ED8B200120268 /* ExamineesView.swift */,
			);
			path = Main;
			sourceTree = "<group>";
		};
		686B21DFC64F966058B0601D /* Frameworks */ = {
			isa = PBXGroup;
			children = (
				5CEC11BF286EDE180066CDA3 /* Navajo_Swift.framework */,
				5CEC11BB286EDE100066CDA3 /* Navajo_Swift.framework */,
				5CEC11B7286EDE020066CDA3 /* Navajo_Swift.framework */,
			);
			name = Frameworks;
			sourceTree = "<group>";
		};
/* End PBXGroup section */

/* Begin PBXNativeTarget section */
		5C1A22E6286960D000AA2636 /* RemoteProctoring-macOS */ = {
			isa = PBXNativeTarget;
			buildConfigurationList = 5C1A22EE286960D000AA2636 /* Build configuration list for PBXNativeTarget "RemoteProctoring-macOS" */;
			buildPhases = (
				5C9C0A672869E7000040C53C /* Apollo */,
				5C1A22E7286960D000AA2636 /* Sources */,
				5C1A22EA286960D000AA2636 /* Frameworks */,
				5C1A22EB286960D000AA2636 /* Resources */,
			);
			buildRules = (
			);
			dependencies = (
			);
			name = "RemoteProctoring-macOS";
			packageProductDependencies = (
				5C693FC52869ECAC00E75B45 /* Apollo */,
				5C693FC72869ECAC00E75B45 /* ApolloWebSocket */,
				5CE900C3286D656300045E6E /* KeychainAccess */,
				5CD6ECA1286F48540059BEB7 /* Navajo-Swift */,
				5C31BE732870C41000768DDD /* ApolloSQLite */,
				5CEFBD28289DAB9A00CD0839 /* Defaults */,
				5CEFBD2A289DABAA00CD0839 /* CocoaLumberjack */,
				5CEFBD2C289DABAA00CD0839 /* CocoaLumberjackSwift */,
				5CEFBD2E289DABAA00CD0839 /* CocoaLumberjackSwiftLogBackend */,
				5CEFBD30289DABB100CD0839 /* SwiftUIX */,
			);
			productName = RemoteProctoring;
			productReference = 5C1A22F1286960D000AA2636 /* RemoteProctoring-macOS.app */;
			productType = "com.apple.product-type.application";
		};
		5C75826E28695DA1001D0C93 /* RemoteProctoring-iPhone */ = {
			isa = PBXNativeTarget;
			buildConfigurationList = 5C75827E28695DA6001D0C93 /* Build configuration list for PBXNativeTarget "RemoteProctoring-iPhone" */;
			buildPhases = (
				5C1A230E286967B100AA2636 /* Apollo */,
				5C75826B28695DA1001D0C93 /* Sources */,
				5C75826C28695DA1001D0C93 /* Frameworks */,
				5C75826D28695DA1001D0C93 /* Resources */,
			);
			buildRules = (
			);
			dependencies = (
			);
			name = "RemoteProctoring-iPhone";
			packageProductDependencies = (
				5C693FC12869EC9300E75B45 /* Apollo */,
				5C693FC32869EC9300E75B45 /* ApolloWebSocket */,
				5CE900C5286D657700045E6E /* KeychainAccess */,
				5CD6EC9D286F47E20059BEB7 /* Navajo-Swift */,
				5C31BE752870C41B00768DDD /* ApolloSQLite */,
				5CE3332D289D9B6C00BD6BA4 /* SwiftUIX */,
				5CEFBD1F289DA70B00CD0839 /* Defaults */,
				5CEFBD22289DAB8200CD0839 /* CocoaLumberjack */,
				5CEFBD24289DAB8200CD0839 /* CocoaLumberjackSwift */,
				5CEFBD26289DAB8200CD0839 /* CocoaLumberjackSwiftLogBackend */,
			);
			productName = RemoteProctoring;
			productReference = 5C75826F28695DA1001D0C93 /* RemoteProctoring-iPhone.app */;
			productType = "com.apple.product-type.application";
		};
		5C9C0A4028697DD50040C53C /* RemoteProctoring-iPad */ = {
			isa = PBXNativeTarget;
			buildConfigurationList = 5C9C0A5328697DD50040C53C /* Build configuration list for PBXNativeTarget "RemoteProctoring-iPad" */;
			buildPhases = (
				5C9C0A682869E7250040C53C /* Apollo */,
				5C9C0A4528697DD50040C53C /* Sources */,
				5C9C0A4A28697DD50040C53C /* Frameworks */,
				5C9C0A4E28697DD50040C53C /* Resources */,
			);
			buildRules = (
			);
			dependencies = (
			);
			name = "RemoteProctoring-iPad";
			packageProductDependencies = (
				5C9C0A4128697DD50040C53C /* Apollo */,
				5C9C0A4328697DD50040C53C /* ApolloWebSocket */,
				5CE900C1286D655D00045E6E /* KeychainAccess */,
				5CD6EC9F286F48480059BEB7 /* Navajo-Swift */,
				5C31BE712870C40800768DDD /* ApolloSQLite */,
				5CEFBD32289DABE400CD0839 /* CocoaLumberjack */,
				5CEFBD34289DABE400CD0839 /* CocoaLumberjackSwift */,
				5CEFBD36289DABE400CD0839 /* CocoaLumberjackSwiftLogBackend */,
				5CEFBD38289DABEE00CD0839 /* SwiftUIX */,
				5CEFBD3A289DABEE00CD0839 /* Defaults */,
			);
			productName = RemoteProctoring;
			productReference = 5C9C0A5628697DD50040C53C /* RemoteProctoring-iPad.app */;
			productType = "com.apple.product-type.application";
		};
/* End PBXNativeTarget section */

/* Begin PBXProject section */
		5C75826728695DA1001D0C93 /* Project object */ = {
			isa = PBXProject;
			attributes = {
				BuildIndependentTargetsInParallel = 1;
				LastSwiftUpdateCheck = 1400;
				LastUpgradeCheck = 1400;
				TargetAttributes = {
					5C75826E28695DA1001D0C93 = {
						CreatedOnToolsVersion = 14.0;
					};
				};
			};
			buildConfigurationList = 5C75826A28695DA1001D0C93 /* Build configuration list for PBXProject "RemoteProctoring" */;
			compatibilityVersion = "Xcode 14.0";
			developmentRegion = en;
			hasScannedForEncodings = 0;
			knownRegions = (
				en,
				Base,
			);
			mainGroup = 5C75826628695DA1001D0C93;
			packageReferences = (
				5C693FC02869EC9300E75B45 /* XCRemoteSwiftPackageReference "apollo-ios" */,
				5CE900BE286D655300045E6E /* XCRemoteSwiftPackageReference "KeychainAccess" */,
				5CD6EC9C286F47E10059BEB7 /* XCRemoteSwiftPackageReference "Navajo-Swift" */,
				5CE3332C289D9B6A00BD6BA4 /* XCRemoteSwiftPackageReference "SwiftUIX" */,
				5CEFBD1E289DA70A00CD0839 /* XCRemoteSwiftPackageReference "Defaults" */,
				5CEFBD21289DAB8200CD0839 /* XCRemoteSwiftPackageReference "CocoaLumberjack" */,
				5C0A8515289E3FBA00914746 /* XCRemoteSwiftPackageReference "client-sdk-swift" */,
			);
			productRefGroup = 5C75827028695DA1001D0C93 /* Products */;
			projectDirPath = "";
			projectRoot = "";
			targets = (
				5C75826E28695DA1001D0C93 /* RemoteProctoring-iPhone */,
				5C1A22E6286960D000AA2636 /* RemoteProctoring-macOS */,
				5C9C0A4028697DD50040C53C /* RemoteProctoring-iPad */,
			);
		};
/* End PBXProject section */

/* Begin PBXResourcesBuildPhase section */
		5C1A22EB286960D000AA2636 /* Resources */ = {
			isa = PBXResourcesBuildPhase;
			buildActionMask = 2147483647;
			files = (
				5CF2526F2895316C00D03358 /* user.graphql in Resources */,
				5C5DDD64289A921200A98073 /* loginUsername.graphql in Resources */,
				5C5DDD68289A923D00A98073 /* loginResponse.graphql in Resources */,
				5C5DDD60289A91EC00A98073 /* loginEmail.graphql in Resources */,
				5C1A22EC286960D000AA2636 /* Preview Assets.xcassets in Resources */,
				5CF2A5CD2893E42C0080A8A4 /* register.graphql in Resources */,
				5C1A22ED286960D000AA2636 /* Assets.xcassets in Resources */,
			);
			runOnlyForDeploymentPostprocessing = 0;
		};
		5C75826D28695DA1001D0C93 /* Resources */ = {
			isa = PBXResourcesBuildPhase;
			buildActionMask = 2147483647;
			files = (
				5C5DDD67289A923D00A98073 /* loginResponse.graphql in Resources */,
				5C5DDD5F289A91EC00A98073 /* loginEmail.graphql in Resources */,
				5C9C0A58286981010040C53C /* Launch Screen.storyboard in Resources */,
				5C75827B28695DA6001D0C93 /* Preview Assets.xcassets in Resources */,
				5C5DDD63289A921200A98073 /* loginUsername.graphql in Resources */,
				5C75827728695DA6001D0C93 /* Assets.xcassets in Resources */,
				5CF2526E2895316C00D03358 /* user.graphql in Resources */,
				5CF2A5CC2893E42C0080A8A4 /* register.graphql in Resources */,
			);
			runOnlyForDeploymentPostprocessing = 0;
		};
		5C9C0A4E28697DD50040C53C /* Resources */ = {
			isa = PBXResourcesBuildPhase;
			buildActionMask = 2147483647;
			files = (
				5C5DDD69289A923D00A98073 /* loginResponse.graphql in Resources */,
				5C5DDD61289A91EC00A98073 /* loginEmail.graphql in Resources */,
				5C9C0A59286981010040C53C /* Launch Screen.storyboard in Resources */,
				5C9C0A5028697DD50040C53C /* Preview Assets.xcassets in Resources */,
				5C5DDD65289A921200A98073 /* loginUsername.graphql in Resources */,
				5C9C0A5128697DD50040C53C /* Assets.xcassets in Resources */,
				5CF252702895316C00D03358 /* user.graphql in Resources */,
				5CF2A5CE2893E42C0080A8A4 /* register.graphql in Resources */,
			);
			runOnlyForDeploymentPostprocessing = 0;
		};
/* End PBXResourcesBuildPhase section */

/* Begin PBXShellScriptBuildPhase section */
		5C1A230E286967B100AA2636 /* Apollo */ = {
			isa = PBXShellScriptBuildPhase;
			buildActionMask = 2147483647;
			files = (
			);
			inputFileListPaths = (
			);
			inputPaths = (
			);
			name = Apollo;
			outputFileListPaths = (
			);
			outputPaths = (
			);
			runOnlyForDeploymentPostprocessing = 0;
			shellPath = /bin/sh;
			shellScript = "if [ \"${ENABLE_PREVIEWS}\" = \"YES\" ]; then\n  echo \"Previews enabled, quitting to prevent 'preview paused'.\"\n  exit 0;\nfi\n\n# Don't run this during index builds\nif [ $ACTION = \"indexbuild\" ]; then exit 0; fi\n\ncd \"${SRCROOT}\"/ApolloCodegen\nxcrun -sdk macosx swift run ApolloCodegen generate\n# propagate the xcrun call's return code to Xcode\nexit $?\n";
		};
		5C9C0A672869E7000040C53C /* Apollo */ = {
			isa = PBXShellScriptBuildPhase;
			buildActionMask = 2147483647;
			files = (
			);
			inputFileListPaths = (
			);
			inputPaths = (
			);
			name = Apollo;
			outputFileListPaths = (
			);
			outputPaths = (
			);
			runOnlyForDeploymentPostprocessing = 0;
			shellPath = /bin/sh;
			shellScript = "if [ \"${ENABLE_PREVIEWS}\" = \"YES\" ]; then\n  echo \"Previews enabled, quitting to prevent 'preview paused'.\"\n  exit 0;\nfi\n\n# Don't run this during index builds\nif [ $ACTION = \"indexbuild\" ]; then exit 0; fi\n\ncd \"${SRCROOT}\"/ApolloCodegen\nxcrun -sdk macosx swift run ApolloCodegen generate\n# propagate the xcrun call's return code to Xcode\nexit $?\n";
		};
		5C9C0A682869E7250040C53C /* Apollo */ = {
			isa = PBXShellScriptBuildPhase;
			buildActionMask = 2147483647;
			files = (
			);
			inputFileListPaths = (
			);
			inputPaths = (
			);
			name = Apollo;
			outputFileListPaths = (
			);
			outputPaths = (
			);
			runOnlyForDeploymentPostprocessing = 0;
			shellPath = /bin/sh;
			shellScript = "if [ \"${ENABLE_PREVIEWS}\" = \"YES\" ]; then\n  echo \"Previews enabled, quitting to prevent 'preview paused'.\"\n  exit 0;\nfi\n\n# Don't run this during index builds\nif [ $ACTION = \"indexbuild\" ]; then exit 0; fi\n\ncd \"${SRCROOT}\"/ApolloCodegen\nxcrun -sdk macosx swift run ApolloCodegen generate\n# propagate the xcrun call's return code to Xcode\nexit $?\n";
		};
/* End PBXShellScriptBuildPhase section */

/* Begin PBXSourcesBuildPhase section */
		5C1A22E7286960D000AA2636 /* Sources */ = {
			isa = PBXSourcesBuildPhase;
			buildActionMask = 2147483647;
			files = (
				5CEE5AA128717F50005A259A /* RequestLoggingInterceptor.swift in Sources */,
				5CEE5A9D287176AC005A259A /* UserManagementInterceptor.swift in Sources */,
				5C0A8528289E4DC800914746 /* LogoBanner.swift in Sources */,
				5C0A8518289E4A4400914746 /* SidebarView.swift in Sources */,
				5CF2A5C92893BAA60080A8A4 /* StartView.swift in Sources */,
				5C1A22E8286960D000AA2636 /* ContentView.swift in Sources */,
				5CADAB91289ED8B200120268 /* ExamineesView.swift in Sources */,
				5C9C0A3F286976160040C53C /* Network.swift in Sources */,
				5CE95E3E289806700041BBCC /* RegisterViewSupporting.swift in Sources */,
				5CEEC19328968F1B001BD64C /* AuthFormView.swift in Sources */,
				5CEEC18F28968E7D001BD64C /* AuthFormSupporting.swift in Sources */,
				5CF2A5D12893EDEC0080A8A4 /* API.swift in Sources */,
				5CEEC18728968B0A001BD64C /* AuthenticationErrorView.swift in Sources */,
				5C0A8524289E4C6200914746 /* MainContentView.swift in Sources */,
				5CF2A5C32893B3B50080A8A4 /* User.swift in Sources */,
				5C9C0A612869DED70040C53C /* MainView.swift in Sources */,
				5C9C3BB0286D92BD005CCA92 /* RegisterView.swift in Sources */,
				5C1A22E9286960D000AA2636 /* RemoteProctoringApp.swift in Sources */,
			);
			runOnlyForDeploymentPostprocessing = 0;
		};
		5C75826B28695DA1001D0C93 /* Sources */ = {
			isa = PBXSourcesBuildPhase;
			buildActionMask = 2147483647;
			files = (
				5CEE5AA028717F50005A259A /* RequestLoggingInterceptor.swift in Sources */,
				5CEE5A9C287176AC005A259A /* UserManagementInterceptor.swift in Sources */,
				5C0A8527289E4DC800914746 /* LogoBanner.swift in Sources */,
				5C0A8517289E4A4400914746 /* SidebarView.swift in Sources */,
				5CF2A5C82893BAA60080A8A4 /* StartView.swift in Sources */,
				5C75827528695DA1001D0C93 /* ContentView.swift in Sources */,
				5CADAB90289ED8B200120268 /* ExamineesView.swift in Sources */,
				5C9C0A3E286976160040C53C /* Network.swift in Sources */,
				5CE95E3D2898066F0041BBCC /* RegisterViewSupporting.swift in Sources */,
				5CEEC19228968F1B001BD64C /* AuthFormView.swift in Sources */,
				5CEEC18E28968E7D001BD64C /* AuthFormSupporting.swift in Sources */,
				5CF2A5D02893EDEC0080A8A4 /* API.swift in Sources */,
				5CEEC18628968B0A001BD64C /* AuthenticationErrorView.swift in Sources */,
				5C0A8523289E4C6200914746 /* MainContentView.swift in Sources */,
				5CF2A5C22893B3B50080A8A4 /* User.swift in Sources */,
				5C9C0A602869DED70040C53C /* MainView.swift in Sources */,
				5C9C3BAF286D92BD005CCA92 /* RegisterView.swift in Sources */,
				5C75827328695DA1001D0C93 /* RemoteProctoringApp.swift in Sources */,
			);
			runOnlyForDeploymentPostprocessing = 0;
		};
		5C9C0A4528697DD50040C53C /* Sources */ = {
			isa = PBXSourcesBuildPhase;
			buildActionMask = 2147483647;
			files = (
				5CEE5AA228717F50005A259A /* RequestLoggingInterceptor.swift in Sources */,
				5CEE5A9E287176AC005A259A /* UserManagementInterceptor.swift in Sources */,
				5C0A8529289E4DC800914746 /* LogoBanner.swift in Sources */,
				5C0A8519289E4A4400914746 /* SidebarView.swift in Sources */,
				5CF2A5CA2893BAA60080A8A4 /* StartView.swift in Sources */,
				5C9C0A4628697DD50040C53C /* ContentView.swift in Sources */,
				5CADAB92289ED8B200120268 /* ExamineesView.swift in Sources */,
				5C9C0A4828697DD50040C53C /* Network.swift in Sources */,
				5CE95E3F289806710041BBCC /* RegisterViewSupporting.swift in Sources */,
				5CEEC19428968F1B001BD64C /* AuthFormView.swift in Sources */,
				5CEEC19028968E7D001BD64C /* AuthFormSupporting.swift in Sources */,
				5CF2A5D22893EDEC0080A8A4 /* API.swift in Sources */,
				5CEEC18828968B0A001BD64C /* AuthenticationErrorView.swift in Sources */,
				5C0A8525289E4C6200914746 /* MainContentView.swift in Sources */,
				5CF2A5C42893B3B50080A8A4 /* User.swift in Sources */,
				5C9C0A622869DED70040C53C /* MainView.swift in Sources */,
				5C9C3BB1286D92BD005CCA92 /* RegisterView.swift in Sources */,
				5C9C0A4928697DD50040C53C /* RemoteProctoringApp.swift in Sources */,
			);
			runOnlyForDeploymentPostprocessing = 0;
		};
/* End PBXSourcesBuildPhase section */

/* Begin XCBuildConfiguration section */
		5C1A22EF286960D000AA2636 /* Debug */ = {
			isa = XCBuildConfiguration;
			buildSettings = {
				ASSETCATALOG_COMPILER_APPICON_NAME = AppIcon;
				ASSETCATALOG_COMPILER_GLOBAL_ACCENT_COLOR_NAME = AccentColor;
				ASSETCATALOG_COMPILER_INCLUDE_ALL_APPICON_ASSETS = NO;
				CODE_SIGN_ENTITLEMENTS = RemoteProctoring/RemoteProctoring.entitlements;
				CODE_SIGN_IDENTITY = "-";
				CODE_SIGN_STYLE = Automatic;
				CURRENT_PROJECT_VERSION = 1;
				DEAD_CODE_STRIPPING = YES;
				DEVELOPMENT_ASSET_PATHS = "\"RemoteProctoring/Preview Content\"";
				DEVELOPMENT_TEAM = 9FY49AFFG7;
				ENABLE_HARDENED_RUNTIME = YES;
				ENABLE_PREVIEWS = YES;
				GENERATE_INFOPLIST_FILE = YES;
				INFOPLIST_KEY_CFBundleDisplayName = Procted;
				INFOPLIST_KEY_LSApplicationCategoryType = "public.app-category.utilities";
				"INFOPLIST_KEY_UILaunchScreen_Generation[sdk=iphoneos*]" = YES;
				"INFOPLIST_KEY_UILaunchScreen_Generation[sdk=iphonesimulator*]" = YES;
				INFOPLIST_KEY_UILaunchStoryboardName = "";
				INFOPLIST_KEY_UISupportedInterfaceOrientations_iPad = "UIInterfaceOrientationPortrait UIInterfaceOrientationPortraitUpsideDown UIInterfaceOrientationLandscapeLeft UIInterfaceOrientationLandscapeRight";
				INFOPLIST_KEY_UISupportedInterfaceOrientations_iPhone = "UIInterfaceOrientationPortrait UIInterfaceOrientationLandscapeLeft UIInterfaceOrientationLandscapeRight";
				IPHONEOS_DEPLOYMENT_TARGET = 16.0;
				LD_RUNPATH_SEARCH_PATHS = "$(inherited)";
				"LD_RUNPATH_SEARCH_PATHS[sdk=macosx*]" = "$(inherited)";
				MACOSX_DEPLOYMENT_TARGET = 12.4;
				MARKETING_VERSION = 1.0;
				PRODUCT_BUNDLE_IDENTIFIER = com.biit.RemoteProctoring;
				PRODUCT_NAME = "$(TARGET_NAME)";
				SDKROOT = auto;
				SUPPORTED_PLATFORMS = macosx;
				SUPPORTS_MACCATALYST = NO;
				SUPPORTS_MAC_DESIGNED_FOR_IPHONE_IPAD = NO;
				SWIFT_EMIT_LOC_STRINGS = YES;
				SWIFT_VERSION = 5.0;
			};
			name = Debug;
		};
		5C1A22F0286960D000AA2636 /* Release */ = {
			isa = XCBuildConfiguration;
			buildSettings = {
				ASSETCATALOG_COMPILER_APPICON_NAME = AppIcon;
				ASSETCATALOG_COMPILER_GLOBAL_ACCENT_COLOR_NAME = AccentColor;
				ASSETCATALOG_COMPILER_INCLUDE_ALL_APPICON_ASSETS = NO;
				CODE_SIGN_ENTITLEMENTS = RemoteProctoring/RemoteProctoring.entitlements;
				CODE_SIGN_IDENTITY = "-";
				CODE_SIGN_STYLE = Automatic;
				CURRENT_PROJECT_VERSION = 1;
				DEAD_CODE_STRIPPING = YES;
				DEVELOPMENT_ASSET_PATHS = "\"RemoteProctoring/Preview Content\"";
				DEVELOPMENT_TEAM = 9FY49AFFG7;
				ENABLE_HARDENED_RUNTIME = YES;
				ENABLE_PREVIEWS = YES;
				FRAMEWORK_SEARCH_PATHS = "$(inherited)";
				GENERATE_INFOPLIST_FILE = YES;
				INFOPLIST_KEY_CFBundleDisplayName = Procted;
				INFOPLIST_KEY_LSApplicationCategoryType = "public.app-category.utilities";
				"INFOPLIST_KEY_UILaunchScreen_Generation[sdk=iphoneos*]" = YES;
				"INFOPLIST_KEY_UILaunchScreen_Generation[sdk=iphonesimulator*]" = YES;
				INFOPLIST_KEY_UILaunchStoryboardName = "";
				INFOPLIST_KEY_UISupportedInterfaceOrientations_iPad = "UIInterfaceOrientationPortrait UIInterfaceOrientationPortraitUpsideDown UIInterfaceOrientationLandscapeLeft UIInterfaceOrientationLandscapeRight";
				INFOPLIST_KEY_UISupportedInterfaceOrientations_iPhone = "UIInterfaceOrientationPortrait UIInterfaceOrientationLandscapeLeft UIInterfaceOrientationLandscapeRight";
				IPHONEOS_DEPLOYMENT_TARGET = 16.0;
				LD_RUNPATH_SEARCH_PATHS = "$(inherited)";
				"LD_RUNPATH_SEARCH_PATHS[arch=*]" = "$(inherited)";
				MACOSX_DEPLOYMENT_TARGET = 12.4;
				MARKETING_VERSION = 1.0;
				PRODUCT_BUNDLE_IDENTIFIER = com.biit.RemoteProctoring;
				PRODUCT_NAME = "$(TARGET_NAME)";
				SDKROOT = auto;
				SUPPORTED_PLATFORMS = macosx;
				SUPPORTS_MACCATALYST = NO;
				SUPPORTS_MAC_DESIGNED_FOR_IPHONE_IPAD = NO;
				SWIFT_EMIT_LOC_STRINGS = YES;
				SWIFT_VERSION = 5.0;
			};
			name = Release;
		};
		5C75827C28695DA6001D0C93 /* Debug */ = {
			isa = XCBuildConfiguration;
			buildSettings = {
				ALWAYS_SEARCH_USER_PATHS = NO;
				CLANG_ANALYZER_NONNULL = YES;
				CLANG_ANALYZER_NUMBER_OBJECT_CONVERSION = YES_AGGRESSIVE;
				CLANG_CXX_LANGUAGE_STANDARD = "gnu++17";
				CLANG_ENABLE_MODULES = YES;
				CLANG_ENABLE_OBJC_ARC = YES;
				CLANG_ENABLE_OBJC_WEAK = YES;
				CLANG_WARN_BLOCK_CAPTURE_AUTORELEASING = YES;
				CLANG_WARN_BOOL_CONVERSION = YES;
				CLANG_WARN_COMMA = YES;
				CLANG_WARN_CONSTANT_CONVERSION = YES;
				CLANG_WARN_DEPRECATED_OBJC_IMPLEMENTATIONS = YES;
				CLANG_WARN_DIRECT_OBJC_ISA_USAGE = YES_ERROR;
				CLANG_WARN_DOCUMENTATION_COMMENTS = YES;
				CLANG_WARN_EMPTY_BODY = YES;
				CLANG_WARN_ENUM_CONVERSION = YES;
				CLANG_WARN_INFINITE_RECURSION = YES;
				CLANG_WARN_INT_CONVERSION = YES;
				CLANG_WARN_NON_LITERAL_NULL_CONVERSION = YES;
				CLANG_WARN_OBJC_IMPLICIT_RETAIN_SELF = YES;
				CLANG_WARN_OBJC_LITERAL_CONVERSION = YES;
				CLANG_WARN_OBJC_ROOT_CLASS = YES_ERROR;
				CLANG_WARN_QUOTED_INCLUDE_IN_FRAMEWORK_HEADER = YES;
				CLANG_WARN_RANGE_LOOP_ANALYSIS = YES;
				CLANG_WARN_STRICT_PROTOTYPES = YES;
				CLANG_WARN_SUSPICIOUS_MOVE = YES;
				CLANG_WARN_UNGUARDED_AVAILABILITY = YES_AGGRESSIVE;
				CLANG_WARN_UNREACHABLE_CODE = YES;
				CLANG_WARN__DUPLICATE_METHOD_MATCH = YES;
				COPY_PHASE_STRIP = NO;
				DEAD_CODE_STRIPPING = YES;
				DEBUG_INFORMATION_FORMAT = dwarf;
				ENABLE_STRICT_OBJC_MSGSEND = YES;
				ENABLE_TESTABILITY = YES;
				GCC_C_LANGUAGE_STANDARD = gnu11;
				GCC_DYNAMIC_NO_PIC = NO;
				GCC_NO_COMMON_BLOCKS = YES;
				GCC_OPTIMIZATION_LEVEL = 0;
				GCC_PREPROCESSOR_DEFINITIONS = (
					"DEBUG=1",
					"$(inherited)",
				);
				GCC_WARN_64_TO_32_BIT_CONVERSION = YES;
				GCC_WARN_ABOUT_RETURN_TYPE = YES_ERROR;
				GCC_WARN_UNDECLARED_SELECTOR = YES;
				GCC_WARN_UNINITIALIZED_AUTOS = YES_AGGRESSIVE;
				GCC_WARN_UNUSED_FUNCTION = YES;
				GCC_WARN_UNUSED_VARIABLE = YES;
				IPHONEOS_DEPLOYMENT_TARGET = 16.0;
				MACOSX_DEPLOYMENT_TARGET = 12.4;
				MTL_ENABLE_DEBUG_INFO = INCLUDE_SOURCE;
				MTL_FAST_MATH = YES;
				ONLY_ACTIVE_ARCH = YES;
				SWIFT_ACTIVE_COMPILATION_CONDITIONS = DEBUG;
				SWIFT_OPTIMIZATION_LEVEL = "-Onone";
			};
			name = Debug;
		};
		5C75827D28695DA6001D0C93 /* Release */ = {
			isa = XCBuildConfiguration;
			buildSettings = {
				ALWAYS_SEARCH_USER_PATHS = NO;
				CLANG_ANALYZER_NONNULL = YES;
				CLANG_ANALYZER_NUMBER_OBJECT_CONVERSION = YES_AGGRESSIVE;
				CLANG_CXX_LANGUAGE_STANDARD = "gnu++17";
				CLANG_ENABLE_MODULES = YES;
				CLANG_ENABLE_OBJC_ARC = YES;
				CLANG_ENABLE_OBJC_WEAK = YES;
				CLANG_WARN_BLOCK_CAPTURE_AUTORELEASING = YES;
				CLANG_WARN_BOOL_CONVERSION = YES;
				CLANG_WARN_COMMA = YES;
				CLANG_WARN_CONSTANT_CONVERSION = YES;
				CLANG_WARN_DEPRECATED_OBJC_IMPLEMENTATIONS = YES;
				CLANG_WARN_DIRECT_OBJC_ISA_USAGE = YES_ERROR;
				CLANG_WARN_DOCUMENTATION_COMMENTS = YES;
				CLANG_WARN_EMPTY_BODY = YES;
				CLANG_WARN_ENUM_CONVERSION = YES;
				CLANG_WARN_INFINITE_RECURSION = YES;
				CLANG_WARN_INT_CONVERSION = YES;
				CLANG_WARN_NON_LITERAL_NULL_CONVERSION = YES;
				CLANG_WARN_OBJC_IMPLICIT_RETAIN_SELF = YES;
				CLANG_WARN_OBJC_LITERAL_CONVERSION = YES;
				CLANG_WARN_OBJC_ROOT_CLASS = YES_ERROR;
				CLANG_WARN_QUOTED_INCLUDE_IN_FRAMEWORK_HEADER = YES;
				CLANG_WARN_RANGE_LOOP_ANALYSIS = YES;
				CLANG_WARN_STRICT_PROTOTYPES = YES;
				CLANG_WARN_SUSPICIOUS_MOVE = YES;
				CLANG_WARN_UNGUARDED_AVAILABILITY = YES_AGGRESSIVE;
				CLANG_WARN_UNREACHABLE_CODE = YES;
				CLANG_WARN__DUPLICATE_METHOD_MATCH = YES;
				COPY_PHASE_STRIP = NO;
				DEAD_CODE_STRIPPING = YES;
				DEBUG_INFORMATION_FORMAT = "dwarf-with-dsym";
				ENABLE_NS_ASSERTIONS = NO;
				ENABLE_STRICT_OBJC_MSGSEND = YES;
				GCC_C_LANGUAGE_STANDARD = gnu11;
				GCC_NO_COMMON_BLOCKS = YES;
				GCC_WARN_64_TO_32_BIT_CONVERSION = YES;
				GCC_WARN_ABOUT_RETURN_TYPE = YES_ERROR;
				GCC_WARN_UNDECLARED_SELECTOR = YES;
				GCC_WARN_UNINITIALIZED_AUTOS = YES_AGGRESSIVE;
				GCC_WARN_UNUSED_FUNCTION = YES;
				GCC_WARN_UNUSED_VARIABLE = YES;
				IPHONEOS_DEPLOYMENT_TARGET = 16.0;
				MACOSX_DEPLOYMENT_TARGET = 12.4;
				MTL_ENABLE_DEBUG_INFO = NO;
				MTL_FAST_MATH = YES;
				SWIFT_COMPILATION_MODE = wholemodule;
				SWIFT_OPTIMIZATION_LEVEL = "-O";
			};
			name = Release;
		};
		5C75827F28695DA6001D0C93 /* Debug */ = {
			isa = XCBuildConfiguration;
			buildSettings = {
				ASSETCATALOG_COMPILER_APPICON_NAME = AppIcon;
				ASSETCATALOG_COMPILER_GLOBAL_ACCENT_COLOR_NAME = AccentColor;
				CODE_SIGN_ENTITLEMENTS = RemoteProctoring/RemoteProctoring.entitlements;
				CODE_SIGN_IDENTITY = "-";
				CODE_SIGN_STYLE = Automatic;
				CURRENT_PROJECT_VERSION = 1;
				DEAD_CODE_STRIPPING = YES;
				DEVELOPMENT_ASSET_PATHS = "\"RemoteProctoring/Preview Content\"";
				DEVELOPMENT_TEAM = 9FY49AFFG7;
				ENABLE_HARDENED_RUNTIME = YES;
				ENABLE_PREVIEWS = YES;
				FRAMEWORK_SEARCH_PATHS = "$(inherited)";
				GENERATE_INFOPLIST_FILE = YES;
				INFOPLIST_KEY_CFBundleDisplayName = Procted;
				"INFOPLIST_KEY_UILaunchScreen_Generation[sdk=iphoneos*]" = YES;
				"INFOPLIST_KEY_UILaunchScreen_Generation[sdk=iphonesimulator*]" = YES;
				INFOPLIST_KEY_UILaunchStoryboardName = "Launch Screen.storyboard";
				INFOPLIST_KEY_UISupportedInterfaceOrientations_iPad = "UIInterfaceOrientationPortrait UIInterfaceOrientationPortraitUpsideDown UIInterfaceOrientationLandscapeLeft UIInterfaceOrientationLandscapeRight";
				INFOPLIST_KEY_UISupportedInterfaceOrientations_iPhone = "UIInterfaceOrientationPortrait UIInterfaceOrientationLandscapeLeft UIInterfaceOrientationLandscapeRight";
				IPHONEOS_DEPLOYMENT_TARGET = 16.0;
				LD_RUNPATH_SEARCH_PATHS = "$(inherited)";
				"LD_RUNPATH_SEARCH_PATHS[sdk=macosx*]" = "$(inherited)";
				MACOSX_DEPLOYMENT_TARGET = 12.4;
				MARKETING_VERSION = 1.0;
				PRODUCT_BUNDLE_IDENTIFIER = com.biit.RemoteProctoring;
				PRODUCT_NAME = "$(TARGET_NAME)";
				SDKROOT = auto;
				SUPPORTED_PLATFORMS = "iphoneos iphonesimulator";
				SUPPORTS_MACCATALYST = NO;
				SUPPORTS_MAC_DESIGNED_FOR_IPHONE_IPAD = NO;
				SWIFT_EMIT_LOC_STRINGS = YES;
				SWIFT_VERSION = 5.0;
				TARGETED_DEVICE_FAMILY = 1;
			};
			name = Debug;
		};
		5C75828028695DA6001D0C93 /* Release */ = {
			isa = XCBuildConfiguration;
			buildSettings = {
				ASSETCATALOG_COMPILER_APPICON_NAME = AppIcon;
				ASSETCATALOG_COMPILER_GLOBAL_ACCENT_COLOR_NAME = AccentColor;
				CODE_SIGN_ENTITLEMENTS = RemoteProctoring/RemoteProctoring.entitlements;
				CODE_SIGN_IDENTITY = "-";
				CODE_SIGN_STYLE = Automatic;
				CURRENT_PROJECT_VERSION = 1;
				DEAD_CODE_STRIPPING = YES;
				DEVELOPMENT_ASSET_PATHS = "\"RemoteProctoring/Preview Content\"";
				DEVELOPMENT_TEAM = 9FY49AFFG7;
				ENABLE_HARDENED_RUNTIME = YES;
				ENABLE_PREVIEWS = YES;
				FRAMEWORK_SEARCH_PATHS = "$(inherited)";
				GENERATE_INFOPLIST_FILE = YES;
				INFOPLIST_KEY_CFBundleDisplayName = Procted;
				"INFOPLIST_KEY_UILaunchScreen_Generation[sdk=iphoneos*]" = YES;
				"INFOPLIST_KEY_UILaunchScreen_Generation[sdk=iphonesimulator*]" = YES;
				INFOPLIST_KEY_UILaunchStoryboardName = "Launch Screen.storyboard";
				INFOPLIST_KEY_UISupportedInterfaceOrientations_iPad = "UIInterfaceOrientationPortrait UIInterfaceOrientationPortraitUpsideDown UIInterfaceOrientationLandscapeLeft UIInterfaceOrientationLandscapeRight";
				INFOPLIST_KEY_UISupportedInterfaceOrientations_iPhone = "UIInterfaceOrientationPortrait UIInterfaceOrientationLandscapeLeft UIInterfaceOrientationLandscapeRight";
				IPHONEOS_DEPLOYMENT_TARGET = 16.0;
				LD_RUNPATH_SEARCH_PATHS = "$(inherited)";
				"LD_RUNPATH_SEARCH_PATHS[sdk=macosx*]" = "$(inherited)";
				MACOSX_DEPLOYMENT_TARGET = 12.4;
				MARKETING_VERSION = 1.0;
				PRODUCT_BUNDLE_IDENTIFIER = com.biit.RemoteProctoring;
				PRODUCT_NAME = "$(TARGET_NAME)";
				SDKROOT = auto;
				SUPPORTED_PLATFORMS = "iphoneos iphonesimulator";
				SUPPORTS_MACCATALYST = NO;
				SUPPORTS_MAC_DESIGNED_FOR_IPHONE_IPAD = NO;
				SWIFT_EMIT_LOC_STRINGS = YES;
				SWIFT_VERSION = 5.0;
				TARGETED_DEVICE_FAMILY = 1;
			};
			name = Release;
		};
		5C9C0A5428697DD50040C53C /* Debug */ = {
			isa = XCBuildConfiguration;
			buildSettings = {
				ASSETCATALOG_COMPILER_APPICON_NAME = AppIcon;
				ASSETCATALOG_COMPILER_GLOBAL_ACCENT_COLOR_NAME = AccentColor;
				ASSETCATALOG_COMPILER_INCLUDE_ALL_APPICON_ASSETS = NO;
				CODE_SIGN_ENTITLEMENTS = RemoteProctoring/RemoteProctoring.entitlements;
				CODE_SIGN_IDENTITY = "Apple Development";
				CODE_SIGN_STYLE = Automatic;
				CURRENT_PROJECT_VERSION = 1;
				DEAD_CODE_STRIPPING = YES;
				DEVELOPMENT_ASSET_PATHS = "\"RemoteProctoring/Preview Content\"";
				DEVELOPMENT_TEAM = 9FY49AFFG7;
				ENABLE_HARDENED_RUNTIME = YES;
				ENABLE_PREVIEWS = YES;
				FRAMEWORK_SEARCH_PATHS = "$(inherited)";
				GENERATE_INFOPLIST_FILE = YES;
				INFOPLIST_KEY_CFBundleDisplayName = Procted;
				INFOPLIST_KEY_LSApplicationCategoryType = "public.app-category.utilities";
				"INFOPLIST_KEY_UILaunchScreen_Generation[sdk=iphoneos*]" = YES;
				"INFOPLIST_KEY_UILaunchScreen_Generation[sdk=iphonesimulator*]" = YES;
				INFOPLIST_KEY_UILaunchStoryboardName = "Launch Screen.storyboard";
				INFOPLIST_KEY_UISupportedInterfaceOrientations_iPad = "UIInterfaceOrientationPortrait UIInterfaceOrientationPortraitUpsideDown UIInterfaceOrientationLandscapeLeft UIInterfaceOrientationLandscapeRight";
				INFOPLIST_KEY_UISupportedInterfaceOrientations_iPhone = "UIInterfaceOrientationPortrait UIInterfaceOrientationLandscapeLeft UIInterfaceOrientationLandscapeRight";
				IPHONEOS_DEPLOYMENT_TARGET = 16.0;
				LD_RUNPATH_SEARCH_PATHS = "$(inherited))";
				"LD_RUNPATH_SEARCH_PATHS[arch=*]" = "$(inherited))";
				MACOSX_DEPLOYMENT_TARGET = 12.4;
				MARKETING_VERSION = 1.0;
				PRODUCT_BUNDLE_IDENTIFIER = com.biit.RemoteProctoring;
				PRODUCT_NAME = "$(TARGET_NAME)";
				PROVISIONING_PROFILE_SPECIFIER = "";
				SDKROOT = auto;
				SUPPORTED_PLATFORMS = "iphoneos iphonesimulator";
				SUPPORTS_MACCATALYST = NO;
				SUPPORTS_MAC_DESIGNED_FOR_IPHONE_IPAD = NO;
				SWIFT_EMIT_LOC_STRINGS = YES;
				SWIFT_VERSION = 5.0;
				TARGETED_DEVICE_FAMILY = 2;
			};
			name = Debug;
		};
		5C9C0A5528697DD50040C53C /* Release */ = {
			isa = XCBuildConfiguration;
			buildSettings = {
				ASSETCATALOG_COMPILER_APPICON_NAME = AppIcon;
				ASSETCATALOG_COMPILER_GLOBAL_ACCENT_COLOR_NAME = AccentColor;
				ASSETCATALOG_COMPILER_INCLUDE_ALL_APPICON_ASSETS = NO;
				CODE_SIGN_ENTITLEMENTS = RemoteProctoring/RemoteProctoring.entitlements;
				CODE_SIGN_IDENTITY = "Apple Development";
				CODE_SIGN_STYLE = Automatic;
				CURRENT_PROJECT_VERSION = 1;
				DEAD_CODE_STRIPPING = YES;
				DEVELOPMENT_ASSET_PATHS = "\"RemoteProctoring/Preview Content\"";
				DEVELOPMENT_TEAM = 9FY49AFFG7;
				ENABLE_HARDENED_RUNTIME = YES;
				ENABLE_PREVIEWS = YES;
				FRAMEWORK_SEARCH_PATHS = "$(inherited)";
				GENERATE_INFOPLIST_FILE = YES;
				INFOPLIST_KEY_CFBundleDisplayName = Procted;
				INFOPLIST_KEY_LSApplicationCategoryType = "public.app-category.utilities";
				"INFOPLIST_KEY_UILaunchScreen_Generation[sdk=iphoneos*]" = YES;
				"INFOPLIST_KEY_UILaunchScreen_Generation[sdk=iphonesimulator*]" = YES;
				INFOPLIST_KEY_UILaunchStoryboardName = "Launch Screen.storyboard";
				INFOPLIST_KEY_UISupportedInterfaceOrientations_iPad = "UIInterfaceOrientationPortrait UIInterfaceOrientationPortraitUpsideDown UIInterfaceOrientationLandscapeLeft UIInterfaceOrientationLandscapeRight";
				INFOPLIST_KEY_UISupportedInterfaceOrientations_iPhone = "UIInterfaceOrientationPortrait UIInterfaceOrientationLandscapeLeft UIInterfaceOrientationLandscapeRight";
				IPHONEOS_DEPLOYMENT_TARGET = 16.0;
				LD_RUNPATH_SEARCH_PATHS = "$(inherited))";
				"LD_RUNPATH_SEARCH_PATHS[arch=*]" = "$(inherited))";
				MACOSX_DEPLOYMENT_TARGET = 12.4;
				MARKETING_VERSION = 1.0;
				PRODUCT_BUNDLE_IDENTIFIER = com.biit.RemoteProctoring;
				PRODUCT_NAME = "$(TARGET_NAME)";
				PROVISIONING_PROFILE_SPECIFIER = "";
				SDKROOT = auto;
				SUPPORTED_PLATFORMS = "iphoneos iphonesimulator";
				SUPPORTS_MACCATALYST = NO;
				SUPPORTS_MAC_DESIGNED_FOR_IPHONE_IPAD = NO;
				SWIFT_EMIT_LOC_STRINGS = YES;
				SWIFT_VERSION = 5.0;
				TARGETED_DEVICE_FAMILY = 2;
			};
			name = Release;
		};
/* End XCBuildConfiguration section */

/* Begin XCConfigurationList section */
		5C1A22EE286960D000AA2636 /* Build configuration list for PBXNativeTarget "RemoteProctoring-macOS" */ = {
			isa = XCConfigurationList;
			buildConfigurations = (
				5C1A22EF286960D000AA2636 /* Debug */,
				5C1A22F0286960D000AA2636 /* Release */,
			);
			defaultConfigurationIsVisible = 0;
			defaultConfigurationName = Release;
		};
		5C75826A28695DA1001D0C93 /* Build configuration list for PBXProject "RemoteProctoring" */ = {
			isa = XCConfigurationList;
			buildConfigurations = (
				5C75827C28695DA6001D0C93 /* Debug */,
				5C75827D28695DA6001D0C93 /* Release */,
			);
			defaultConfigurationIsVisible = 0;
			defaultConfigurationName = Release;
		};
		5C75827E28695DA6001D0C93 /* Build configuration list for PBXNativeTarget "RemoteProctoring-iPhone" */ = {
			isa = XCConfigurationList;
			buildConfigurations = (
				5C75827F28695DA6001D0C93 /* Debug */,
				5C75828028695DA6001D0C93 /* Release */,
			);
			defaultConfigurationIsVisible = 0;
			defaultConfigurationName = Release;
		};
		5C9C0A5328697DD50040C53C /* Build configuration list for PBXNativeTarget "RemoteProctoring-iPad" */ = {
			isa = XCConfigurationList;
			buildConfigurations = (
				5C9C0A5428697DD50040C53C /* Debug */,
				5C9C0A5528697DD50040C53C /* Release */,
			);
			defaultConfigurationIsVisible = 0;
			defaultConfigurationName = Release;
		};
/* End XCConfigurationList section */

/* Begin XCRemoteSwiftPackageReference section */
		5C0A8515289E3FBA00914746 /* XCRemoteSwiftPackageReference "client-sdk-swift" */ = {
			isa = XCRemoteSwiftPackageReference;
			repositoryURL = "https://github.com/livekit/client-sdk-swift.git";
			requirement = {
				kind = upToNextMajorVersion;
				minimumVersion = 1.0.0;
			};
		};
		5C693FC02869EC9300E75B45 /* XCRemoteSwiftPackageReference "apollo-ios" */ = {
			isa = XCRemoteSwiftPackageReference;
			repositoryURL = "https://github.com/apollographql/apollo-ios";
			requirement = {
				kind = upToNextMinorVersion;
				minimumVersion = 0.51.2;
			};
		};
		5C9C0A4228697DD50040C53C /* XCRemoteSwiftPackageReference "apollo-ios" */ = {
			isa = XCRemoteSwiftPackageReference;
			repositoryURL = "https://github.com/apollographql/apollo-ios.git";
			requirement = {
				kind = upToNextMinorVersion;
				minimumVersion = 0.51.2;
			};
		};
		5CD6EC9C286F47E10059BEB7 /* XCRemoteSwiftPackageReference "Navajo-Swift" */ = {
			isa = XCRemoteSwiftPackageReference;
			repositoryURL = "https://github.com/Wistas23/Navajo-Swift.git";
			requirement = {
				kind = upToNextMajorVersion;
				minimumVersion = 2.0.0;
			};
		};
		5CE3332C289D9B6A00BD6BA4 /* XCRemoteSwiftPackageReference "SwiftUIX" */ = {
			isa = XCRemoteSwiftPackageReference;
			repositoryURL = "https://github.com/SwiftUIX/SwiftUIX";
			requirement = {
				kind = upToNextMajorVersion;
				minimumVersion = 0.1.2;
			};
		};
		5CE900BE286D655300045E6E /* XCRemoteSwiftPackageReference "KeychainAccess" */ = {
			isa = XCRemoteSwiftPackageReference;
			repositoryURL = "https://github.com/kishikawakatsumi/KeychainAccess.git";
			requirement = {
				kind = upToNextMajorVersion;
				minimumVersion = 3.0.0;
			};
		};
		5CEFBD1E289DA70A00CD0839 /* XCRemoteSwiftPackageReference "Defaults" */ = {
			isa = XCRemoteSwiftPackageReference;
			repositoryURL = "https://github.com/sindresorhus/Defaults";
			requirement = {
				branch = main;
				kind = branch;
			};
		};
		5CEFBD21289DAB8200CD0839 /* XCRemoteSwiftPackageReference "CocoaLumberjack" */ = {
			isa = XCRemoteSwiftPackageReference;
			repositoryURL = "https://github.com/CocoaLumberjack/CocoaLumberjack.git";
			requirement = {
				kind = upToNextMajorVersion;
				minimumVersion = 3.0.0;
			};
		};
/* End XCRemoteSwiftPackageReference section */

/* Begin XCSwiftPackageProductDependency section */
		5C31BE712870C40800768DDD /* ApolloSQLite */ = {
			isa = XCSwiftPackageProductDependency;
			package = 5C693FC02869EC9300E75B45 /* XCRemoteSwiftPackageReference "apollo-ios" */;
			productName = ApolloSQLite;
		};
		5C31BE732870C41000768DDD /* ApolloSQLite */ = {
			isa = XCSwiftPackageProductDependency;
			package = 5C693FC02869EC9300E75B45 /* XCRemoteSwiftPackageReference "apollo-ios" */;
			productName = ApolloSQLite;
		};
		5C31BE752870C41B00768DDD /* ApolloSQLite */ = {
			isa = XCSwiftPackageProductDependency;
			package = 5C693FC02869EC9300E75B45 /* XCRemoteSwiftPackageReference "apollo-ios" */;
			productName = ApolloSQLite;
		};
		5C693FC12869EC9300E75B45 /* Apollo */ = {
			isa = XCSwiftPackageProductDependency;
			package = 5C693FC02869EC9300E75B45 /* XCRemoteSwiftPackageReference "apollo-ios" */;
			productName = Apollo;
		};
		5C693FC32869EC9300E75B45 /* ApolloWebSocket */ = {
			isa = XCSwiftPackageProductDependency;
			package = 5C693FC02869EC9300E75B45 /* XCRemoteSwiftPackageReference "apollo-ios" */;
			productName = ApolloWebSocket;
		};
		5C693FC52869ECAC00E75B45 /* Apollo */ = {
			isa = XCSwiftPackageProductDependency;
			package = 5C693FC02869EC9300E75B45 /* XCRemoteSwiftPackageReference "apollo-ios" */;
			productName = Apollo;
		};
		5C693FC72869ECAC00E75B45 /* ApolloWebSocket */ = {
			isa = XCSwiftPackageProductDependency;
			package = 5C693FC02869EC9300E75B45 /* XCRemoteSwiftPackageReference "apollo-ios" */;
			productName = ApolloWebSocket;
		};
		5C9C0A4128697DD50040C53C /* Apollo */ = {
			isa = XCSwiftPackageProductDependency;
			package = 5C9C0A4228697DD50040C53C /* XCRemoteSwiftPackageReference "apollo-ios" */;
			productName = Apollo;
		};
		5C9C0A4328697DD50040C53C /* ApolloWebSocket */ = {
			isa = XCSwiftPackageProductDependency;
			package = 5C9C0A4228697DD50040C53C /* XCRemoteSwiftPackageReference "apollo-ios" */;
			productName = ApolloWebSocket;
		};
		5CD6EC9D286F47E20059BEB7 /* Navajo-Swift */ = {
			isa = XCSwiftPackageProductDependency;
			package = 5CD6EC9C286F47E10059BEB7 /* XCRemoteSwiftPackageReference "Navajo-Swift" */;
			productName = "Navajo-Swift";
		};
		5CD6EC9F286F48480059BEB7 /* Navajo-Swift */ = {
			isa = XCSwiftPackageProductDependency;
			package = 5CD6EC9C286F47E10059BEB7 /* XCRemoteSwiftPackageReference "Navajo-Swift" */;
			productName = "Navajo-Swift";
		};
		5CD6ECA1286F48540059BEB7 /* Navajo-Swift */ = {
			isa = XCSwiftPackageProductDependency;
			package = 5CD6EC9C286F47E10059BEB7 /* XCRemoteSwiftPackageReference "Navajo-Swift" */;
			productName = "Navajo-Swift";
		};
		5CE3332D289D9B6C00BD6BA4 /* SwiftUIX */ = {
			isa = XCSwiftPackageProductDependency;
			package = 5CE3332C289D9B6A00BD6BA4 /* XCRemoteSwiftPackageReference "SwiftUIX" */;
			productName = SwiftUIX;
		};
		5CE900C1286D655D00045E6E /* KeychainAccess */ = {
			isa = XCSwiftPackageProductDependency;
			package = 5CE900BE286D655300045E6E /* XCRemoteSwiftPackageReference "KeychainAccess" */;
			productName = KeychainAccess;
		};
		5CE900C3286D656300045E6E /* KeychainAccess */ = {
			isa = XCSwiftPackageProductDependency;
			package = 5CE900BE286D655300045E6E /* XCRemoteSwiftPackageReference "KeychainAccess" */;
			productName = KeychainAccess;
		};
		5CE900C5286D657700045E6E /* KeychainAccess */ = {
			isa = XCSwiftPackageProductDependency;
			package = 5CE900BE286D655300045E6E /* XCRemoteSwiftPackageReference "KeychainAccess" */;
			productName = KeychainAccess;
		};
		5CEFBD1F289DA70B00CD0839 /* Defaults */ = {
			isa = XCSwiftPackageProductDependency;
			package = 5CEFBD1E289DA70A00CD0839 /* XCRemoteSwiftPackageReference "Defaults" */;
			productName = Defaults;
		};
		5CEFBD22289DAB8200CD0839 /* CocoaLumberjack */ = {
			isa = XCSwiftPackageProductDependency;
			package = 5CEFBD21289DAB8200CD0839 /* XCRemoteSwiftPackageReference "CocoaLumberjack" */;
			productName = CocoaLumberjack;
		};
		5CEFBD24289DAB8200CD0839 /* CocoaLumberjackSwift */ = {
			isa = XCSwiftPackageProductDependency;
			package = 5CEFBD21289DAB8200CD0839 /* XCRemoteSwiftPackageReference "CocoaLumberjack" */;
			productName = CocoaLumberjackSwift;
		};
		5CEFBD26289DAB8200CD0839 /* CocoaLumberjackSwiftLogBackend */ = {
			isa = XCSwiftPackageProductDependency;
			package = 5CEFBD21289DAB8200CD0839 /* XCRemoteSwiftPackageReference "CocoaLumberjack" */;
			productName = CocoaLumberjackSwiftLogBackend;
		};
		5CEFBD28289DAB9A00CD0839 /* Defaults */ = {
			isa = XCSwiftPackageProductDependency;
			package = 5CEFBD1E289DA70A00CD0839 /* XCRemoteSwiftPackageReference "Defaults" */;
			productName = Defaults;
		};
		5CEFBD2A289DABAA00CD0839 /* CocoaLumberjack */ = {
			isa = XCSwiftPackageProductDependency;
			package = 5CEFBD21289DAB8200CD0839 /* XCRemoteSwiftPackageReference "CocoaLumberjack" */;
			productName = CocoaLumberjack;
		};
		5CEFBD2C289DABAA00CD0839 /* CocoaLumberjackSwift */ = {
			isa = XCSwiftPackageProductDependency;
			package = 5CEFBD21289DAB8200CD0839 /* XCRemoteSwiftPackageReference "CocoaLumberjack" */;
			productName = CocoaLumberjackSwift;
		};
		5CEFBD2E289DABAA00CD0839 /* CocoaLumberjackSwiftLogBackend */ = {
			isa = XCSwiftPackageProductDependency;
			package = 5CEFBD21289DAB8200CD0839 /* XCRemoteSwiftPackageReference "CocoaLumberjack" */;
			productName = CocoaLumberjackSwiftLogBackend;
		};
		5CEFBD30289DABB100CD0839 /* SwiftUIX */ = {
			isa = XCSwiftPackageProductDependency;
			package = 5CE3332C289D9B6A00BD6BA4 /* XCRemoteSwiftPackageReference "SwiftUIX" */;
			productName = SwiftUIX;
		};
		5CEFBD32289DABE400CD0839 /* CocoaLumberjack */ = {
			isa = XCSwiftPackageProductDependency;
			package = 5CEFBD21289DAB8200CD0839 /* XCRemoteSwiftPackageReference "CocoaLumberjack" */;
			productName = CocoaLumberjack;
		};
		5CEFBD34289DABE400CD0839 /* CocoaLumberjackSwift */ = {
			isa = XCSwiftPackageProductDependency;
			package = 5CEFBD21289DAB8200CD0839 /* XCRemoteSwiftPackageReference "CocoaLumberjack" */;
			productName = CocoaLumberjackSwift;
		};
		5CEFBD36289DABE400CD0839 /* CocoaLumberjackSwiftLogBackend */ = {
			isa = XCSwiftPackageProductDependency;
			package = 5CEFBD21289DAB8200CD0839 /* XCRemoteSwiftPackageReference "CocoaLumberjack" */;
			productName = CocoaLumberjackSwiftLogBackend;
		};
		5CEFBD38289DABEE00CD0839 /* SwiftUIX */ = {
			isa = XCSwiftPackageProductDependency;
			package = 5CE3332C289D9B6A00BD6BA4 /* XCRemoteSwiftPackageReference "SwiftUIX" */;
			productName = SwiftUIX;
		};
		5CEFBD3A289DABEE00CD0839 /* Defaults */ = {
			isa = XCSwiftPackageProductDependency;
			package = 5CEFBD1E289DA70A00CD0839 /* XCRemoteSwiftPackageReference "Defaults" */;
			productName = Defaults;
		};
/* End XCSwiftPackageProductDependency section */
	};
	rootObject = 5C75826728695DA1001D0C93 /* Project object */;
}
