{
  "pins" : [
    {
      "identity" : "apollo-ios",
      "kind" : "remoteSourceControl",
      "location" : "https://github.com/apollographql/apollo-ios",
      "state" : {
        "revision" : "08a41bad4ebf76ae8e4efebf26862a42084b7786",
        "version" : "0.51.2"
      }
    },
    {
      "identity" : "cocoalumberjack",
      "kind" : "remoteSourceControl",
      "location" : "https://github.com/CocoaLumberjack/CocoaLumberjack.git",
      "state" : {
        "revision" : "80ada1f753b0d53d9b57c465936a7c4169375002",
        "version" : "3.7.4"
      }
    },
    {
      "identity" : "defaults",
      "kind" : "remoteSourceControl",
      "location" : "https://github.com/sindresorhus/Defaults",
      "state" : {
        "branch" : "main",
        "revision" : "981ccb0a01c54abbe3c12ccb8226108527bbf115"
      }
    },
    {
      "identity" : "keychainaccess",
      "kind" : "remoteSourceControl",
      "location" : "https://github.com/kishikawakatsumi/KeychainAccess.git",
      "state" : {
        "revision" : "8d33ffd6f74b3bcfc99af759d4204c6395a3f918",
        "version" : "3.2.1"
      }
    },
    {
      "identity" : "navajo-swift",
      "kind" : "remoteSourceControl",
      "location" : "https://github.com/Wistas23/Navajo-Swift.git",
      "state" : {
        "revision" : "2ae2a9beb8165284b0bf2ace69b0be1ce2661ad4",
        "version" : "2.1.2"
      }
    },
    {
      "identity" : "sqlite.swift",
      "kind" : "remoteSourceControl",
      "location" : "https://github.com/stephencelis/SQLite.swift.git",
      "state" : {
        "revision" : "4d543d811ee644fa4cc4bfa0be996b4dd6ba0f54",
        "version" : "0.13.3"
      }
    },
    {
      "identity" : "swift-log",
      "kind" : "remoteSourceControl",
      "location" : "https://github.com/apple/swift-log.git",
      "state" : {
        "revision" : "5d66f7ba25daf4f94100e7022febf3c75e37a6c7",
        "version" : "1.4.2"
      }
    },
    {
      "identity" : "swiftuix",
      "kind" : "remoteSourceControl",
      "location" : "https://github.com/SwiftUIX/SwiftUIX",
      "state" : {
        "revision" : "889c781539cdd1e6a1111472c711082522aa35c6",
        "version" : "0.1.2"
      }
    }
  ],
  "version" : 2
}
